
Microsoft Visual Studio Solution File, Format Version 9.00
# Visual Studio 2005
Project("{8BC9CEB8-8B4A-11D0-8D11-00A0C91BC942}") = "mfx_common", "..\..\..\..\mfx_lib\shared\mfx_common.vcproj", "{7929E69F-B47F-4A1E-A038-6BE3343CE855}"
	ProjectSection(WebsiteProperties) = preProject
		Debug.AspNetCompiler.Debug = "True"
		Release.AspNetCompiler.Debug = "False"
	EndProjectSection
EndProject
Project("{8BC9CEB8-8B4A-11D0-8D11-00A0C91BC942}") = "color_space_converter", "..\..\codec\color_space_converter\color_space_converter.vcproj", "{57FE8DAC-C7C4-4DF4-9A36-2FEE040DFF38}"
	ProjectSection(WebsiteProperties) = preProject
		Debug.AspNetCompiler.Debug = "True"
		Release.AspNetCompiler.Debug = "False"
	EndProjectSection
EndProject
Project("{8BC9CEB8-8B4A-11D0-8D11-00A0C91BC942}") = "umc", "..\..\core\umc\base_classes.vcproj", "{31991D83-F6A2-49D9-BDC5-64E85D055A1C}"
	ProjectSection(WebsiteProperties) = preProject
		Debug.AspNetCompiler.Debug = "True"
		Release.AspNetCompiler.Debug = "False"
	EndProjectSection
EndProject
Project("{8BC9CEB8-8B4A-11D0-8D11-00A0C91BC942}") = "vm", "..\..\core\vm\vm.vcproj", "{D41D3178-5C65-4868-BDB1-42C44643274E}"
	ProjectSection(WebsiteProperties) = preProject
		Debug.AspNetCompiler.Debug = "True"
		Release.AspNetCompiler.Debug = "False"
	EndProjectSection
EndProject
Project("{8BC9CEB8-8B4A-11D0-8D11-00A0C91BC942}") = "vm_plus", "..\..\core\vm_plus\vm_plus.vcproj", "{04854E7F-2A17-4B40-A14F-4E1D9B1D4785}"
	ProjectSection(WebsiteProperties) = preProject
		Debug.AspNetCompiler.Debug = "True"
		Release.AspNetCompiler.Debug = "False"
	EndProjectSection
EndProject
Project("{8BC9CEB8-8B4A-11D0-8D11-00A0C91BC942}") = "outline_diff", "..\outline_diff\outline_diff.vcproj", "{E6848E48-FECA-1BAD-AD2E-726CD090F5D3}"
	ProjectSection(WebsiteProperties) = preProject
		Debug.AspNetCompiler.Debug = "True"
		Release.AspNetCompiler.Debug = "False"
	EndProjectSection
	ProjectSection(ProjectDependencies) = postProject
		{7F865E62-FECA-1BAD-AF87-E241AD635A1E} = {7F865E62-FECA-1BAD-AF87-E241AD635A1E}
		{D41D3178-5C65-4868-BDB1-42C44643274E} = {D41D3178-5C65-4868-BDB1-42C44643274E}
		{04854E7F-2A17-4B40-A14F-4E1D9B1D4785} = {04854E7F-2A17-4B40-A14F-4E1D9B1D4785}
		{31991D83-F6A2-49D9-BDC5-64E85D055A1C} = {31991D83-F6A2-49D9-BDC5-64E85D055A1C}
	EndProjectSection
EndProject
Project("{8BC9CEB8-8B4A-11D0-8D11-00A0C91BC942}") = "outline", "outline.vcproj", "{7F865E62-FECA-1BAD-AF87-E241AD635A1E}"
	ProjectSection(WebsiteProperties) = preProject
		Debug.AspNetCompiler.Debug = "True"
		Release.AspNetCompiler.Debug = "False"
	EndProjectSection
	ProjectSection(ProjectDependencies) = postProject
		{57FE8DAC-C7C4-4DF4-9A36-2FEE040DFF38} = {57FE8DAC-C7C4-4DF4-9A36-2FEE040DFF38}
		{7929E69F-B47F-4A1E-A038-6BE3343CE855} = {7929E69F-B47F-4A1E-A038-6BE3343CE855}
		{31991D83-F6A2-49D9-BDC5-64E85D055A1C} = {31991D83-F6A2-49D9-BDC5-64E85D055A1C}
		{D41D3178-5C65-4868-BDB1-42C44643274E} = {D41D3178-5C65-4868-BDB1-42C44643274E}
		{04854E7F-2A17-4B40-A14F-4E1D9B1D4785} = {04854E7F-2A17-4B40-A14F-4E1D9B1D4785}
	EndProjectSection
EndProject
Global
	GlobalSection(SolutionConfigurationPlatforms) = preSolution
		Debug|Win32 = Debug|Win32
		Debug|x64 = Debug|x64
		Release|Win32 = Release|Win32
		Release|x64 = Release|x64
	EndGlobalSection
	GlobalSection(ProjectConfigurationPlatforms) = postSolution
		{7929E69F-B47F-4A1E-A038-6BE3343CE855}.Debug|Win32.ActiveCfg = Debug|Win32
		{7929E69F-B47F-4A1E-A038-6BE3343CE855}.Debug|Win32.Build.0 = Debug|Win32
		{7929E69F-B47F-4A1E-A038-6BE3343CE855}.Debug|x64.ActiveCfg = Debug|x64
		{7929E69F-B47F-4A1E-A038-6BE3343CE855}.Debug|x64.Build.0 = Debug|x64
		{7929E69F-B47F-4A1E-A038-6BE3343CE855}.Release|Win32.ActiveCfg = Release|Win32
		{7929E69F-B47F-4A1E-A038-6BE3343CE855}.Release|Win32.Build.0 = Release|Win32
		{7929E69F-B47F-4A1E-A038-6BE3343CE855}.Release|x64.ActiveCfg = Release|x64
		{7929E69F-B47F-4A1E-A038-6BE3343CE855}.Release|x64.Build.0 = Release|x64
		{57FE8DAC-C7C4-4DF4-9A36-2FEE040DFF38}.Debug|Win32.ActiveCfg = debug|Win32
		{57FE8DAC-C7C4-4DF4-9A36-2FEE040DFF38}.Debug|Win32.Build.0 = debug|Win32
		{57FE8DAC-C7C4-4DF4-9A36-2FEE040DFF38}.Debug|x64.ActiveCfg = debug|x64
		{57FE8DAC-C7C4-4DF4-9A36-2FEE040DFF38}.Debug|x64.Build.0 = debug|x64
		{57FE8DAC-C7C4-4DF4-9A36-2FEE040DFF38}.Release|Win32.ActiveCfg = release|Win32
		{57FE8DAC-C7C4-4DF4-9A36-2FEE040DFF38}.Release|Win32.Build.0 = release|Win32
		{57FE8DAC-C7C4-4DF4-9A36-2FEE040DFF38}.Release|x64.ActiveCfg = release|x64
		{57FE8DAC-C7C4-4DF4-9A36-2FEE040DFF38}.Release|x64.Build.0 = release|x64
		{31991D83-F6A2-49D9-BDC5-64E85D055A1C}.Debug|Win32.ActiveCfg = debug|Win32
		{31991D83-F6A2-49D9-BDC5-64E85D055A1C}.Debug|Win32.Build.0 = debug|Win32
		{31991D83-F6A2-49D9-BDC5-64E85D055A1C}.Debug|x64.ActiveCfg = debug|x64
		{31991D83-F6A2-49D9-BDC5-64E85D055A1C}.Debug|x64.Build.0 = debug|x64
		{31991D83-F6A2-49D9-BDC5-64E85D055A1C}.Release|Win32.ActiveCfg = release|Win32
		{31991D83-F6A2-49D9-BDC5-64E85D055A1C}.Release|Win32.Build.0 = release|Win32
		{31991D83-F6A2-49D9-BDC5-64E85D055A1C}.Release|x64.ActiveCfg = release|x64
		{31991D83-F6A2-49D9-BDC5-64E85D055A1C}.Release|x64.Build.0 = release|x64
		{D41D3178-5C65-4868-BDB1-42C44643274E}.Debug|Win32.ActiveCfg = debug|Win32
		{D41D3178-5C65-4868-BDB1-42C44643274E}.Debug|Win32.Build.0 = debug|Win32
		{D41D3178-5C65-4868-BDB1-42C44643274E}.Debug|x64.ActiveCfg = debug|x64
		{D41D3178-5C65-4868-BDB1-42C44643274E}.Debug|x64.Build.0 = debug|x64
		{D41D3178-5C65-4868-BDB1-42C44643274E}.Release|Win32.ActiveCfg = release|Win32
		{D41D3178-5C65-4868-BDB1-42C44643274E}.Release|Win32.Build.0 = release|Win32
		{D41D3178-5C65-4868-BDB1-42C44643274E}.Release|x64.ActiveCfg = release|x64
		{D41D3178-5C65-4868-BDB1-42C44643274E}.Release|x64.Build.0 = release|x64
		{04854E7F-2A17-4B40-A14F-4E1D9B1D4785}.Debug|Win32.ActiveCfg = debug|Win32
		{04854E7F-2A17-4B40-A14F-4E1D9B1D4785}.Debug|Win32.Build.0 = debug|Win32
		{04854E7F-2A17-4B40-A14F-4E1D9B1D4785}.Debug|x64.ActiveCfg = debug|x64
		{04854E7F-2A17-4B40-A14F-4E1D9B1D4785}.Debug|x64.Build.0 = debug|x64
		{04854E7F-2A17-4B40-A14F-4E1D9B1D4785}.Release|Win32.ActiveCfg = release|Win32
		{04854E7F-2A17-4B40-A14F-4E1D9B1D4785}.Release|Win32.Build.0 = release|Win32
		{04854E7F-2A17-4B40-A14F-4E1D9B1D4785}.Release|x64.ActiveCfg = release|x64
		{04854E7F-2A17-4B40-A14F-4E1D9B1D4785}.Release|x64.Build.0 = release|x64
		{E6848E48-FECA-1BAD-AD2E-726CD090F5D3}.Debug|Win32.ActiveCfg = Debug|Win32
		{E6848E48-FECA-1BAD-AD2E-726CD090F5D3}.Debug|Win32.Build.0 = Debug|Win32
		{E6848E48-FECA-1BAD-AD2E-726CD090F5D3}.Debug|x64.ActiveCfg = Debug|x64
		{E6848E48-FECA-1BAD-AD2E-726CD090F5D3}.Debug|x64.Build.0 = Debug|x64
		{E6848E48-FECA-1BAD-AD2E-726CD090F5D3}.Release|Win32.ActiveCfg = Release|Win32
		{E6848E48-FECA-1BAD-AD2E-726CD090F5D3}.Release|Win32.Build.0 = Release|Win32
		{E6848E48-FECA-1BAD-AD2E-726CD090F5D3}.Release|x64.ActiveCfg = Release|x64
		{E6848E48-FECA-1BAD-AD2E-726CD090F5D3}.Release|x64.Build.0 = Release|x64
		{7F865E62-FECA-1BAD-AF87-E241AD635A1E}.Debug|Win32.ActiveCfg = Debug|Win32
		{7F865E62-FECA-1BAD-AF87-E241AD635A1E}.Debug|Win32.Build.0 = Debug|Win32
		{7F865E62-FECA-1BAD-AF87-E241AD635A1E}.Debug|x64.ActiveCfg = Debug|x64
		{7F865E62-FECA-1BAD-AF87-E241AD635A1E}.Debug|x64.Build.0 = Debug|x64
		{7F865E62-FECA-1BAD-AF87-E241AD635A1E}.Release|Win32.ActiveCfg = Release|Win32
		{7F865E62-FECA-1BAD-AF87-E241AD635A1E}.Release|Win32.Build.0 = Release|Win32
		{7F865E62-FECA-1BAD-AF87-E241AD635A1E}.Release|x64.ActiveCfg = Release|x64
		{7F865E62-FECA-1BAD-AF87-E241AD635A1E}.Release|x64.Build.0 = Release|x64
	EndGlobalSection
	GlobalSection(SolutionProperties) = preSolution
		HideSolutionNode = FALSE
	EndGlobalSection
EndGlobal
