
Microsoft Visual Studio Solution File, Format Version 12.00
# Visual Studio 2012
Project("{2150E333-8FDC-42A3-9474-1A3956D46DE8}") = "UMC", "UMC", "{03F908B1-B331-4B8C-9CCC-D88FAAC81551}"
EndProject
Project("{8BC9CEB8-8B4A-11D0-8D11-00A0C91BC942}") = "brc", "brc\brc.vcxproj", "{349FB219-E367-4AFD-B43B-36C580D4ED3D}"
EndProject
Project("{8BC9CEB8-8B4A-11D0-8D11-00A0C91BC942}") = "bsd", "bsd\bsd.vcxproj", "{34CAB135-86FD-4E5D-83B8-F8834DBA56EB}"
	ProjectSection(ProjectDependencies) = postProject
		{C7621C21-A2D0-4604-896D-29F1470D9281} = {C7621C21-A2D0-4604-896D-29F1470D9281}
		{7929E69F-B47F-4A1E-A038-6BE3343CE855} = {7929E69F-B47F-4A1E-A038-6BE3343CE855}
	EndProjectSection
EndProject
Project("{8BC9CEB8-8B4A-11D0-8D11-00A0C91BC942}") = "dec", "dec\dec.vcxproj", "{523209C2-8B6B-419B-9D5A-4441850A2039}"
	ProjectSection(ProjectDependencies) = postProject
		{C7621C21-A2D0-4604-896D-29F1470D9281} = {C7621C21-A2D0-4604-896D-29F1470D9281}
		{7929E69F-B47F-4A1E-A038-6BE3343CE855} = {7929E69F-B47F-4A1E-A038-6BE3343CE855}
	EndProjectSection
EndProject
Project("{8BC9CEB8-8B4A-11D0-8D11-00A0C91BC942}") = "pak", "pak\pak.vcxproj", "{5EA7D17F-AAE3-49C8-B1C6-DE3C36D26559}"
	ProjectSection(ProjectDependencies) = postProject
		{349FB219-E367-4AFD-B43B-36C580D4ED3D} = {349FB219-E367-4AFD-B43B-36C580D4ED3D}
		{7929E69F-B47F-4A1E-A038-6BE3343CE855} = {7929E69F-B47F-4A1E-A038-6BE3343CE855}
	EndProjectSection
EndProject
Project("{8BC9CEB8-8B4A-11D0-8D11-00A0C91BC942}") = "vc1_common", "..\shared\umc\codec\vc1_common\vc1_common.vcxproj", "{326E90FB-F844-4AF1-8CDF-FDCCECEDEB22}"
	ProjectSection(ProjectDependencies) = postProject
		{D41D3178-5C65-4868-BDB1-42C44643274E} = {D41D3178-5C65-4868-BDB1-42C44643274E}
		{04854E7F-2A17-4B40-A14F-4E1D9B1D4785} = {04854E7F-2A17-4B40-A14F-4E1D9B1D4785}
		{31991D83-F6A2-49D9-BDC5-64E85D055A1C} = {31991D83-F6A2-49D9-BDC5-64E85D055A1C}
	EndProjectSection
EndProject
Project("{8BC9CEB8-8B4A-11D0-8D11-00A0C91BC942}") = "vc1_enc", "..\shared\umc\codec\vc1_enc\vc1_enc.vcxproj", "{4FABFD29-1A02-427C-9839-37409616FA12}"
	ProjectSection(ProjectDependencies) = postProject
		{D41D3178-5C65-4868-BDB1-42C44643274E} = {D41D3178-5C65-4868-BDB1-42C44643274E}
		{04854E7F-2A17-4B40-A14F-4E1D9B1D4785} = {04854E7F-2A17-4B40-A14F-4E1D9B1D4785}
		{31991D83-F6A2-49D9-BDC5-64E85D055A1C} = {31991D83-F6A2-49D9-BDC5-64E85D055A1C}
		{C7854F8D-2BAC-4509-939B-4F5F100F1E29} = {C7854F8D-2BAC-4509-939B-4F5F100F1E29}
		{0108C6ED-B93F-4314-B9CD-4592B70C3C05} = {0108C6ED-B93F-4314-B9CD-4592B70C3C05}
		{326E90FB-F844-4AF1-8CDF-FDCCECEDEB22} = {326E90FB-F844-4AF1-8CDF-FDCCECEDEB22}
	EndProjectSection
EndProject
Project("{8BC9CEB8-8B4A-11D0-8D11-00A0C91BC942}") = "me", "..\shared\umc\codec\me\me.vcxproj", "{C7854F8D-2BAC-4509-939B-4F5F100F1E29}"
	ProjectSection(ProjectDependencies) = postProject
		{D41D3178-5C65-4868-BDB1-42C44643274E} = {D41D3178-5C65-4868-BDB1-42C44643274E}
		{04854E7F-2A17-4B40-A14F-4E1D9B1D4785} = {04854E7F-2A17-4B40-A14F-4E1D9B1D4785}
		{31991D83-F6A2-49D9-BDC5-64E85D055A1C} = {31991D83-F6A2-49D9-BDC5-64E85D055A1C}
	EndProjectSection
EndProject
Project("{8BC9CEB8-8B4A-11D0-8D11-00A0C91BC942}") = "vm", "..\shared\umc\core\vm\vm.vcxproj", "{D41D3178-5C65-4868-BDB1-42C44643274E}"
EndProject
Project("{8BC9CEB8-8B4A-11D0-8D11-00A0C91BC942}") = "vm_plus", "..\shared\umc\core\vm_plus\vm_plus.vcxproj", "{04854E7F-2A17-4B40-A14F-4E1D9B1D4785}"
EndProject
Project("{8BC9CEB8-8B4A-11D0-8D11-00A0C91BC942}") = "umc", "..\shared\umc\core\umc\base_classes.vcxproj", "{31991D83-F6A2-49D9-BDC5-64E85D055A1C}"
EndProject
Project("{8BC9CEB8-8B4A-11D0-8D11-00A0C91BC942}") = "scene_analyzer", "..\shared\umc\codec\scene_analyzer\scene_analyzer.vcxproj", "{0108C6ED-B93F-4314-B9CD-4592B70C3C05}"
	ProjectSection(ProjectDependencies) = postProject
		{D41D3178-5C65-4868-BDB1-42C44643274E} = {D41D3178-5C65-4868-BDB1-42C44643274E}
		{04854E7F-2A17-4B40-A14F-4E1D9B1D4785} = {04854E7F-2A17-4B40-A14F-4E1D9B1D4785}
		{31991D83-F6A2-49D9-BDC5-64E85D055A1C} = {31991D83-F6A2-49D9-BDC5-64E85D055A1C}
	EndProjectSection
EndProject
Project("{8BC9CEB8-8B4A-11D0-8D11-00A0C91BC942}") = "vc1_shared", "shared\vc1_shared.vcxproj", "{883EF6C5-2631-472D-AC82-D2AC4F948D9D}"
	ProjectSection(ProjectDependencies) = postProject
		{D41D3178-5C65-4868-BDB1-42C44643274E} = {D41D3178-5C65-4868-BDB1-42C44643274E}
		{04854E7F-2A17-4B40-A14F-4E1D9B1D4785} = {04854E7F-2A17-4B40-A14F-4E1D9B1D4785}
		{31991D83-F6A2-49D9-BDC5-64E85D055A1C} = {31991D83-F6A2-49D9-BDC5-64E85D055A1C}
	EndProjectSection
EndProject
Project("{8BC9CEB8-8B4A-11D0-8D11-00A0C91BC942}") = "mpeg2_dec_hw", "..\shared\umc\codec\mpeg2_dec\mpeg2_dec_hw.vcxproj", "{BCE6A27B-E76F-49F0-AB57-3EF578D948C7}"
	ProjectSection(ProjectDependencies) = postProject
		{D41D3178-5C65-4868-BDB1-42C44643274E} = {D41D3178-5C65-4868-BDB1-42C44643274E}
		{04854E7F-2A17-4B40-A14F-4E1D9B1D4785} = {04854E7F-2A17-4B40-A14F-4E1D9B1D4785}
		{31991D83-F6A2-49D9-BDC5-64E85D055A1C} = {31991D83-F6A2-49D9-BDC5-64E85D055A1C}
		{9BEFD888-5D4D-49FB-BDA0-E5987F4F6FC7} = {9BEFD888-5D4D-49FB-BDA0-E5987F4F6FC7}
	EndProjectSection
EndProject
Project("{8BC9CEB8-8B4A-11D0-8D11-00A0C91BC942}") = "mpeg2_enc", "..\shared\umc\codec\mpeg2_enc\mpeg2_enc.vcxproj", "{3C2E1E62-5CDE-4D3C-9705-900B5A187198}"
	ProjectSection(ProjectDependencies) = postProject
		{D41D3178-5C65-4868-BDB1-42C44643274E} = {D41D3178-5C65-4868-BDB1-42C44643274E}
		{04854E7F-2A17-4B40-A14F-4E1D9B1D4785} = {04854E7F-2A17-4B40-A14F-4E1D9B1D4785}
		{31991D83-F6A2-49D9-BDC5-64E85D055A1C} = {31991D83-F6A2-49D9-BDC5-64E85D055A1C}
	EndProjectSection
EndProject
Project("{8BC9CEB8-8B4A-11D0-8D11-00A0C91BC942}") = "vc1_dec_elk", "..\shared\umc\codec\vc1_dec\vc1_dec_elk.vcxproj", "{5537816B-58D7-4523-8D2C-B0FAC011A1C3}"
	ProjectSection(ProjectDependencies) = postProject
		{D41D3178-5C65-4868-BDB1-42C44643274E} = {D41D3178-5C65-4868-BDB1-42C44643274E}
		{04854E7F-2A17-4B40-A14F-4E1D9B1D4785} = {04854E7F-2A17-4B40-A14F-4E1D9B1D4785}
		{31991D83-F6A2-49D9-BDC5-64E85D055A1C} = {31991D83-F6A2-49D9-BDC5-64E85D055A1C}
		{326E90FB-F844-4AF1-8CDF-FDCCECEDEB22} = {326E90FB-F844-4AF1-8CDF-FDCCECEDEB22}
	EndProjectSection
EndProject
Project("{8BC9CEB8-8B4A-11D0-8D11-00A0C91BC942}") = "color_space_converter_hw", "..\shared\umc\codec\color_space_converter\color_space_converter_hw.vcxproj", "{57FE8DAC-C7C4-4DF4-9A36-2FEE040DFF38}"
EndProject
Project("{8BC9CEB8-8B4A-11D0-8D11-00A0C91BC942}") = "h264_enc", "..\shared\umc\codec\h264_enc\h264_enc.vcxproj", "{35EBE815-8982-4D93-A7D2-FB9F3CFE2E86}"
	ProjectSection(ProjectDependencies) = postProject
		{06768873-9792-4471-9A7F-0D0E37E9DC2D} = {06768873-9792-4471-9A7F-0D0E37E9DC2D}
	EndProjectSection
EndProject
Project("{8BC9CEB8-8B4A-11D0-8D11-00A0C91BC942}") = "mfx_common", "shared\mfx_common.vcxproj", "{7929E69F-B47F-4A1E-A038-6BE3343CE855}"
EndProject
Project("{8BC9CEB8-8B4A-11D0-8D11-00A0C91BC942}") = "media_buffers", "..\shared\umc\io\media_buffers\media_buffers.vcxproj", "{9BEFD888-5D4D-49FB-BDA0-E5987F4F6FC7}"
EndProject
Project("{8BC9CEB8-8B4A-11D0-8D11-00A0C91BC942}") = "h264_dec_hw", "..\shared\umc\codec\h264_dec\h264_dec_hw.vcxproj", "{C7621C21-A2D0-4604-896D-29F1470D9281}"
EndProject
Project("{8BC9CEB8-8B4A-11D0-8D11-00A0C91BC942}") = "vc1_spl", "..\shared\umc\codec\vc1_spl\vc1_spl.vcxproj", "{73D21914-35F0-4F04-ACF0-2A7C1C13BDE5}"
EndProject
Project("{8BC9CEB8-8B4A-11D0-8D11-00A0C91BC942}") = "umc_io", "..\shared\umc\io\umc_io\umc_io.vcxproj", "{8BA23C0C-D2D7-4A5A-B8F9-BA5CA19CBAB7}"
EndProject
Project("{8BC9CEB8-8B4A-11D0-8D11-00A0C91BC942}") = "decode_hw", "decode\decode_hw.vcxproj", "{BD4D6C31-4C13-44D9-8C6F-9D5AEAF830F4}"
EndProject
Project("{8BC9CEB8-8B4A-11D0-8D11-00A0C91BC942}") = "umc_va_elk", "..\shared\umc\io\umc_va\umc_va_elk.vcxproj", "{0E971EE7-4430-47D9-92CD-9822BC664642}"
EndProject
Project("{8BC9CEB8-8B4A-11D0-8D11-00A0C91BC942}") = "bitrate_control", "..\shared\umc\codec\brc\brc.vcxproj", "{06768873-9792-4471-9A7F-0D0E37E9DC2D}"
EndProject
Project("{8BC9CEB8-8B4A-11D0-8D11-00A0C91BC942}") = "encode", "encode\encode.vcxproj", "{694CCCD8-004B-4425-A9F6-9B60B6A85EBA}"
EndProject
Project("{8BC9CEB8-8B4A-11D0-8D11-00A0C91BC942}") = "mfx_trace_hw", "..\shared\mfx_trace\mfx_trace_hw.vcxproj", "{EE93E15E-6A4A-4CC5-8D13-892FBBA5CC5F}"
EndProject
Project("{8BC9CEB8-8B4A-11D0-8D11-00A0C91BC942}") = "libmfxhw", "libmfxhw.vcxproj", "{D719372D-BA13-4730-AFF6-1994B26EFF6C}"
	ProjectSection(ProjectDependencies) = postProject
		{8D456A00-501A-47A9-B3C7-42723A7A82F2} = {8D456A00-501A-47A9-B3C7-42723A7A82F2}
		{8BA23C0C-D2D7-4A5A-B8F9-BA5CA19CBAB7} = {8BA23C0C-D2D7-4A5A-B8F9-BA5CA19CBAB7}
		{73D21914-35F0-4F04-ACF0-2A7C1C13BDE5} = {73D21914-35F0-4F04-ACF0-2A7C1C13BDE5}
		{35EBE815-8982-4D93-A7D2-FB9F3CFE2E86} = {35EBE815-8982-4D93-A7D2-FB9F3CFE2E86}
		{349FB219-E367-4AFD-B43B-36C580D4ED3D} = {349FB219-E367-4AFD-B43B-36C580D4ED3D}
		{E275231A-D535-49F3-B140-F3BB6B1AE56F} = {E275231A-D535-49F3-B140-F3BB6B1AE56F}
		{C7621C21-A2D0-4604-896D-29F1470D9281} = {C7621C21-A2D0-4604-896D-29F1470D9281}
		{4FABFD29-1A02-427C-9839-37409616FA12} = {4FABFD29-1A02-427C-9839-37409616FA12}
		{BD4D6C31-4C13-44D9-8C6F-9D5AEAF830F4} = {BD4D6C31-4C13-44D9-8C6F-9D5AEAF830F4}
		{34CAB135-86FD-4E5D-83B8-F8834DBA56EB} = {34CAB135-86FD-4E5D-83B8-F8834DBA56EB}
		{EE93E15E-6A4A-4CC5-8D13-892FBBA5CC5F} = {EE93E15E-6A4A-4CC5-8D13-892FBBA5CC5F}
		{3C2E1E62-5CDE-4D3C-9705-900B5A187198} = {3C2E1E62-5CDE-4D3C-9705-900B5A187198}
		{5537816B-58D7-4523-8D2C-B0FAC011A1C3} = {5537816B-58D7-4523-8D2C-B0FAC011A1C3}
		{06768873-9792-4471-9A7F-0D0E37E9DC2D} = {06768873-9792-4471-9A7F-0D0E37E9DC2D}
		{80B89175-8E4E-457A-9AA6-F5B2BADFBE85} = {80B89175-8E4E-457A-9AA6-F5B2BADFBE85}
		{D41D3178-5C65-4868-BDB1-42C44643274E} = {D41D3178-5C65-4868-BDB1-42C44643274E}
		{9E0B537B-C1EE-47DD-9E46-C18658C3F543} = {9E0B537B-C1EE-47DD-9E46-C18658C3F543}
		{BCE6A27B-E76F-49F0-AB57-3EF578D948C7} = {BCE6A27B-E76F-49F0-AB57-3EF578D948C7}
		{04854E7F-2A17-4B40-A14F-4E1D9B1D4785} = {04854E7F-2A17-4B40-A14F-4E1D9B1D4785}
		{5EA7D17F-AAE3-49C8-B1C6-DE3C36D26559} = {5EA7D17F-AAE3-49C8-B1C6-DE3C36D26559}
		{31991D83-F6A2-49D9-BDC5-64E85D055A1C} = {31991D83-F6A2-49D9-BDC5-64E85D055A1C}
		{9BEFD888-5D4D-49FB-BDA0-E5987F4F6FC7} = {9BEFD888-5D4D-49FB-BDA0-E5987F4F6FC7}
		{C7854F8D-2BAC-4509-939B-4F5F100F1E29} = {C7854F8D-2BAC-4509-939B-4F5F100F1E29}
		{FE112B8F-036E-4679-B07E-4F6F73C6C3B9} = {FE112B8F-036E-4679-B07E-4F6F73C6C3B9}
		{7929E69F-B47F-4A1E-A038-6BE3343CE855} = {7929E69F-B47F-4A1E-A038-6BE3343CE855}
		{2DB853A8-E4BF-455A-9ED4-ABACAC60CA04} = {2DB853A8-E4BF-455A-9ED4-ABACAC60CA04}
		{57FE8DAC-C7C4-4DF4-9A36-2FEE040DFF38} = {57FE8DAC-C7C4-4DF4-9A36-2FEE040DFF38}
		{18A3F3BC-74D2-4155-9BE1-9B29BB7DB2DB} = {18A3F3BC-74D2-4155-9BE1-9B29BB7DB2DB}
		{523209C2-8B6B-419B-9D5A-4441850A2039} = {523209C2-8B6B-419B-9D5A-4441850A2039}
		{883EF6C5-2631-472D-AC82-D2AC4F948D9D} = {883EF6C5-2631-472D-AC82-D2AC4F948D9D}
		{694CCCD8-004B-4425-A9F6-9B60B6A85EBA} = {694CCCD8-004B-4425-A9F6-9B60B6A85EBA}
		{7A7D88D9-660E-4FDD-A43B-50AE2A27B1B1} = {7A7D88D9-660E-4FDD-A43B-50AE2A27B1B1}
		{0E971EE7-4430-47D9-92CD-9822BC664642} = {0E971EE7-4430-47D9-92CD-9822BC664642}
		{0108C6ED-B93F-4314-B9CD-4592B70C3C05} = {0108C6ED-B93F-4314-B9CD-4592B70C3C05}
		{326E90FB-F844-4AF1-8CDF-FDCCECEDEB22} = {326E90FB-F844-4AF1-8CDF-FDCCECEDEB22}
	EndProjectSection
EndProject
Project("{8BC9CEB8-8B4A-11D0-8D11-00A0C91BC942}") = "vpp_hw", "vpp\vpp_hw.vcxproj", "{8D456A00-501A-47A9-B3C7-42723A7A82F2}"
EndProject
Project("{8BC9CEB8-8B4A-11D0-8D11-00A0C91BC942}") = "encode_hw", "encode_hw\encode_hw.vcxproj", "{2DB853A8-E4BF-455A-9ED4-ABACAC60CA04}"
	ProjectSection(ProjectDependencies) = postProject
		{18A3F3BC-74D2-4155-9BE1-9B29BB7DB2DB} = {18A3F3BC-74D2-4155-9BE1-9B29BB7DB2DB}
	EndProjectSection
EndProject
Project("{8BC9CEB8-8B4A-11D0-8D11-00A0C91BC942}") = "mfx_common_hw", "shared\mfx_common_hw.vcxproj", "{E275231A-D535-49F3-B140-F3BB6B1AE56F}"
EndProject
Project("{8BC9CEB8-8B4A-11D0-8D11-00A0C91BC942}") = "enc_hw", "enc_hw\enc_hw.vcxproj", "{7A7D88D9-660E-4FDD-A43B-50AE2A27B1B1}"
EndProject
Project("{8BC9CEB8-8B4A-11D0-8D11-00A0C91BC942}") = "jpeg_common", "..\shared\umc\codec\jpeg_common\jpeg_common.vcxproj", "{80B89175-8E4E-457A-9AA6-F5B2BADFBE85}"
EndProject
Project("{8BC9CEB8-8B4A-11D0-8D11-00A0C91BC942}") = "jpeg_dec_hw", "..\shared\umc\codec\jpeg_dec\jpeg_dec_hw.vcxproj", "{9E0B537B-C1EE-47DD-9E46-C18658C3F543}"
EndProject
Project("{8BC9CEB8-8B4A-11D0-8D11-00A0C91BC942}") = "jpeg_enc", "..\shared\umc\codec\jpeg_enc\jpeg_enc.vcxproj", "{FE112B8F-036E-4679-B07E-4F6F73C6C3B9}"
EndProject
Project("{2150E333-8FDC-42A3-9474-1A3956D46DE8}") = "Solution Items", "Solution Items", "{C0927888-B753-416A-9B9A-E0C5F430101D}"
	ProjectSection(SolutionItems) = preProject
		Intel.Mfx.Common.props = Intel.Mfx.Common.props
		Intel.Mfx.StaticLib.props = Intel.Mfx.StaticLib.props
	EndProjectSection
EndProject
Project("{8BC9CEB8-8B4A-11D0-8D11-00A0C91BC942}") = "vp8_libvpx", "..\..\thirdparty\vp8_libvpx.vcxproj", "{18A3F3BC-74D2-4155-9BE1-9B29BB7DB2DB}"
EndProject
Project("{8BC9CEB8-8B4A-11D0-8D11-00A0C91BC942}") = "vp8_dec_hw", "..\shared\umc\codec\vp8_dec\vp8_dec_hw.vcxproj", "{EBAF2767-B73D-43FB-AAAE-1698484B7C27}"
EndProject
Project("{8BC9CEB8-8B4A-11D0-8D11-00A0C91BC942}") = "genx_h264_encode_embeded", "genx\h264_encode\genx_h264_encode_embeded.vcxproj", "{8554E7C5-92FF-45F6-B9B4-A447EFAED15C}"
EndProject
Global
	GlobalSection(SolutionConfigurationPlatforms) = preSolution
		Debug_HSW_Emu|Win32 = Debug_HSW_Emu|Win32
		Debug_HSW_Emu|x64 = Debug_HSW_Emu|x64
		Debug|Win32 = Debug|Win32
		Debug|x64 = Debug|x64
		Release|Win32 = Release|Win32
		Release|x64 = Release|x64
	EndGlobalSection
	GlobalSection(ProjectConfigurationPlatforms) = postSolution
		{349FB219-E367-4AFD-B43B-36C580D4ED3D}.Debug_HSW_Emu|Win32.ActiveCfg = Debug|x64
		{349FB219-E367-4AFD-B43B-36C580D4ED3D}.Debug_HSW_Emu|x64.ActiveCfg = Debug|x64
		{349FB219-E367-4AFD-B43B-36C580D4ED3D}.Debug_HSW_Emu|x64.Build.0 = Debug|x64
		{349FB219-E367-4AFD-B43B-36C580D4ED3D}.Debug|Win32.ActiveCfg = Debug|Win32
		{349FB219-E367-4AFD-B43B-36C580D4ED3D}.Debug|Win32.Build.0 = Debug|Win32
		{349FB219-E367-4AFD-B43B-36C580D4ED3D}.Debug|x64.ActiveCfg = Debug|x64
		{349FB219-E367-4AFD-B43B-36C580D4ED3D}.Debug|x64.Build.0 = Debug|x64
		{349FB219-E367-4AFD-B43B-36C580D4ED3D}.Release|Win32.ActiveCfg = Release|Win32
		{349FB219-E367-4AFD-B43B-36C580D4ED3D}.Release|Win32.Build.0 = Release|Win32
		{349FB219-E367-4AFD-B43B-36C580D4ED3D}.Release|x64.ActiveCfg = Release|x64
		{349FB219-E367-4AFD-B43B-36C580D4ED3D}.Release|x64.Build.0 = Release|x64
		{34CAB135-86FD-4E5D-83B8-F8834DBA56EB}.Debug_HSW_Emu|Win32.ActiveCfg = Debug|x64
		{34CAB135-86FD-4E5D-83B8-F8834DBA56EB}.Debug_HSW_Emu|x64.ActiveCfg = Debug|x64
		{34CAB135-86FD-4E5D-83B8-F8834DBA56EB}.Debug_HSW_Emu|x64.Build.0 = Debug|x64
		{34CAB135-86FD-4E5D-83B8-F8834DBA56EB}.Debug|Win32.ActiveCfg = Debug|Win32
		{34CAB135-86FD-4E5D-83B8-F8834DBA56EB}.Debug|Win32.Build.0 = Debug|Win32
		{34CAB135-86FD-4E5D-83B8-F8834DBA56EB}.Debug|x64.ActiveCfg = Debug|x64
		{34CAB135-86FD-4E5D-83B8-F8834DBA56EB}.Debug|x64.Build.0 = Debug|x64
		{34CAB135-86FD-4E5D-83B8-F8834DBA56EB}.Release|Win32.ActiveCfg = Release|Win32
		{34CAB135-86FD-4E5D-83B8-F8834DBA56EB}.Release|Win32.Build.0 = Release|Win32
		{34CAB135-86FD-4E5D-83B8-F8834DBA56EB}.Release|x64.ActiveCfg = Release|x64
		{34CAB135-86FD-4E5D-83B8-F8834DBA56EB}.Release|x64.Build.0 = Release|x64
		{523209C2-8B6B-419B-9D5A-4441850A2039}.Debug_HSW_Emu|Win32.ActiveCfg = Debug|x64
		{523209C2-8B6B-419B-9D5A-4441850A2039}.Debug_HSW_Emu|x64.ActiveCfg = Debug|x64
		{523209C2-8B6B-419B-9D5A-4441850A2039}.Debug_HSW_Emu|x64.Build.0 = Debug|x64
		{523209C2-8B6B-419B-9D5A-4441850A2039}.Debug|Win32.ActiveCfg = Debug|Win32
		{523209C2-8B6B-419B-9D5A-4441850A2039}.Debug|Win32.Build.0 = Debug|Win32
		{523209C2-8B6B-419B-9D5A-4441850A2039}.Debug|x64.ActiveCfg = Debug|x64
		{523209C2-8B6B-419B-9D5A-4441850A2039}.Debug|x64.Build.0 = Debug|x64
		{523209C2-8B6B-419B-9D5A-4441850A2039}.Release|Win32.ActiveCfg = Release|Win32
		{523209C2-8B6B-419B-9D5A-4441850A2039}.Release|Win32.Build.0 = Release|Win32
		{523209C2-8B6B-419B-9D5A-4441850A2039}.Release|x64.ActiveCfg = Release|x64
		{523209C2-8B6B-419B-9D5A-4441850A2039}.Release|x64.Build.0 = Release|x64
		{5EA7D17F-AAE3-49C8-B1C6-DE3C36D26559}.Debug_HSW_Emu|Win32.ActiveCfg = Debug|x64
		{5EA7D17F-AAE3-49C8-B1C6-DE3C36D26559}.Debug_HSW_Emu|x64.ActiveCfg = Debug|x64
		{5EA7D17F-AAE3-49C8-B1C6-DE3C36D26559}.Debug_HSW_Emu|x64.Build.0 = Debug|x64
		{5EA7D17F-AAE3-49C8-B1C6-DE3C36D26559}.Debug|Win32.ActiveCfg = Debug|Win32
		{5EA7D17F-AAE3-49C8-B1C6-DE3C36D26559}.Debug|Win32.Build.0 = Debug|Win32
		{5EA7D17F-AAE3-49C8-B1C6-DE3C36D26559}.Debug|x64.ActiveCfg = Debug|x64
		{5EA7D17F-AAE3-49C8-B1C6-DE3C36D26559}.Debug|x64.Build.0 = Debug|x64
		{5EA7D17F-AAE3-49C8-B1C6-DE3C36D26559}.Release|Win32.ActiveCfg = Release|Win32
		{5EA7D17F-AAE3-49C8-B1C6-DE3C36D26559}.Release|Win32.Build.0 = Release|Win32
		{5EA7D17F-AAE3-49C8-B1C6-DE3C36D26559}.Release|x64.ActiveCfg = Release|x64
		{5EA7D17F-AAE3-49C8-B1C6-DE3C36D26559}.Release|x64.Build.0 = Release|x64
		{326E90FB-F844-4AF1-8CDF-FDCCECEDEB22}.Debug_HSW_Emu|Win32.ActiveCfg = debug|x64
		{326E90FB-F844-4AF1-8CDF-FDCCECEDEB22}.Debug_HSW_Emu|x64.ActiveCfg = debug|x64
		{326E90FB-F844-4AF1-8CDF-FDCCECEDEB22}.Debug_HSW_Emu|x64.Build.0 = debug|x64
		{326E90FB-F844-4AF1-8CDF-FDCCECEDEB22}.Debug|Win32.ActiveCfg = debug|Win32
		{326E90FB-F844-4AF1-8CDF-FDCCECEDEB22}.Debug|Win32.Build.0 = debug|Win32
		{326E90FB-F844-4AF1-8CDF-FDCCECEDEB22}.Debug|x64.ActiveCfg = debug|x64
		{326E90FB-F844-4AF1-8CDF-FDCCECEDEB22}.Debug|x64.Build.0 = debug|x64
		{326E90FB-F844-4AF1-8CDF-FDCCECEDEB22}.Release|Win32.ActiveCfg = release|Win32
		{326E90FB-F844-4AF1-8CDF-FDCCECEDEB22}.Release|Win32.Build.0 = release|Win32
		{326E90FB-F844-4AF1-8CDF-FDCCECEDEB22}.Release|x64.ActiveCfg = release|x64
		{326E90FB-F844-4AF1-8CDF-FDCCECEDEB22}.Release|x64.Build.0 = release|x64
		{4FABFD29-1A02-427C-9839-37409616FA12}.Debug_HSW_Emu|Win32.ActiveCfg = debug|x64
		{4FABFD29-1A02-427C-9839-37409616FA12}.Debug_HSW_Emu|x64.ActiveCfg = debug|x64
		{4FABFD29-1A02-427C-9839-37409616FA12}.Debug_HSW_Emu|x64.Build.0 = debug|x64
		{4FABFD29-1A02-427C-9839-37409616FA12}.Debug|Win32.ActiveCfg = debug|Win32
		{4FABFD29-1A02-427C-9839-37409616FA12}.Debug|Win32.Build.0 = debug|Win32
		{4FABFD29-1A02-427C-9839-37409616FA12}.Debug|x64.ActiveCfg = debug|x64
		{4FABFD29-1A02-427C-9839-37409616FA12}.Debug|x64.Build.0 = debug|x64
		{4FABFD29-1A02-427C-9839-37409616FA12}.Release|Win32.ActiveCfg = release|Win32
		{4FABFD29-1A02-427C-9839-37409616FA12}.Release|Win32.Build.0 = release|Win32
		{4FABFD29-1A02-427C-9839-37409616FA12}.Release|x64.ActiveCfg = release|x64
		{4FABFD29-1A02-427C-9839-37409616FA12}.Release|x64.Build.0 = release|x64
		{C7854F8D-2BAC-4509-939B-4F5F100F1E29}.Debug_HSW_Emu|Win32.ActiveCfg = debug|x64
		{C7854F8D-2BAC-4509-939B-4F5F100F1E29}.Debug_HSW_Emu|x64.ActiveCfg = debug|x64
		{C7854F8D-2BAC-4509-939B-4F5F100F1E29}.Debug_HSW_Emu|x64.Build.0 = debug|x64
		{C7854F8D-2BAC-4509-939B-4F5F100F1E29}.Debug|Win32.ActiveCfg = debug|Win32
		{C7854F8D-2BAC-4509-939B-4F5F100F1E29}.Debug|Win32.Build.0 = debug|Win32
		{C7854F8D-2BAC-4509-939B-4F5F100F1E29}.Debug|x64.ActiveCfg = debug|x64
		{C7854F8D-2BAC-4509-939B-4F5F100F1E29}.Debug|x64.Build.0 = debug|x64
		{C7854F8D-2BAC-4509-939B-4F5F100F1E29}.Release|Win32.ActiveCfg = release|Win32
		{C7854F8D-2BAC-4509-939B-4F5F100F1E29}.Release|Win32.Build.0 = release|Win32
		{C7854F8D-2BAC-4509-939B-4F5F100F1E29}.Release|x64.ActiveCfg = release|x64
		{C7854F8D-2BAC-4509-939B-4F5F100F1E29}.Release|x64.Build.0 = release|x64
		{D41D3178-5C65-4868-BDB1-42C44643274E}.Debug_HSW_Emu|Win32.ActiveCfg = debug|x64
		{D41D3178-5C65-4868-BDB1-42C44643274E}.Debug_HSW_Emu|x64.ActiveCfg = debug|x64
		{D41D3178-5C65-4868-BDB1-42C44643274E}.Debug_HSW_Emu|x64.Build.0 = debug|x64
		{D41D3178-5C65-4868-BDB1-42C44643274E}.Debug|Win32.ActiveCfg = debug|Win32
		{D41D3178-5C65-4868-BDB1-42C44643274E}.Debug|Win32.Build.0 = debug|Win32
		{D41D3178-5C65-4868-BDB1-42C44643274E}.Debug|x64.ActiveCfg = debug|x64
		{D41D3178-5C65-4868-BDB1-42C44643274E}.Debug|x64.Build.0 = debug|x64
		{D41D3178-5C65-4868-BDB1-42C44643274E}.Release|Win32.ActiveCfg = release|Win32
		{D41D3178-5C65-4868-BDB1-42C44643274E}.Release|Win32.Build.0 = release|Win32
		{D41D3178-5C65-4868-BDB1-42C44643274E}.Release|x64.ActiveCfg = release|x64
		{D41D3178-5C65-4868-BDB1-42C44643274E}.Release|x64.Build.0 = release|x64
		{04854E7F-2A17-4B40-A14F-4E1D9B1D4785}.Debug_HSW_Emu|Win32.ActiveCfg = debug|x64
		{04854E7F-2A17-4B40-A14F-4E1D9B1D4785}.Debug_HSW_Emu|x64.ActiveCfg = debug|x64
		{04854E7F-2A17-4B40-A14F-4E1D9B1D4785}.Debug_HSW_Emu|x64.Build.0 = debug|x64
		{04854E7F-2A17-4B40-A14F-4E1D9B1D4785}.Debug|Win32.ActiveCfg = debug|Win32
		{04854E7F-2A17-4B40-A14F-4E1D9B1D4785}.Debug|Win32.Build.0 = debug|Win32
		{04854E7F-2A17-4B40-A14F-4E1D9B1D4785}.Debug|x64.ActiveCfg = debug|x64
		{04854E7F-2A17-4B40-A14F-4E1D9B1D4785}.Debug|x64.Build.0 = debug|x64
		{04854E7F-2A17-4B40-A14F-4E1D9B1D4785}.Release|Win32.ActiveCfg = release|Win32
		{04854E7F-2A17-4B40-A14F-4E1D9B1D4785}.Release|Win32.Build.0 = release|Win32
		{04854E7F-2A17-4B40-A14F-4E1D9B1D4785}.Release|x64.ActiveCfg = release|x64
		{04854E7F-2A17-4B40-A14F-4E1D9B1D4785}.Release|x64.Build.0 = release|x64
		{31991D83-F6A2-49D9-BDC5-64E85D055A1C}.Debug_HSW_Emu|Win32.ActiveCfg = debug|x64
		{31991D83-F6A2-49D9-BDC5-64E85D055A1C}.Debug_HSW_Emu|x64.ActiveCfg = debug|x64
		{31991D83-F6A2-49D9-BDC5-64E85D055A1C}.Debug_HSW_Emu|x64.Build.0 = debug|x64
		{31991D83-F6A2-49D9-BDC5-64E85D055A1C}.Debug|Win32.ActiveCfg = debug|Win32
		{31991D83-F6A2-49D9-BDC5-64E85D055A1C}.Debug|Win32.Build.0 = debug|Win32
		{31991D83-F6A2-49D9-BDC5-64E85D055A1C}.Debug|x64.ActiveCfg = debug|x64
		{31991D83-F6A2-49D9-BDC5-64E85D055A1C}.Debug|x64.Build.0 = debug|x64
		{31991D83-F6A2-49D9-BDC5-64E85D055A1C}.Release|Win32.ActiveCfg = release|Win32
		{31991D83-F6A2-49D9-BDC5-64E85D055A1C}.Release|Win32.Build.0 = release|Win32
		{31991D83-F6A2-49D9-BDC5-64E85D055A1C}.Release|x64.ActiveCfg = release|x64
		{31991D83-F6A2-49D9-BDC5-64E85D055A1C}.Release|x64.Build.0 = release|x64
		{0108C6ED-B93F-4314-B9CD-4592B70C3C05}.Debug_HSW_Emu|Win32.ActiveCfg = debug|x64
		{0108C6ED-B93F-4314-B9CD-4592B70C3C05}.Debug_HSW_Emu|x64.ActiveCfg = debug|x64
		{0108C6ED-B93F-4314-B9CD-4592B70C3C05}.Debug_HSW_Emu|x64.Build.0 = debug|x64
		{0108C6ED-B93F-4314-B9CD-4592B70C3C05}.Debug|Win32.ActiveCfg = debug|Win32
		{0108C6ED-B93F-4314-B9CD-4592B70C3C05}.Debug|Win32.Build.0 = debug|Win32
		{0108C6ED-B93F-4314-B9CD-4592B70C3C05}.Debug|x64.ActiveCfg = debug|x64
		{0108C6ED-B93F-4314-B9CD-4592B70C3C05}.Debug|x64.Build.0 = debug|x64
		{0108C6ED-B93F-4314-B9CD-4592B70C3C05}.Release|Win32.ActiveCfg = release|Win32
		{0108C6ED-B93F-4314-B9CD-4592B70C3C05}.Release|Win32.Build.0 = release|Win32
		{0108C6ED-B93F-4314-B9CD-4592B70C3C05}.Release|x64.ActiveCfg = release|x64
		{0108C6ED-B93F-4314-B9CD-4592B70C3C05}.Release|x64.Build.0 = release|x64
		{883EF6C5-2631-472D-AC82-D2AC4F948D9D}.Debug_HSW_Emu|Win32.ActiveCfg = Debug|x64
		{883EF6C5-2631-472D-AC82-D2AC4F948D9D}.Debug_HSW_Emu|x64.ActiveCfg = Debug|x64
		{883EF6C5-2631-472D-AC82-D2AC4F948D9D}.Debug_HSW_Emu|x64.Build.0 = Debug|x64
		{883EF6C5-2631-472D-AC82-D2AC4F948D9D}.Debug|Win32.ActiveCfg = Debug|Win32
		{883EF6C5-2631-472D-AC82-D2AC4F948D9D}.Debug|Win32.Build.0 = Debug|Win32
		{883EF6C5-2631-472D-AC82-D2AC4F948D9D}.Debug|x64.ActiveCfg = Debug|x64
		{883EF6C5-2631-472D-AC82-D2AC4F948D9D}.Debug|x64.Build.0 = Debug|x64
		{883EF6C5-2631-472D-AC82-D2AC4F948D9D}.Release|Win32.ActiveCfg = Release|Win32
		{883EF6C5-2631-472D-AC82-D2AC4F948D9D}.Release|Win32.Build.0 = Release|Win32
		{883EF6C5-2631-472D-AC82-D2AC4F948D9D}.Release|x64.ActiveCfg = Release|x64
		{883EF6C5-2631-472D-AC82-D2AC4F948D9D}.Release|x64.Build.0 = Release|x64
		{BCE6A27B-E76F-49F0-AB57-3EF578D948C7}.Debug_HSW_Emu|Win32.ActiveCfg = debug|x64
		{BCE6A27B-E76F-49F0-AB57-3EF578D948C7}.Debug_HSW_Emu|x64.ActiveCfg = debug|x64
		{BCE6A27B-E76F-49F0-AB57-3EF578D948C7}.Debug_HSW_Emu|x64.Build.0 = debug|x64
		{BCE6A27B-E76F-49F0-AB57-3EF578D948C7}.Debug|Win32.ActiveCfg = debug|Win32
		{BCE6A27B-E76F-49F0-AB57-3EF578D948C7}.Debug|Win32.Build.0 = debug|Win32
		{BCE6A27B-E76F-49F0-AB57-3EF578D948C7}.Debug|x64.ActiveCfg = debug|x64
		{BCE6A27B-E76F-49F0-AB57-3EF578D948C7}.Debug|x64.Build.0 = debug|x64
		{BCE6A27B-E76F-49F0-AB57-3EF578D948C7}.Release|Win32.ActiveCfg = release|Win32
		{BCE6A27B-E76F-49F0-AB57-3EF578D948C7}.Release|Win32.Build.0 = release|Win32
		{BCE6A27B-E76F-49F0-AB57-3EF578D948C7}.Release|x64.ActiveCfg = release|x64
		{BCE6A27B-E76F-49F0-AB57-3EF578D948C7}.Release|x64.Build.0 = release|x64
		{3C2E1E62-5CDE-4D3C-9705-900B5A187198}.Debug_HSW_Emu|Win32.ActiveCfg = debug|x64
		{3C2E1E62-5CDE-4D3C-9705-900B5A187198}.Debug_HSW_Emu|x64.ActiveCfg = debug|x64
		{3C2E1E62-5CDE-4D3C-9705-900B5A187198}.Debug_HSW_Emu|x64.Build.0 = debug|x64
		{3C2E1E62-5CDE-4D3C-9705-900B5A187198}.Debug|Win32.ActiveCfg = debug|Win32
		{3C2E1E62-5CDE-4D3C-9705-900B5A187198}.Debug|Win32.Build.0 = debug|Win32
		{3C2E1E62-5CDE-4D3C-9705-900B5A187198}.Debug|x64.ActiveCfg = debug|x64
		{3C2E1E62-5CDE-4D3C-9705-900B5A187198}.Debug|x64.Build.0 = debug|x64
		{3C2E1E62-5CDE-4D3C-9705-900B5A187198}.Release|Win32.ActiveCfg = release|Win32
		{3C2E1E62-5CDE-4D3C-9705-900B5A187198}.Release|Win32.Build.0 = release|Win32
		{3C2E1E62-5CDE-4D3C-9705-900B5A187198}.Release|x64.ActiveCfg = release|x64
		{3C2E1E62-5CDE-4D3C-9705-900B5A187198}.Release|x64.Build.0 = release|x64
		{5537816B-58D7-4523-8D2C-B0FAC011A1C3}.Debug_HSW_Emu|Win32.ActiveCfg = debug|x64
		{5537816B-58D7-4523-8D2C-B0FAC011A1C3}.Debug_HSW_Emu|x64.ActiveCfg = debug|x64
		{5537816B-58D7-4523-8D2C-B0FAC011A1C3}.Debug_HSW_Emu|x64.Build.0 = debug|x64
		{5537816B-58D7-4523-8D2C-B0FAC011A1C3}.Debug|Win32.ActiveCfg = debug|Win32
		{5537816B-58D7-4523-8D2C-B0FAC011A1C3}.Debug|Win32.Build.0 = debug|Win32
		{5537816B-58D7-4523-8D2C-B0FAC011A1C3}.Debug|x64.ActiveCfg = debug|x64
		{5537816B-58D7-4523-8D2C-B0FAC011A1C3}.Debug|x64.Build.0 = debug|x64
		{5537816B-58D7-4523-8D2C-B0FAC011A1C3}.Release|Win32.ActiveCfg = release|Win32
		{5537816B-58D7-4523-8D2C-B0FAC011A1C3}.Release|Win32.Build.0 = release|Win32
		{5537816B-58D7-4523-8D2C-B0FAC011A1C3}.Release|x64.ActiveCfg = release|x64
		{5537816B-58D7-4523-8D2C-B0FAC011A1C3}.Release|x64.Build.0 = release|x64
		{57FE8DAC-C7C4-4DF4-9A36-2FEE040DFF38}.Debug_HSW_Emu|Win32.ActiveCfg = debug|x64
		{57FE8DAC-C7C4-4DF4-9A36-2FEE040DFF38}.Debug_HSW_Emu|x64.ActiveCfg = debug|x64
		{57FE8DAC-C7C4-4DF4-9A36-2FEE040DFF38}.Debug_HSW_Emu|x64.Build.0 = debug|x64
		{57FE8DAC-C7C4-4DF4-9A36-2FEE040DFF38}.Debug|Win32.ActiveCfg = debug|Win32
		{57FE8DAC-C7C4-4DF4-9A36-2FEE040DFF38}.Debug|Win32.Build.0 = debug|Win32
		{57FE8DAC-C7C4-4DF4-9A36-2FEE040DFF38}.Debug|x64.ActiveCfg = debug|x64
		{57FE8DAC-C7C4-4DF4-9A36-2FEE040DFF38}.Debug|x64.Build.0 = debug|x64
		{57FE8DAC-C7C4-4DF4-9A36-2FEE040DFF38}.Release|Win32.ActiveCfg = release|Win32
		{57FE8DAC-C7C4-4DF4-9A36-2FEE040DFF38}.Release|Win32.Build.0 = release|Win32
		{57FE8DAC-C7C4-4DF4-9A36-2FEE040DFF38}.Release|x64.ActiveCfg = release|x64
		{57FE8DAC-C7C4-4DF4-9A36-2FEE040DFF38}.Release|x64.Build.0 = release|x64
		{35EBE815-8982-4D93-A7D2-FB9F3CFE2E86}.Debug_HSW_Emu|Win32.ActiveCfg = debug|x64
		{35EBE815-8982-4D93-A7D2-FB9F3CFE2E86}.Debug_HSW_Emu|x64.ActiveCfg = debug|x64
		{35EBE815-8982-4D93-A7D2-FB9F3CFE2E86}.Debug_HSW_Emu|x64.Build.0 = debug|x64
		{35EBE815-8982-4D93-A7D2-FB9F3CFE2E86}.Debug|Win32.ActiveCfg = debug|Win32
		{35EBE815-8982-4D93-A7D2-FB9F3CFE2E86}.Debug|Win32.Build.0 = debug|Win32
		{35EBE815-8982-4D93-A7D2-FB9F3CFE2E86}.Debug|x64.ActiveCfg = debug|x64
		{35EBE815-8982-4D93-A7D2-FB9F3CFE2E86}.Debug|x64.Build.0 = debug|x64
		{35EBE815-8982-4D93-A7D2-FB9F3CFE2E86}.Release|Win32.ActiveCfg = release|Win32
		{35EBE815-8982-4D93-A7D2-FB9F3CFE2E86}.Release|Win32.Build.0 = release|Win32
		{35EBE815-8982-4D93-A7D2-FB9F3CFE2E86}.Release|x64.ActiveCfg = release|x64
		{35EBE815-8982-4D93-A7D2-FB9F3CFE2E86}.Release|x64.Build.0 = release|x64
		{7929E69F-B47F-4A1E-A038-6BE3343CE855}.Debug_HSW_Emu|Win32.ActiveCfg = Debug|x64
		{7929E69F-B47F-4A1E-A038-6BE3343CE855}.Debug_HSW_Emu|x64.ActiveCfg = Debug|x64
		{7929E69F-B47F-4A1E-A038-6BE3343CE855}.Debug_HSW_Emu|x64.Build.0 = Debug|x64
		{7929E69F-B47F-4A1E-A038-6BE3343CE855}.Debug|Win32.ActiveCfg = Debug|Win32
		{7929E69F-B47F-4A1E-A038-6BE3343CE855}.Debug|Win32.Build.0 = Debug|Win32
		{7929E69F-B47F-4A1E-A038-6BE3343CE855}.Debug|x64.ActiveCfg = Debug|x64
		{7929E69F-B47F-4A1E-A038-6BE3343CE855}.Debug|x64.Build.0 = Debug|x64
		{7929E69F-B47F-4A1E-A038-6BE3343CE855}.Release|Win32.ActiveCfg = Release|Win32
		{7929E69F-B47F-4A1E-A038-6BE3343CE855}.Release|Win32.Build.0 = Release|Win32
		{7929E69F-B47F-4A1E-A038-6BE3343CE855}.Release|x64.ActiveCfg = Release|x64
		{7929E69F-B47F-4A1E-A038-6BE3343CE855}.Release|x64.Build.0 = Release|x64
		{9BEFD888-5D4D-49FB-BDA0-E5987F4F6FC7}.Debug_HSW_Emu|Win32.ActiveCfg = debug|x64
		{9BEFD888-5D4D-49FB-BDA0-E5987F4F6FC7}.Debug_HSW_Emu|x64.ActiveCfg = debug|x64
		{9BEFD888-5D4D-49FB-BDA0-E5987F4F6FC7}.Debug_HSW_Emu|x64.Build.0 = debug|x64
		{9BEFD888-5D4D-49FB-BDA0-E5987F4F6FC7}.Debug|Win32.ActiveCfg = debug|Win32
		{9BEFD888-5D4D-49FB-BDA0-E5987F4F6FC7}.Debug|Win32.Build.0 = debug|Win32
		{9BEFD888-5D4D-49FB-BDA0-E5987F4F6FC7}.Debug|x64.ActiveCfg = debug|x64
		{9BEFD888-5D4D-49FB-BDA0-E5987F4F6FC7}.Debug|x64.Build.0 = debug|x64
		{9BEFD888-5D4D-49FB-BDA0-E5987F4F6FC7}.Release|Win32.ActiveCfg = release|Win32
		{9BEFD888-5D4D-49FB-BDA0-E5987F4F6FC7}.Release|Win32.Build.0 = release|Win32
		{9BEFD888-5D4D-49FB-BDA0-E5987F4F6FC7}.Release|x64.ActiveCfg = release|x64
		{9BEFD888-5D4D-49FB-BDA0-E5987F4F6FC7}.Release|x64.Build.0 = release|x64
		{C7621C21-A2D0-4604-896D-29F1470D9281}.Debug_HSW_Emu|Win32.ActiveCfg = debug|x64
		{C7621C21-A2D0-4604-896D-29F1470D9281}.Debug_HSW_Emu|x64.ActiveCfg = debug|x64
		{C7621C21-A2D0-4604-896D-29F1470D9281}.Debug_HSW_Emu|x64.Build.0 = debug|x64
		{C7621C21-A2D0-4604-896D-29F1470D9281}.Debug|Win32.ActiveCfg = debug|Win32
		{C7621C21-A2D0-4604-896D-29F1470D9281}.Debug|Win32.Build.0 = debug|Win32
		{C7621C21-A2D0-4604-896D-29F1470D9281}.Debug|x64.ActiveCfg = debug|x64
		{C7621C21-A2D0-4604-896D-29F1470D9281}.Debug|x64.Build.0 = debug|x64
		{C7621C21-A2D0-4604-896D-29F1470D9281}.Release|Win32.ActiveCfg = release|Win32
		{C7621C21-A2D0-4604-896D-29F1470D9281}.Release|Win32.Build.0 = release|Win32
		{C7621C21-A2D0-4604-896D-29F1470D9281}.Release|x64.ActiveCfg = release|x64
		{C7621C21-A2D0-4604-896D-29F1470D9281}.Release|x64.Build.0 = release|x64
		{73D21914-35F0-4F04-ACF0-2A7C1C13BDE5}.Debug_HSW_Emu|Win32.ActiveCfg = debug|x64
		{73D21914-35F0-4F04-ACF0-2A7C1C13BDE5}.Debug_HSW_Emu|x64.ActiveCfg = debug|x64
		{73D21914-35F0-4F04-ACF0-2A7C1C13BDE5}.Debug_HSW_Emu|x64.Build.0 = debug|x64
		{73D21914-35F0-4F04-ACF0-2A7C1C13BDE5}.Debug|Win32.ActiveCfg = debug|Win32
		{73D21914-35F0-4F04-ACF0-2A7C1C13BDE5}.Debug|Win32.Build.0 = debug|Win32
		{73D21914-35F0-4F04-ACF0-2A7C1C13BDE5}.Debug|x64.ActiveCfg = debug|x64
		{73D21914-35F0-4F04-ACF0-2A7C1C13BDE5}.Debug|x64.Build.0 = debug|x64
		{73D21914-35F0-4F04-ACF0-2A7C1C13BDE5}.Release|Win32.ActiveCfg = release|Win32
		{73D21914-35F0-4F04-ACF0-2A7C1C13BDE5}.Release|Win32.Build.0 = release|Win32
		{73D21914-35F0-4F04-ACF0-2A7C1C13BDE5}.Release|x64.ActiveCfg = release|x64
		{73D21914-35F0-4F04-ACF0-2A7C1C13BDE5}.Release|x64.Build.0 = release|x64
		{8BA23C0C-D2D7-4A5A-B8F9-BA5CA19CBAB7}.Debug_HSW_Emu|Win32.ActiveCfg = debug|x64
		{8BA23C0C-D2D7-4A5A-B8F9-BA5CA19CBAB7}.Debug_HSW_Emu|x64.ActiveCfg = debug|x64
		{8BA23C0C-D2D7-4A5A-B8F9-BA5CA19CBAB7}.Debug_HSW_Emu|x64.Build.0 = debug|x64
		{8BA23C0C-D2D7-4A5A-B8F9-BA5CA19CBAB7}.Debug|Win32.ActiveCfg = debug|Win32
		{8BA23C0C-D2D7-4A5A-B8F9-BA5CA19CBAB7}.Debug|Win32.Build.0 = debug|Win32
		{8BA23C0C-D2D7-4A5A-B8F9-BA5CA19CBAB7}.Debug|x64.ActiveCfg = debug|x64
		{8BA23C0C-D2D7-4A5A-B8F9-BA5CA19CBAB7}.Debug|x64.Build.0 = debug|x64
		{8BA23C0C-D2D7-4A5A-B8F9-BA5CA19CBAB7}.Release|Win32.ActiveCfg = release|Win32
		{8BA23C0C-D2D7-4A5A-B8F9-BA5CA19CBAB7}.Release|Win32.Build.0 = release|Win32
		{8BA23C0C-D2D7-4A5A-B8F9-BA5CA19CBAB7}.Release|x64.ActiveCfg = release|x64
		{8BA23C0C-D2D7-4A5A-B8F9-BA5CA19CBAB7}.Release|x64.Build.0 = release|x64
		{BD4D6C31-4C13-44D9-8C6F-9D5AEAF830F4}.Debug_HSW_Emu|Win32.ActiveCfg = Debug|x64
		{BD4D6C31-4C13-44D9-8C6F-9D5AEAF830F4}.Debug_HSW_Emu|x64.ActiveCfg = Debug|x64
		{BD4D6C31-4C13-44D9-8C6F-9D5AEAF830F4}.Debug_HSW_Emu|x64.Build.0 = Debug|x64
		{BD4D6C31-4C13-44D9-8C6F-9D5AEAF830F4}.Debug|Win32.ActiveCfg = Debug|Win32
		{BD4D6C31-4C13-44D9-8C6F-9D5AEAF830F4}.Debug|Win32.Build.0 = Debug|Win32
		{BD4D6C31-4C13-44D9-8C6F-9D5AEAF830F4}.Debug|x64.ActiveCfg = Debug|x64
		{BD4D6C31-4C13-44D9-8C6F-9D5AEAF830F4}.Debug|x64.Build.0 = Debug|x64
		{BD4D6C31-4C13-44D9-8C6F-9D5AEAF830F4}.Release|Win32.ActiveCfg = Release|Win32
		{BD4D6C31-4C13-44D9-8C6F-9D5AEAF830F4}.Release|Win32.Build.0 = Release|Win32
		{BD4D6C31-4C13-44D9-8C6F-9D5AEAF830F4}.Release|x64.ActiveCfg = Release|x64
		{BD4D6C31-4C13-44D9-8C6F-9D5AEAF830F4}.Release|x64.Build.0 = Release|x64
		{0E971EE7-4430-47D9-92CD-9822BC664642}.Debug_HSW_Emu|Win32.ActiveCfg = debug|x64
		{0E971EE7-4430-47D9-92CD-9822BC664642}.Debug_HSW_Emu|x64.ActiveCfg = debug|x64
		{0E971EE7-4430-47D9-92CD-9822BC664642}.Debug_HSW_Emu|x64.Build.0 = debug|x64
		{0E971EE7-4430-47D9-92CD-9822BC664642}.Debug|Win32.ActiveCfg = debug|Win32
		{0E971EE7-4430-47D9-92CD-9822BC664642}.Debug|Win32.Build.0 = debug|Win32
		{0E971EE7-4430-47D9-92CD-9822BC664642}.Debug|x64.ActiveCfg = debug|x64
		{0E971EE7-4430-47D9-92CD-9822BC664642}.Debug|x64.Build.0 = debug|x64
		{0E971EE7-4430-47D9-92CD-9822BC664642}.Release|Win32.ActiveCfg = release|Win32
		{0E971EE7-4430-47D9-92CD-9822BC664642}.Release|Win32.Build.0 = release|Win32
		{0E971EE7-4430-47D9-92CD-9822BC664642}.Release|x64.ActiveCfg = release|x64
		{0E971EE7-4430-47D9-92CD-9822BC664642}.Release|x64.Build.0 = release|x64
		{06768873-9792-4471-9A7F-0D0E37E9DC2D}.Debug_HSW_Emu|Win32.ActiveCfg = Debug|x64
		{06768873-9792-4471-9A7F-0D0E37E9DC2D}.Debug_HSW_Emu|x64.ActiveCfg = Debug|x64
		{06768873-9792-4471-9A7F-0D0E37E9DC2D}.Debug_HSW_Emu|x64.Build.0 = Debug|x64
		{06768873-9792-4471-9A7F-0D0E37E9DC2D}.Debug|Win32.ActiveCfg = Debug|Win32
		{06768873-9792-4471-9A7F-0D0E37E9DC2D}.Debug|Win32.Build.0 = Debug|Win32
		{06768873-9792-4471-9A7F-0D0E37E9DC2D}.Debug|x64.ActiveCfg = Debug|x64
		{06768873-9792-4471-9A7F-0D0E37E9DC2D}.Debug|x64.Build.0 = Debug|x64
		{06768873-9792-4471-9A7F-0D0E37E9DC2D}.Release|Win32.ActiveCfg = Release|Win32
		{06768873-9792-4471-9A7F-0D0E37E9DC2D}.Release|Win32.Build.0 = Release|Win32
		{06768873-9792-4471-9A7F-0D0E37E9DC2D}.Release|x64.ActiveCfg = Release|x64
		{06768873-9792-4471-9A7F-0D0E37E9DC2D}.Release|x64.Build.0 = Release|x64
		{694CCCD8-004B-4425-A9F6-9B60B6A85EBA}.Debug_HSW_Emu|Win32.ActiveCfg = Debug|x64
		{694CCCD8-004B-4425-A9F6-9B60B6A85EBA}.Debug_HSW_Emu|x64.ActiveCfg = Debug|x64
		{694CCCD8-004B-4425-A9F6-9B60B6A85EBA}.Debug_HSW_Emu|x64.Build.0 = Debug|x64
		{694CCCD8-004B-4425-A9F6-9B60B6A85EBA}.Debug|Win32.ActiveCfg = Debug|Win32
		{694CCCD8-004B-4425-A9F6-9B60B6A85EBA}.Debug|Win32.Build.0 = Debug|Win32
		{694CCCD8-004B-4425-A9F6-9B60B6A85EBA}.Debug|x64.ActiveCfg = Debug|x64
		{694CCCD8-004B-4425-A9F6-9B60B6A85EBA}.Debug|x64.Build.0 = Debug|x64
		{694CCCD8-004B-4425-A9F6-9B60B6A85EBA}.Release|Win32.ActiveCfg = Release|Win32
		{694CCCD8-004B-4425-A9F6-9B60B6A85EBA}.Release|Win32.Build.0 = Release|Win32
		{694CCCD8-004B-4425-A9F6-9B60B6A85EBA}.Release|x64.ActiveCfg = Release|x64
		{694CCCD8-004B-4425-A9F6-9B60B6A85EBA}.Release|x64.Build.0 = Release|x64
		{EE93E15E-6A4A-4CC5-8D13-892FBBA5CC5F}.Debug_HSW_Emu|Win32.ActiveCfg = Debug|x64
		{EE93E15E-6A4A-4CC5-8D13-892FBBA5CC5F}.Debug_HSW_Emu|x64.ActiveCfg = Debug|x64
		{EE93E15E-6A4A-4CC5-8D13-892FBBA5CC5F}.Debug_HSW_Emu|x64.Build.0 = Debug|x64
		{EE93E15E-6A4A-4CC5-8D13-892FBBA5CC5F}.Debug|Win32.ActiveCfg = Debug|Win32
		{EE93E15E-6A4A-4CC5-8D13-892FBBA5CC5F}.Debug|Win32.Build.0 = Debug|Win32
		{EE93E15E-6A4A-4CC5-8D13-892FBBA5CC5F}.Debug|x64.ActiveCfg = Debug|x64
		{EE93E15E-6A4A-4CC5-8D13-892FBBA5CC5F}.Debug|x64.Build.0 = Debug|x64
		{EE93E15E-6A4A-4CC5-8D13-892FBBA5CC5F}.Release|Win32.ActiveCfg = Release|Win32
		{EE93E15E-6A4A-4CC5-8D13-892FBBA5CC5F}.Release|Win32.Build.0 = Release|Win32
		{EE93E15E-6A4A-4CC5-8D13-892FBBA5CC5F}.Release|x64.ActiveCfg = Release|x64
		{EE93E15E-6A4A-4CC5-8D13-892FBBA5CC5F}.Release|x64.Build.0 = Release|x64
		{D719372D-BA13-4730-AFF6-1994B26EFF6C}.Debug_HSW_Emu|Win32.ActiveCfg = Debug|x64
		{D719372D-BA13-4730-AFF6-1994B26EFF6C}.Debug_HSW_Emu|x64.ActiveCfg = Debug|x64
		{D719372D-BA13-4730-AFF6-1994B26EFF6C}.Debug_HSW_Emu|x64.Build.0 = Debug|x64
		{D719372D-BA13-4730-AFF6-1994B26EFF6C}.Debug|Win32.ActiveCfg = Debug|Win32
		{D719372D-BA13-4730-AFF6-1994B26EFF6C}.Debug|Win32.Build.0 = Debug|Win32
		{D719372D-BA13-4730-AFF6-1994B26EFF6C}.Debug|x64.ActiveCfg = Debug|x64
		{D719372D-BA13-4730-AFF6-1994B26EFF6C}.Debug|x64.Build.0 = Debug|x64
		{D719372D-BA13-4730-AFF6-1994B26EFF6C}.Release|Win32.ActiveCfg = Release|Win32
		{D719372D-BA13-4730-AFF6-1994B26EFF6C}.Release|Win32.Build.0 = Release|Win32
		{D719372D-BA13-4730-AFF6-1994B26EFF6C}.Release|x64.ActiveCfg = Release|x64
		{D719372D-BA13-4730-AFF6-1994B26EFF6C}.Release|x64.Build.0 = Release|x64
		{8D456A00-501A-47A9-B3C7-42723A7A82F2}.Debug_HSW_Emu|Win32.ActiveCfg = Debug|x64
		{8D456A00-501A-47A9-B3C7-42723A7A82F2}.Debug_HSW_Emu|x64.ActiveCfg = Debug|x64
		{8D456A00-501A-47A9-B3C7-42723A7A82F2}.Debug_HSW_Emu|x64.Build.0 = Debug|x64
		{8D456A00-501A-47A9-B3C7-42723A7A82F2}.Debug|Win32.ActiveCfg = Debug|Win32
		{8D456A00-501A-47A9-B3C7-42723A7A82F2}.Debug|Win32.Build.0 = Debug|Win32
		{8D456A00-501A-47A9-B3C7-42723A7A82F2}.Debug|x64.ActiveCfg = Debug|x64
		{8D456A00-501A-47A9-B3C7-42723A7A82F2}.Debug|x64.Build.0 = Debug|x64
		{8D456A00-501A-47A9-B3C7-42723A7A82F2}.Release|Win32.ActiveCfg = Release|Win32
		{8D456A00-501A-47A9-B3C7-42723A7A82F2}.Release|Win32.Build.0 = Release|Win32
		{8D456A00-501A-47A9-B3C7-42723A7A82F2}.Release|x64.ActiveCfg = Release|x64
		{8D456A00-501A-47A9-B3C7-42723A7A82F2}.Release|x64.Build.0 = Release|x64
		{2DB853A8-E4BF-455A-9ED4-ABACAC60CA04}.Debug_HSW_Emu|Win32.ActiveCfg = Debug|x64
		{2DB853A8-E4BF-455A-9ED4-ABACAC60CA04}.Debug_HSW_Emu|x64.ActiveCfg = Debug|x64
		{2DB853A8-E4BF-455A-9ED4-ABACAC60CA04}.Debug_HSW_Emu|x64.Build.0 = Debug|x64
		{2DB853A8-E4BF-455A-9ED4-ABACAC60CA04}.Debug|Win32.ActiveCfg = Debug|Win32
		{2DB853A8-E4BF-455A-9ED4-ABACAC60CA04}.Debug|Win32.Build.0 = Debug|Win32
		{2DB853A8-E4BF-455A-9ED4-ABACAC60CA04}.Debug|x64.ActiveCfg = Debug|x64
		{2DB853A8-E4BF-455A-9ED4-ABACAC60CA04}.Debug|x64.Build.0 = Debug|x64
		{2DB853A8-E4BF-455A-9ED4-ABACAC60CA04}.Release|Win32.ActiveCfg = Release|Win32
		{2DB853A8-E4BF-455A-9ED4-ABACAC60CA04}.Release|Win32.Build.0 = Release|Win32
		{2DB853A8-E4BF-455A-9ED4-ABACAC60CA04}.Release|x64.ActiveCfg = Release|x64
		{2DB853A8-E4BF-455A-9ED4-ABACAC60CA04}.Release|x64.Build.0 = Release|x64
		{E275231A-D535-49F3-B140-F3BB6B1AE56F}.Debug_HSW_Emu|Win32.ActiveCfg = Debug|x64
		{E275231A-D535-49F3-B140-F3BB6B1AE56F}.Debug_HSW_Emu|x64.ActiveCfg = Debug|x64
		{E275231A-D535-49F3-B140-F3BB6B1AE56F}.Debug_HSW_Emu|x64.Build.0 = Debug|x64
		{E275231A-D535-49F3-B140-F3BB6B1AE56F}.Debug|Win32.ActiveCfg = Debug|Win32
		{E275231A-D535-49F3-B140-F3BB6B1AE56F}.Debug|Win32.Build.0 = Debug|Win32
		{E275231A-D535-49F3-B140-F3BB6B1AE56F}.Debug|x64.ActiveCfg = Debug|x64
		{E275231A-D535-49F3-B140-F3BB6B1AE56F}.Debug|x64.Build.0 = Debug|x64
		{E275231A-D535-49F3-B140-F3BB6B1AE56F}.Release|Win32.ActiveCfg = Release|Win32
		{E275231A-D535-49F3-B140-F3BB6B1AE56F}.Release|Win32.Build.0 = Release|Win32
		{E275231A-D535-49F3-B140-F3BB6B1AE56F}.Release|x64.ActiveCfg = Release|x64
		{E275231A-D535-49F3-B140-F3BB6B1AE56F}.Release|x64.Build.0 = Release|x64
		{7A7D88D9-660E-4FDD-A43B-50AE2A27B1B1}.Debug_HSW_Emu|Win32.ActiveCfg = Debug|x64
		{7A7D88D9-660E-4FDD-A43B-50AE2A27B1B1}.Debug_HSW_Emu|x64.ActiveCfg = Debug|x64
		{7A7D88D9-660E-4FDD-A43B-50AE2A27B1B1}.Debug_HSW_Emu|x64.Build.0 = Debug|x64
		{7A7D88D9-660E-4FDD-A43B-50AE2A27B1B1}.Debug|Win32.ActiveCfg = Debug|Win32
		{7A7D88D9-660E-4FDD-A43B-50AE2A27B1B1}.Debug|Win32.Build.0 = Debug|Win32
		{7A7D88D9-660E-4FDD-A43B-50AE2A27B1B1}.Debug|x64.ActiveCfg = Debug|x64
		{7A7D88D9-660E-4FDD-A43B-50AE2A27B1B1}.Debug|x64.Build.0 = Debug|x64
		{7A7D88D9-660E-4FDD-A43B-50AE2A27B1B1}.Release|Win32.ActiveCfg = Release|Win32
		{7A7D88D9-660E-4FDD-A43B-50AE2A27B1B1}.Release|Win32.Build.0 = Release|Win32
		{7A7D88D9-660E-4FDD-A43B-50AE2A27B1B1}.Release|x64.ActiveCfg = Release|x64
		{7A7D88D9-660E-4FDD-A43B-50AE2A27B1B1}.Release|x64.Build.0 = Release|x64
		{80B89175-8E4E-457A-9AA6-F5B2BADFBE85}.Debug_HSW_Emu|Win32.ActiveCfg = debug|x64
		{80B89175-8E4E-457A-9AA6-F5B2BADFBE85}.Debug_HSW_Emu|x64.ActiveCfg = debug|x64
		{80B89175-8E4E-457A-9AA6-F5B2BADFBE85}.Debug_HSW_Emu|x64.Build.0 = debug|x64
		{80B89175-8E4E-457A-9AA6-F5B2BADFBE85}.Debug|Win32.ActiveCfg = debug|Win32
		{80B89175-8E4E-457A-9AA6-F5B2BADFBE85}.Debug|Win32.Build.0 = debug|Win32
		{80B89175-8E4E-457A-9AA6-F5B2BADFBE85}.Debug|x64.ActiveCfg = debug|x64
		{80B89175-8E4E-457A-9AA6-F5B2BADFBE85}.Debug|x64.Build.0 = debug|x64
		{80B89175-8E4E-457A-9AA6-F5B2BADFBE85}.Release|Win32.ActiveCfg = release|Win32
		{80B89175-8E4E-457A-9AA6-F5B2BADFBE85}.Release|Win32.Build.0 = release|Win32
		{80B89175-8E4E-457A-9AA6-F5B2BADFBE85}.Release|x64.ActiveCfg = release|x64
		{80B89175-8E4E-457A-9AA6-F5B2BADFBE85}.Release|x64.Build.0 = release|x64
		{9E0B537B-C1EE-47DD-9E46-C18658C3F543}.Debug_HSW_Emu|Win32.ActiveCfg = debug|x64
		{9E0B537B-C1EE-47DD-9E46-C18658C3F543}.Debug_HSW_Emu|x64.ActiveCfg = debug|x64
		{9E0B537B-C1EE-47DD-9E46-C18658C3F543}.Debug_HSW_Emu|x64.Build.0 = debug|x64
		{9E0B537B-C1EE-47DD-9E46-C18658C3F543}.Debug|Win32.ActiveCfg = debug|Win32
		{9E0B537B-C1EE-47DD-9E46-C18658C3F543}.Debug|Win32.Build.0 = debug|Win32
		{9E0B537B-C1EE-47DD-9E46-C18658C3F543}.Debug|x64.ActiveCfg = debug|x64
		{9E0B537B-C1EE-47DD-9E46-C18658C3F543}.Debug|x64.Build.0 = debug|x64
		{9E0B537B-C1EE-47DD-9E46-C18658C3F543}.Release|Win32.ActiveCfg = release|Win32
		{9E0B537B-C1EE-47DD-9E46-C18658C3F543}.Release|Win32.Build.0 = release|Win32
		{9E0B537B-C1EE-47DD-9E46-C18658C3F543}.Release|x64.ActiveCfg = release|x64
		{9E0B537B-C1EE-47DD-9E46-C18658C3F543}.Release|x64.Build.0 = release|x64
		{FE112B8F-036E-4679-B07E-4F6F73C6C3B9}.Debug_HSW_Emu|Win32.ActiveCfg = debug|x64
		{FE112B8F-036E-4679-B07E-4F6F73C6C3B9}.Debug_HSW_Emu|x64.ActiveCfg = debug|x64
		{FE112B8F-036E-4679-B07E-4F6F73C6C3B9}.Debug_HSW_Emu|x64.Build.0 = debug|x64
		{FE112B8F-036E-4679-B07E-4F6F73C6C3B9}.Debug|Win32.ActiveCfg = debug|Win32
		{FE112B8F-036E-4679-B07E-4F6F73C6C3B9}.Debug|Win32.Build.0 = debug|Win32
		{FE112B8F-036E-4679-B07E-4F6F73C6C3B9}.Debug|x64.ActiveCfg = debug|x64
		{FE112B8F-036E-4679-B07E-4F6F73C6C3B9}.Debug|x64.Build.0 = debug|x64
		{FE112B8F-036E-4679-B07E-4F6F73C6C3B9}.Release|Win32.ActiveCfg = release|Win32
		{FE112B8F-036E-4679-B07E-4F6F73C6C3B9}.Release|Win32.Build.0 = release|Win32
		{FE112B8F-036E-4679-B07E-4F6F73C6C3B9}.Release|x64.ActiveCfg = release|x64
		{FE112B8F-036E-4679-B07E-4F6F73C6C3B9}.Release|x64.Build.0 = release|x64
		{18A3F3BC-74D2-4155-9BE1-9B29BB7DB2DB}.Debug_HSW_Emu|Win32.ActiveCfg = Debug|x64
		{18A3F3BC-74D2-4155-9BE1-9B29BB7DB2DB}.Debug_HSW_Emu|x64.ActiveCfg = Debug|x64
		{18A3F3BC-74D2-4155-9BE1-9B29BB7DB2DB}.Debug_HSW_Emu|x64.Build.0 = Debug|x64
		{18A3F3BC-74D2-4155-9BE1-9B29BB7DB2DB}.Debug|Win32.ActiveCfg = Debug|Win32
		{18A3F3BC-74D2-4155-9BE1-9B29BB7DB2DB}.Debug|Win32.Build.0 = Debug|Win32
		{18A3F3BC-74D2-4155-9BE1-9B29BB7DB2DB}.Debug|x64.ActiveCfg = Debug|x64
		{18A3F3BC-74D2-4155-9BE1-9B29BB7DB2DB}.Debug|x64.Build.0 = Debug|x64
		{18A3F3BC-74D2-4155-9BE1-9B29BB7DB2DB}.Release|Win32.ActiveCfg = Release|Win32
		{18A3F3BC-74D2-4155-9BE1-9B29BB7DB2DB}.Release|Win32.Build.0 = Release|Win32
		{18A3F3BC-74D2-4155-9BE1-9B29BB7DB2DB}.Release|x64.ActiveCfg = Release|x64
		{18A3F3BC-74D2-4155-9BE1-9B29BB7DB2DB}.Release|x64.Build.0 = Release|x64
		{EBAF2767-B73D-43FB-AAAE-1698484B7C27}.Debug_HSW_Emu|Win32.ActiveCfg = Debug|x64
		{EBAF2767-B73D-43FB-AAAE-1698484B7C27}.Debug_HSW_Emu|x64.ActiveCfg = Debug|x64
		{EBAF2767-B73D-43FB-AAAE-1698484B7C27}.Debug_HSW_Emu|x64.Build.0 = Debug|x64
		{EBAF2767-B73D-43FB-AAAE-1698484B7C27}.Debug|Win32.ActiveCfg = Debug|Win32
		{EBAF2767-B73D-43FB-AAAE-1698484B7C27}.Debug|Win32.Build.0 = Debug|Win32
		{EBAF2767-B73D-43FB-AAAE-1698484B7C27}.Debug|x64.ActiveCfg = Debug|x64
		{EBAF2767-B73D-43FB-AAAE-1698484B7C27}.Debug|x64.Build.0 = Debug|x64
		{EBAF2767-B73D-43FB-AAAE-1698484B7C27}.Release|Win32.ActiveCfg = Release|Win32
		{EBAF2767-B73D-43FB-AAAE-1698484B7C27}.Release|Win32.Build.0 = Release|Win32
		{EBAF2767-B73D-43FB-AAAE-1698484B7C27}.Release|x64.ActiveCfg = Release|x64
		{EBAF2767-B73D-43FB-AAAE-1698484B7C27}.Release|x64.Build.0 = Release|x64
		{8554E7C5-92FF-45F6-B9B4-A447EFAED15C}.Debug_HSW_Emu|Win32.ActiveCfg = Debug_HSW_Emu|Win32
		{8554E7C5-92FF-45F6-B9B4-A447EFAED15C}.Debug_HSW_Emu|Win32.Build.0 = Debug_HSW_Emu|Win32
		{8554E7C5-92FF-45F6-B9B4-A447EFAED15C}.Debug_HSW_Emu|x64.ActiveCfg = Debug_HSW_Emu|x64
		{8554E7C5-92FF-45F6-B9B4-A447EFAED15C}.Debug_HSW_Emu|x64.Build.0 = Debug_HSW_Emu|x64
		{8554E7C5-92FF-45F6-B9B4-A447EFAED15C}.Debug|Win32.ActiveCfg = Debug|Win32
		{8554E7C5-92FF-45F6-B9B4-A447EFAED15C}.Debug|Win32.Build.0 = Debug|Win32
		{8554E7C5-92FF-45F6-B9B4-A447EFAED15C}.Debug|x64.ActiveCfg = Debug|x64
		{8554E7C5-92FF-45F6-B9B4-A447EFAED15C}.Debug|x64.Build.0 = Debug|x64
		{8554E7C5-92FF-45F6-B9B4-A447EFAED15C}.Release|Win32.ActiveCfg = Release|Win32
		{8554E7C5-92FF-45F6-B9B4-A447EFAED15C}.Release|Win32.Build.0 = Release|Win32
		{8554E7C5-92FF-45F6-B9B4-A447EFAED15C}.Release|x64.ActiveCfg = Release|x64
		{8554E7C5-92FF-45F6-B9B4-A447EFAED15C}.Release|x64.Build.0 = Release|x64
	EndGlobalSection
	GlobalSection(SolutionProperties) = preSolution
		HideSolutionNode = FALSE
	EndGlobalSection
	GlobalSection(NestedProjects) = preSolution
		{326E90FB-F844-4AF1-8CDF-FDCCECEDEB22} = {03F908B1-B331-4B8C-9CCC-D88FAAC81551}
		{4FABFD29-1A02-427C-9839-37409616FA12} = {03F908B1-B331-4B8C-9CCC-D88FAAC81551}
		{C7854F8D-2BAC-4509-939B-4F5F100F1E29} = {03F908B1-B331-4B8C-9CCC-D88FAAC81551}
		{D41D3178-5C65-4868-BDB1-42C44643274E} = {03F908B1-B331-4B8C-9CCC-D88FAAC81551}
		{04854E7F-2A17-4B40-A14F-4E1D9B1D4785} = {03F908B1-B331-4B8C-9CCC-D88FAAC81551}
		{31991D83-F6A2-49D9-BDC5-64E85D055A1C} = {03F908B1-B331-4B8C-9CCC-D88FAAC81551}
		{0108C6ED-B93F-4314-B9CD-4592B70C3C05} = {03F908B1-B331-4B8C-9CCC-D88FAAC81551}
		{BCE6A27B-E76F-49F0-AB57-3EF578D948C7} = {03F908B1-B331-4B8C-9CCC-D88FAAC81551}
		{3C2E1E62-5CDE-4D3C-9705-900B5A187198} = {03F908B1-B331-4B8C-9CCC-D88FAAC81551}
		{5537816B-58D7-4523-8D2C-B0FAC011A1C3} = {03F908B1-B331-4B8C-9CCC-D88FAAC81551}
		{57FE8DAC-C7C4-4DF4-9A36-2FEE040DFF38} = {03F908B1-B331-4B8C-9CCC-D88FAAC81551}
		{35EBE815-8982-4D93-A7D2-FB9F3CFE2E86} = {03F908B1-B331-4B8C-9CCC-D88FAAC81551}
		{9BEFD888-5D4D-49FB-BDA0-E5987F4F6FC7} = {03F908B1-B331-4B8C-9CCC-D88FAAC81551}
		{C7621C21-A2D0-4604-896D-29F1470D9281} = {03F908B1-B331-4B8C-9CCC-D88FAAC81551}
		{73D21914-35F0-4F04-ACF0-2A7C1C13BDE5} = {03F908B1-B331-4B8C-9CCC-D88FAAC81551}
		{8BA23C0C-D2D7-4A5A-B8F9-BA5CA19CBAB7} = {03F908B1-B331-4B8C-9CCC-D88FAAC81551}
		{0E971EE7-4430-47D9-92CD-9822BC664642} = {03F908B1-B331-4B8C-9CCC-D88FAAC81551}
		{06768873-9792-4471-9A7F-0D0E37E9DC2D} = {03F908B1-B331-4B8C-9CCC-D88FAAC81551}
		{80B89175-8E4E-457A-9AA6-F5B2BADFBE85} = {03F908B1-B331-4B8C-9CCC-D88FAAC81551}
		{9E0B537B-C1EE-47DD-9E46-C18658C3F543} = {03F908B1-B331-4B8C-9CCC-D88FAAC81551}
		{FE112B8F-036E-4679-B07E-4F6F73C6C3B9} = {03F908B1-B331-4B8C-9CCC-D88FAAC81551}
		{EBAF2767-B73D-43FB-AAAE-1698484B7C27} = {03F908B1-B331-4B8C-9CCC-D88FAAC81551}
	EndGlobalSection
EndGlobal
