
Microsoft Visual Studio Solution File, Format Version 12.00
# Visual Studio 15
VisualStudioVersion = 15.0.28307.421
MinimumVisualStudioVersion = 10.0.40219.1
Project("{8BC9CEB8-8B4A-11D0-8D11-00A0C91BC942}") = "genx_av1_interpolate_decision_single", "genx_av1_interpolate_decision_single.vcxproj", "{63AE7846-9056-464C-9ECB-4E56C565A338}"
EndProject
Global
	GlobalSection(SolutionConfigurationPlatforms) = preSolution
		Debug_HSW_Emu|x64 = Debug_HSW_Emu|x64
		Debug|x64 = Debug|x64
		Release|x64 = Release|x64
	EndGlobalSection
	GlobalSection(ProjectConfigurationPlatforms) = postSolution
		{63AE7846-9056-464C-9ECB-4E56C565A338}.Debug_HSW_Emu|x64.ActiveCfg = Debug_HSW_Emu|x64
		{63AE7846-9056-464C-9ECB-4E56C565A338}.Debug_HSW_Emu|x64.Build.0 = Debug_HSW_Emu|x64
		{63AE7846-9056-464C-9ECB-4E56C565A338}.Debug|x64.ActiveCfg = Debug|x64
		{63AE7846-9056-464C-9ECB-4E56C565A338}.Debug|x64.Build.0 = Debug|x64
		{63AE7846-9056-464C-9ECB-4E56C565A338}.Release|x64.ActiveCfg = Release|x64
		{63AE7846-9056-464C-9ECB-4E56C565A338}.Release|x64.Build.0 = Release|x64
	EndGlobalSection
	GlobalSection(SolutionProperties) = preSolution
		HideSolutionNode = FALSE
	EndGlobalSection
	GlobalSection(ExtensibilityGlobals) = postSolution
		SolutionGuid = {86C0FE43-1C66-4785-B170-53D189A4735E}
	EndGlobalSection
EndGlobal
