
Microsoft Visual Studio Solution File, Format Version 11.00
# Visual Studio 2010
Project("{8BC9CEB8-8B4A-11D0-8D11-00A0C91BC942}") = "mvc_repack_filter", "mvc_repack_filter\mvc_repack_filter.vcxproj", "{26DF106A-CBBB-405A-B223-38A7E962E2D6}"
EndProject
Project("{8BC9CEB8-8B4A-11D0-8D11-00A0C91BC942}") = "utils", "utils\utils.vcxproj", "{6A5DF344-099A-4CEE-80AC-852D61A2FAE1}"
EndProject
Global
	GlobalSection(SolutionConfigurationPlatforms) = preSolution
		Debug|Win32 = Debug|Win32
		Debug|x64 = Debug|x64
		Release|Win32 = Release|Win32
		Release|x64 = Release|x64
	EndGlobalSection
	GlobalSection(ProjectConfigurationPlatforms) = postSolution
		{26DF106A-CBBB-405A-B223-38A7E962E2D6}.Debug|Win32.ActiveCfg = Debug|Win32
		{26DF106A-CBBB-405A-B223-38A7E962E2D6}.Debug|Win32.Build.0 = Debug|Win32
		{26DF106A-CBBB-405A-B223-38A7E962E2D6}.Debug|x64.ActiveCfg = Debug|x64
		{26DF106A-CBBB-405A-B223-38A7E962E2D6}.Debug|x64.Build.0 = Debug|x64
		{26DF106A-CBBB-405A-B223-38A7E962E2D6}.Release|Win32.ActiveCfg = Release|Win32
		{26DF106A-CBBB-405A-B223-38A7E962E2D6}.Release|Win32.Build.0 = Release|Win32
		{26DF106A-CBBB-405A-B223-38A7E962E2D6}.Release|x64.ActiveCfg = Release|x64
		{26DF106A-CBBB-405A-B223-38A7E962E2D6}.Release|x64.Build.0 = Release|x64
		{6A5DF344-099A-4CEE-80AC-852D61A2FAE1}.Debug|Win32.ActiveCfg = Debug|Win32
		{6A5DF344-099A-4CEE-80AC-852D61A2FAE1}.Debug|Win32.Build.0 = Debug|Win32
		{6A5DF344-099A-4CEE-80AC-852D61A2FAE1}.Debug|x64.ActiveCfg = Debug|x64
		{6A5DF344-099A-4CEE-80AC-852D61A2FAE1}.Debug|x64.Build.0 = Debug|x64
		{6A5DF344-099A-4CEE-80AC-852D61A2FAE1}.Release|Win32.ActiveCfg = Release|Win32
		{6A5DF344-099A-4CEE-80AC-852D61A2FAE1}.Release|Win32.Build.0 = Release|Win32
		{6A5DF344-099A-4CEE-80AC-852D61A2FAE1}.Release|x64.ActiveCfg = Release|x64
		{6A5DF344-099A-4CEE-80AC-852D61A2FAE1}.Release|x64.Build.0 = Release|x64
	EndGlobalSection
	GlobalSection(SolutionProperties) = preSolution
		HideSolutionNode = FALSE
	EndGlobalSection
	GlobalSection(DPCodeReviewSolutionGUID) = preSolution
		DPCodeReviewSolutionGUID = {00000000-0000-0000-0000-000000000000}
	EndGlobalSection
EndGlobal
