
Microsoft Visual Studio Solution File, Format Version 12.00
# Visual Studio 2012
Project("{8BC9CEB8-8B4A-11D0-8D11-00A0C91BC942}") = "mfxplugin_hevcd", "mfxplugin_hevcd.vcxproj", "{C83BD066-95D2-4D52-AD21-B924B87C5950}"
EndProject
Project("{2150E333-8FDC-42A3-9474-1A3956D46DE8}") = "UMC", "UMC", "{03F908B1-B331-4B8C-9CCC-D88FAAC81551}"
EndProject
Project("{8BC9CEB8-8B4A-11D0-8D11-00A0C91BC942}") = "libmfxsw_plugin_hevcd", "libmfxsw_plugin_hevcd.vcxproj", "{DF6F608E-648D-4763-804C-C0F567B38203}"
	ProjectSection(ProjectDependencies) = postProject
		{8F1F988B-6724-4586-A96E-A03C938B38B4} = {8F1F988B-6724-4586-A96E-A03C938B38B4}
		{88728ECB-FE93-4FA0-AE29-7DC855E1C9C9} = {88728ECB-FE93-4FA0-AE29-7DC855E1C9C9}
		{BCF730DA-BE63-4102-808E-D0DA2FD020C0} = {BCF730DA-BE63-4102-808E-D0DA2FD020C0}
		{C25BD9B5-317B-4426-B5F5-DB82D79C8218} = {C25BD9B5-317B-4426-B5F5-DB82D79C8218}
		{951BFB03-0FCC-4707-9930-33D97B80FE57} = {951BFB03-0FCC-4707-9930-33D97B80FE57}
		{CC6F0F40-31C9-40AB-AED8-46E87505D2C1} = {CC6F0F40-31C9-40AB-AED8-46E87505D2C1}
		{D9092AE0-0055-43D5-B259-7C03CAD09B11} = {D9092AE0-0055-43D5-B259-7C03CAD09B11}
		{E5218B2C-079C-4DD8-9850-6E8BEEF4A44F} = {E5218B2C-079C-4DD8-9850-6E8BEEF4A44F}
	EndProjectSection
EndProject
Project("{8BC9CEB8-8B4A-11D0-8D11-00A0C91BC942}") = "vm", "..\..\shared\umc\core\vm\vm.vcxproj", "{E48418E7-2DCA-4642-80D5-09A8799C2549}"
EndProject
Project("{8BC9CEB8-8B4A-11D0-8D11-00A0C91BC942}") = "vm_plus", "..\..\shared\umc\core\vm_plus\vm_plus.vcxproj", "{6052E5BC-625F-4A6F-AA98-EFDFD15975CE}"
EndProject
Project("{8BC9CEB8-8B4A-11D0-8D11-00A0C91BC942}") = "umc", "..\..\shared\umc\core\umc\base_classes.vcxproj", "{C22074B5-4F12-464E-B7BE-6C169718E0E8}"
EndProject
Project("{8BC9CEB8-8B4A-11D0-8D11-00A0C91BC942}") = "color_space_converter", "..\..\shared\umc\codec\color_space_converter\color_space_converter.vcxproj", "{51904F5C-544A-47FD-8220-B6B3B3B06FFE}"
EndProject
Project("{8BC9CEB8-8B4A-11D0-8D11-00A0C91BC942}") = "media_buffers", "..\..\shared\umc\io\media_buffers\media_buffers.vcxproj", "{314D0047-F36D-4922-95B0-9757FA9D667F}"
EndProject
Project("{8BC9CEB8-8B4A-11D0-8D11-00A0C91BC942}") = "umc_io", "..\..\shared\umc\io\umc_io\umc_io.vcxproj", "{8DC35B89-B4B7-4B48-B462-E589D4FDFEDE}"
EndProject
Project("{8BC9CEB8-8B4A-11D0-8D11-00A0C91BC942}") = "mfx_trace", "..\..\shared\mfx_trace\mfx_trace.vcxproj", "{68AD0BD0-170B-4CEA-8A55-D6B841D66203}"
EndProject
Project("{8BC9CEB8-8B4A-11D0-8D11-00A0C91BC942}") = "h265_dec", "..\..\shared\umc\codec\h265_dec\h265_dec.vcxproj", "{BCF730DA-BE63-4102-808E-D0DA2FD020C0}"
EndProject
Project("{2150E333-8FDC-42A3-9474-1A3956D46DE8}") = "Solution Items", "Solution Items", "{73648CAF-96E3-476E-B87A-9846762C427F}"
	ProjectSection(SolutionItems) = preProject
		Intel.Mfx.Plugin.props = Intel.Mfx.Plugin.props
	EndProjectSection
EndProject
Project("{2150E333-8FDC-42A3-9474-1A3956D46DE8}") = "Optimization", "Optimization", "{7F062987-688B-4FFD-884C-18439EE8743F}"
EndProject
Project("{2150E333-8FDC-42A3-9474-1A3956D46DE8}") = "HEVC", "HEVC", "{0EAF09EF-9FDA-466F-9080-DF2DB4B51FFE}"
EndProject
Project("{8BC9CEB8-8B4A-11D0-8D11-00A0C91BC942}") = "hevc_pp_avx2", "..\optimization\hevc_pp_avx2.vcxproj", "{E5218B2C-079C-4DD8-9850-6E8BEEF4A44F}"
	ProjectSection(ProjectDependencies) = postProject
		{BCF730DA-BE63-4102-808E-D0DA2FD020C0} = {BCF730DA-BE63-4102-808E-D0DA2FD020C0}
	EndProjectSection
EndProject
Project("{8BC9CEB8-8B4A-11D0-8D11-00A0C91BC942}") = "hevc_pp_dispatch", "..\optimization\hevc_pp_dispatch.vcxproj", "{CC6F0F40-31C9-40AB-AED8-46E87505D2C1}"
	ProjectSection(ProjectDependencies) = postProject
		{BCF730DA-BE63-4102-808E-D0DA2FD020C0} = {BCF730DA-BE63-4102-808E-D0DA2FD020C0}
	EndProjectSection
EndProject
Project("{8BC9CEB8-8B4A-11D0-8D11-00A0C91BC942}") = "hevc_pp_px", "..\optimization\hevc_pp_px.vcxproj", "{88728ECB-FE93-4FA0-AE29-7DC855E1C9C9}"
	ProjectSection(ProjectDependencies) = postProject
		{BCF730DA-BE63-4102-808E-D0DA2FD020C0} = {BCF730DA-BE63-4102-808E-D0DA2FD020C0}
	EndProjectSection
EndProject
Project("{8BC9CEB8-8B4A-11D0-8D11-00A0C91BC942}") = "hevc_pp_sse4", "..\optimization\hevc_pp_sse4.vcxproj", "{951BFB03-0FCC-4707-9930-33D97B80FE57}"
	ProjectSection(ProjectDependencies) = postProject
		{BCF730DA-BE63-4102-808E-D0DA2FD020C0} = {BCF730DA-BE63-4102-808E-D0DA2FD020C0}
	EndProjectSection
EndProject
Project("{8BC9CEB8-8B4A-11D0-8D11-00A0C91BC942}") = "hevc_pp_ssse3", "..\optimization\hevc_pp_ssse3.vcxproj", "{D9092AE0-0055-43D5-B259-7C03CAD09B11}"
	ProjectSection(ProjectDependencies) = postProject
		{BCF730DA-BE63-4102-808E-D0DA2FD020C0} = {BCF730DA-BE63-4102-808E-D0DA2FD020C0}
	EndProjectSection
EndProject
Project("{8BC9CEB8-8B4A-11D0-8D11-00A0C91BC942}") = "hevc_pp_atom", "..\optimization\hevc_pp_atom.vcxproj", "{8F1F988B-6724-4586-A96E-A03C938B38B4}"
	ProjectSection(ProjectDependencies) = postProject
		{BCF730DA-BE63-4102-808E-D0DA2FD020C0} = {BCF730DA-BE63-4102-808E-D0DA2FD020C0}
	EndProjectSection
EndProject
Project("{8BC9CEB8-8B4A-11D0-8D11-00A0C91BC942}") = "watermark", "watermark.vcxproj", "{C25BD9B5-317B-4426-B5F5-DB82D79C8218}"
EndProject
Global
	GlobalSection(SolutionConfigurationPlatforms) = preSolution
		Debug_Intel_Evaluation|Win32 = Debug_Intel_Evaluation|Win32
		Debug_Intel_Evaluation|x64 = Debug_Intel_Evaluation|x64
		Debug_Intel|Win32 = Debug_Intel|Win32
		Debug_Intel|x64 = Debug_Intel|x64
		Debug|Win32 = Debug|Win32
		Debug|x64 = Debug|x64
		Release_Intel_Evaluation|Win32 = Release_Intel_Evaluation|Win32
		Release_Intel_Evaluation|x64 = Release_Intel_Evaluation|x64
		Release_Intel|Win32 = Release_Intel|Win32
		Release_Intel|x64 = Release_Intel|x64
		Release|Win32 = Release|Win32
		Release|x64 = Release|x64
	EndGlobalSection
	GlobalSection(ProjectConfigurationPlatforms) = postSolution
		{C83BD066-95D2-4D52-AD21-B924B87C5950}.Debug_Intel_Evaluation|Win32.ActiveCfg = Debug_Intel_Evaluation|Win32
		{C83BD066-95D2-4D52-AD21-B924B87C5950}.Debug_Intel_Evaluation|Win32.Build.0 = Debug_Intel_Evaluation|Win32
		{C83BD066-95D2-4D52-AD21-B924B87C5950}.Debug_Intel_Evaluation|x64.ActiveCfg = Debug_Intel_Evaluation|x64
		{C83BD066-95D2-4D52-AD21-B924B87C5950}.Debug_Intel_Evaluation|x64.Build.0 = Debug_Intel_Evaluation|x64
		{C83BD066-95D2-4D52-AD21-B924B87C5950}.Debug_Intel|Win32.ActiveCfg = Debug_Intel|Win32
		{C83BD066-95D2-4D52-AD21-B924B87C5950}.Debug_Intel|Win32.Build.0 = Debug_Intel|Win32
		{C83BD066-95D2-4D52-AD21-B924B87C5950}.Debug_Intel|x64.ActiveCfg = Debug_Intel|x64
		{C83BD066-95D2-4D52-AD21-B924B87C5950}.Debug_Intel|x64.Build.0 = Debug_Intel|x64
		{C83BD066-95D2-4D52-AD21-B924B87C5950}.Debug|Win32.ActiveCfg = Debug|Win32
		{C83BD066-95D2-4D52-AD21-B924B87C5950}.Debug|Win32.Build.0 = Debug|Win32
		{C83BD066-95D2-4D52-AD21-B924B87C5950}.Debug|x64.ActiveCfg = Debug|x64
		{C83BD066-95D2-4D52-AD21-B924B87C5950}.Debug|x64.Build.0 = Debug|x64
		{C83BD066-95D2-4D52-AD21-B924B87C5950}.Release_Intel_Evaluation|Win32.ActiveCfg = Release_Intel_Evaluation|Win32
		{C83BD066-95D2-4D52-AD21-B924B87C5950}.Release_Intel_Evaluation|Win32.Build.0 = Release_Intel_Evaluation|Win32
		{C83BD066-95D2-4D52-AD21-B924B87C5950}.Release_Intel_Evaluation|x64.ActiveCfg = Release_Intel_Evaluation|x64
		{C83BD066-95D2-4D52-AD21-B924B87C5950}.Release_Intel_Evaluation|x64.Build.0 = Release_Intel_Evaluation|x64
		{C83BD066-95D2-4D52-AD21-B924B87C5950}.Release_Intel|Win32.ActiveCfg = Release_Intel|Win32
		{C83BD066-95D2-4D52-AD21-B924B87C5950}.Release_Intel|Win32.Build.0 = Release_Intel|Win32
		{C83BD066-95D2-4D52-AD21-B924B87C5950}.Release_Intel|x64.ActiveCfg = Release_Intel|x64
		{C83BD066-95D2-4D52-AD21-B924B87C5950}.Release_Intel|x64.Build.0 = Release_Intel|x64
		{C83BD066-95D2-4D52-AD21-B924B87C5950}.Release|Win32.ActiveCfg = Release|Win32
		{C83BD066-95D2-4D52-AD21-B924B87C5950}.Release|Win32.Build.0 = Release|Win32
		{C83BD066-95D2-4D52-AD21-B924B87C5950}.Release|x64.ActiveCfg = Release|x64
		{C83BD066-95D2-4D52-AD21-B924B87C5950}.Release|x64.Build.0 = Release|x64
		{DF6F608E-648D-4763-804C-C0F567B38203}.Debug_Intel_Evaluation|Win32.ActiveCfg = Debug_Intel_Evaluation|Win32
		{DF6F608E-648D-4763-804C-C0F567B38203}.Debug_Intel_Evaluation|Win32.Build.0 = Debug_Intel_Evaluation|Win32
		{DF6F608E-648D-4763-804C-C0F567B38203}.Debug_Intel_Evaluation|x64.ActiveCfg = Debug_Intel_Evaluation|x64
		{DF6F608E-648D-4763-804C-C0F567B38203}.Debug_Intel_Evaluation|x64.Build.0 = Debug_Intel_Evaluation|x64
		{DF6F608E-648D-4763-804C-C0F567B38203}.Debug_Intel|Win32.ActiveCfg = Debug_Intel|Win32
		{DF6F608E-648D-4763-804C-C0F567B38203}.Debug_Intel|Win32.Build.0 = Debug_Intel|Win32
		{DF6F608E-648D-4763-804C-C0F567B38203}.Debug_Intel|x64.ActiveCfg = Debug_Intel|x64
		{DF6F608E-648D-4763-804C-C0F567B38203}.Debug_Intel|x64.Build.0 = Debug_Intel|x64
		{DF6F608E-648D-4763-804C-C0F567B38203}.Debug|Win32.ActiveCfg = Debug|Win32
		{DF6F608E-648D-4763-804C-C0F567B38203}.Debug|Win32.Build.0 = Debug|Win32
		{DF6F608E-648D-4763-804C-C0F567B38203}.Debug|x64.ActiveCfg = Debug|x64
		{DF6F608E-648D-4763-804C-C0F567B38203}.Debug|x64.Build.0 = Debug|x64
		{DF6F608E-648D-4763-804C-C0F567B38203}.Release_Intel_Evaluation|Win32.ActiveCfg = Release_Intel_Evaluation|Win32
		{DF6F608E-648D-4763-804C-C0F567B38203}.Release_Intel_Evaluation|Win32.Build.0 = Release_Intel_Evaluation|Win32
		{DF6F608E-648D-4763-804C-C0F567B38203}.Release_Intel_Evaluation|x64.ActiveCfg = Release_Intel_Evaluation|x64
		{DF6F608E-648D-4763-804C-C0F567B38203}.Release_Intel_Evaluation|x64.Build.0 = Release_Intel_Evaluation|x64
		{DF6F608E-648D-4763-804C-C0F567B38203}.Release_Intel|Win32.ActiveCfg = Release_Intel|Win32
		{DF6F608E-648D-4763-804C-C0F567B38203}.Release_Intel|Win32.Build.0 = Release_Intel|Win32
		{DF6F608E-648D-4763-804C-C0F567B38203}.Release_Intel|x64.ActiveCfg = Release_Intel|x64
		{DF6F608E-648D-4763-804C-C0F567B38203}.Release_Intel|x64.Build.0 = Release_Intel|x64
		{DF6F608E-648D-4763-804C-C0F567B38203}.Release|Win32.ActiveCfg = Release|Win32
		{DF6F608E-648D-4763-804C-C0F567B38203}.Release|Win32.Build.0 = Release|Win32
		{DF6F608E-648D-4763-804C-C0F567B38203}.Release|x64.ActiveCfg = Release|x64
		{DF6F608E-648D-4763-804C-C0F567B38203}.Release|x64.Build.0 = Release|x64
		{E48418E7-2DCA-4642-80D5-09A8799C2549}.Debug_Intel_Evaluation|Win32.ActiveCfg = Debug|Win32
		{E48418E7-2DCA-4642-80D5-09A8799C2549}.Debug_Intel_Evaluation|Win32.Build.0 = Debug|Win32
		{E48418E7-2DCA-4642-80D5-09A8799C2549}.Debug_Intel_Evaluation|x64.ActiveCfg = Debug|x64
		{E48418E7-2DCA-4642-80D5-09A8799C2549}.Debug_Intel_Evaluation|x64.Build.0 = Debug|x64
		{E48418E7-2DCA-4642-80D5-09A8799C2549}.Debug_Intel|Win32.ActiveCfg = Debug|Win32
		{E48418E7-2DCA-4642-80D5-09A8799C2549}.Debug_Intel|Win32.Build.0 = Debug|Win32
		{E48418E7-2DCA-4642-80D5-09A8799C2549}.Debug_Intel|x64.ActiveCfg = Debug|x64
		{E48418E7-2DCA-4642-80D5-09A8799C2549}.Debug_Intel|x64.Build.0 = Debug|x64
		{E48418E7-2DCA-4642-80D5-09A8799C2549}.Debug|Win32.ActiveCfg = Debug|Win32
		{E48418E7-2DCA-4642-80D5-09A8799C2549}.Debug|Win32.Build.0 = Debug|Win32
		{E48418E7-2DCA-4642-80D5-09A8799C2549}.Debug|x64.ActiveCfg = Debug|x64
		{E48418E7-2DCA-4642-80D5-09A8799C2549}.Debug|x64.Build.0 = Debug|x64
		{E48418E7-2DCA-4642-80D5-09A8799C2549}.Release_Intel_Evaluation|Win32.ActiveCfg = Release|Win32
		{E48418E7-2DCA-4642-80D5-09A8799C2549}.Release_Intel_Evaluation|Win32.Build.0 = Release|Win32
		{E48418E7-2DCA-4642-80D5-09A8799C2549}.Release_Intel_Evaluation|x64.ActiveCfg = Release|x64
		{E48418E7-2DCA-4642-80D5-09A8799C2549}.Release_Intel_Evaluation|x64.Build.0 = Release|x64
		{E48418E7-2DCA-4642-80D5-09A8799C2549}.Release_Intel|Win32.ActiveCfg = Release|Win32
		{E48418E7-2DCA-4642-80D5-09A8799C2549}.Release_Intel|Win32.Build.0 = Release|Win32
		{E48418E7-2DCA-4642-80D5-09A8799C2549}.Release_Intel|x64.ActiveCfg = Release|x64
		{E48418E7-2DCA-4642-80D5-09A8799C2549}.Release_Intel|x64.Build.0 = Release|x64
		{E48418E7-2DCA-4642-80D5-09A8799C2549}.Release|Win32.ActiveCfg = Release|Win32
		{E48418E7-2DCA-4642-80D5-09A8799C2549}.Release|Win32.Build.0 = Release|Win32
		{E48418E7-2DCA-4642-80D5-09A8799C2549}.Release|x64.ActiveCfg = Release|x64
		{E48418E7-2DCA-4642-80D5-09A8799C2549}.Release|x64.Build.0 = Release|x64
		{6052E5BC-625F-4A6F-AA98-EFDFD15975CE}.Debug_Intel_Evaluation|Win32.ActiveCfg = Debug|Win32
		{6052E5BC-625F-4A6F-AA98-EFDFD15975CE}.Debug_Intel_Evaluation|Win32.Build.0 = Debug|Win32
		{6052E5BC-625F-4A6F-AA98-EFDFD15975CE}.Debug_Intel_Evaluation|x64.ActiveCfg = Debug|x64
		{6052E5BC-625F-4A6F-AA98-EFDFD15975CE}.Debug_Intel_Evaluation|x64.Build.0 = Debug|x64
		{6052E5BC-625F-4A6F-AA98-EFDFD15975CE}.Debug_Intel|Win32.ActiveCfg = Debug|Win32
		{6052E5BC-625F-4A6F-AA98-EFDFD15975CE}.Debug_Intel|Win32.Build.0 = Debug|Win32
		{6052E5BC-625F-4A6F-AA98-EFDFD15975CE}.Debug_Intel|x64.ActiveCfg = Debug|x64
		{6052E5BC-625F-4A6F-AA98-EFDFD15975CE}.Debug_Intel|x64.Build.0 = Debug|x64
		{6052E5BC-625F-4A6F-AA98-EFDFD15975CE}.Debug|Win32.ActiveCfg = Debug|Win32
		{6052E5BC-625F-4A6F-AA98-EFDFD15975CE}.Debug|Win32.Build.0 = Debug|Win32
		{6052E5BC-625F-4A6F-AA98-EFDFD15975CE}.Debug|x64.ActiveCfg = Debug|x64
		{6052E5BC-625F-4A6F-AA98-EFDFD15975CE}.Debug|x64.Build.0 = Debug|x64
		{6052E5BC-625F-4A6F-AA98-EFDFD15975CE}.Release_Intel_Evaluation|Win32.ActiveCfg = Release|Win32
		{6052E5BC-625F-4A6F-AA98-EFDFD15975CE}.Release_Intel_Evaluation|Win32.Build.0 = Release|Win32
		{6052E5BC-625F-4A6F-AA98-EFDFD15975CE}.Release_Intel_Evaluation|x64.ActiveCfg = Release|x64
		{6052E5BC-625F-4A6F-AA98-EFDFD15975CE}.Release_Intel_Evaluation|x64.Build.0 = Release|x64
		{6052E5BC-625F-4A6F-AA98-EFDFD15975CE}.Release_Intel|Win32.ActiveCfg = Release|Win32
		{6052E5BC-625F-4A6F-AA98-EFDFD15975CE}.Release_Intel|Win32.Build.0 = Release|Win32
		{6052E5BC-625F-4A6F-AA98-EFDFD15975CE}.Release_Intel|x64.ActiveCfg = Release|x64
		{6052E5BC-625F-4A6F-AA98-EFDFD15975CE}.Release_Intel|x64.Build.0 = Release|x64
		{6052E5BC-625F-4A6F-AA98-EFDFD15975CE}.Release|Win32.ActiveCfg = Release|Win32
		{6052E5BC-625F-4A6F-AA98-EFDFD15975CE}.Release|Win32.Build.0 = Release|Win32
		{6052E5BC-625F-4A6F-AA98-EFDFD15975CE}.Release|x64.ActiveCfg = Release|x64
		{6052E5BC-625F-4A6F-AA98-EFDFD15975CE}.Release|x64.Build.0 = Release|x64
		{C22074B5-4F12-464E-B7BE-6C169718E0E8}.Debug_Intel_Evaluation|Win32.ActiveCfg = Debug|Win32
		{C22074B5-4F12-464E-B7BE-6C169718E0E8}.Debug_Intel_Evaluation|Win32.Build.0 = Debug|Win32
		{C22074B5-4F12-464E-B7BE-6C169718E0E8}.Debug_Intel_Evaluation|x64.ActiveCfg = Debug|x64
		{C22074B5-4F12-464E-B7BE-6C169718E0E8}.Debug_Intel_Evaluation|x64.Build.0 = Debug|x64
		{C22074B5-4F12-464E-B7BE-6C169718E0E8}.Debug_Intel|Win32.ActiveCfg = Debug|Win32
		{C22074B5-4F12-464E-B7BE-6C169718E0E8}.Debug_Intel|Win32.Build.0 = Debug|Win32
		{C22074B5-4F12-464E-B7BE-6C169718E0E8}.Debug_Intel|x64.ActiveCfg = Debug|x64
		{C22074B5-4F12-464E-B7BE-6C169718E0E8}.Debug_Intel|x64.Build.0 = Debug|x64
		{C22074B5-4F12-464E-B7BE-6C169718E0E8}.Debug|Win32.ActiveCfg = Debug|Win32
		{C22074B5-4F12-464E-B7BE-6C169718E0E8}.Debug|Win32.Build.0 = Debug|Win32
		{C22074B5-4F12-464E-B7BE-6C169718E0E8}.Debug|x64.ActiveCfg = Debug|x64
		{C22074B5-4F12-464E-B7BE-6C169718E0E8}.Debug|x64.Build.0 = Debug|x64
		{C22074B5-4F12-464E-B7BE-6C169718E0E8}.Release_Intel_Evaluation|Win32.ActiveCfg = Release|Win32
		{C22074B5-4F12-464E-B7BE-6C169718E0E8}.Release_Intel_Evaluation|Win32.Build.0 = Release|Win32
		{C22074B5-4F12-464E-B7BE-6C169718E0E8}.Release_Intel_Evaluation|x64.ActiveCfg = Release|x64
		{C22074B5-4F12-464E-B7BE-6C169718E0E8}.Release_Intel_Evaluation|x64.Build.0 = Release|x64
		{C22074B5-4F12-464E-B7BE-6C169718E0E8}.Release_Intel|Win32.ActiveCfg = Release|Win32
		{C22074B5-4F12-464E-B7BE-6C169718E0E8}.Release_Intel|Win32.Build.0 = Release|Win32
		{C22074B5-4F12-464E-B7BE-6C169718E0E8}.Release_Intel|x64.ActiveCfg = Release|x64
		{C22074B5-4F12-464E-B7BE-6C169718E0E8}.Release_Intel|x64.Build.0 = Release|x64
		{C22074B5-4F12-464E-B7BE-6C169718E0E8}.Release|Win32.ActiveCfg = Release|Win32
		{C22074B5-4F12-464E-B7BE-6C169718E0E8}.Release|Win32.Build.0 = Release|Win32
		{C22074B5-4F12-464E-B7BE-6C169718E0E8}.Release|x64.ActiveCfg = Release|x64
		{C22074B5-4F12-464E-B7BE-6C169718E0E8}.Release|x64.Build.0 = Release|x64
		{51904F5C-544A-47FD-8220-B6B3B3B06FFE}.Debug_Intel_Evaluation|Win32.ActiveCfg = Debug|Win32
		{51904F5C-544A-47FD-8220-B6B3B3B06FFE}.Debug_Intel_Evaluation|Win32.Build.0 = Debug|Win32
		{51904F5C-544A-47FD-8220-B6B3B3B06FFE}.Debug_Intel_Evaluation|x64.ActiveCfg = Debug|x64
		{51904F5C-544A-47FD-8220-B6B3B3B06FFE}.Debug_Intel_Evaluation|x64.Build.0 = Debug|x64
		{51904F5C-544A-47FD-8220-B6B3B3B06FFE}.Debug_Intel|Win32.ActiveCfg = Debug|Win32
		{51904F5C-544A-47FD-8220-B6B3B3B06FFE}.Debug_Intel|Win32.Build.0 = Debug|Win32
		{51904F5C-544A-47FD-8220-B6B3B3B06FFE}.Debug_Intel|x64.ActiveCfg = Debug|x64
		{51904F5C-544A-47FD-8220-B6B3B3B06FFE}.Debug_Intel|x64.Build.0 = Debug|x64
		{51904F5C-544A-47FD-8220-B6B3B3B06FFE}.Debug|Win32.ActiveCfg = Debug|Win32
		{51904F5C-544A-47FD-8220-B6B3B3B06FFE}.Debug|Win32.Build.0 = Debug|Win32
		{51904F5C-544A-47FD-8220-B6B3B3B06FFE}.Debug|x64.ActiveCfg = Debug|x64
		{51904F5C-544A-47FD-8220-B6B3B3B06FFE}.Debug|x64.Build.0 = Debug|x64
		{51904F5C-544A-47FD-8220-B6B3B3B06FFE}.Release_Intel_Evaluation|Win32.ActiveCfg = Release|Win32
		{51904F5C-544A-47FD-8220-B6B3B3B06FFE}.Release_Intel_Evaluation|Win32.Build.0 = Release|Win32
		{51904F5C-544A-47FD-8220-B6B3B3B06FFE}.Release_Intel_Evaluation|x64.ActiveCfg = Release|x64
		{51904F5C-544A-47FD-8220-B6B3B3B06FFE}.Release_Intel_Evaluation|x64.Build.0 = Release|x64
		{51904F5C-544A-47FD-8220-B6B3B3B06FFE}.Release_Intel|Win32.ActiveCfg = Release|Win32
		{51904F5C-544A-47FD-8220-B6B3B3B06FFE}.Release_Intel|Win32.Build.0 = Release|Win32
		{51904F5C-544A-47FD-8220-B6B3B3B06FFE}.Release_Intel|x64.ActiveCfg = Release|x64
		{51904F5C-544A-47FD-8220-B6B3B3B06FFE}.Release_Intel|x64.Build.0 = Release|x64
		{51904F5C-544A-47FD-8220-B6B3B3B06FFE}.Release|Win32.ActiveCfg = Release|Win32
		{51904F5C-544A-47FD-8220-B6B3B3B06FFE}.Release|Win32.Build.0 = Release|Win32
		{51904F5C-544A-47FD-8220-B6B3B3B06FFE}.Release|x64.ActiveCfg = Release|x64
		{51904F5C-544A-47FD-8220-B6B3B3B06FFE}.Release|x64.Build.0 = Release|x64
		{314D0047-F36D-4922-95B0-9757FA9D667F}.Debug_Intel_Evaluation|Win32.ActiveCfg = Debug|Win32
		{314D0047-F36D-4922-95B0-9757FA9D667F}.Debug_Intel_Evaluation|Win32.Build.0 = Debug|Win32
		{314D0047-F36D-4922-95B0-9757FA9D667F}.Debug_Intel_Evaluation|x64.ActiveCfg = Debug|x64
		{314D0047-F36D-4922-95B0-9757FA9D667F}.Debug_Intel_Evaluation|x64.Build.0 = Debug|x64
		{314D0047-F36D-4922-95B0-9757FA9D667F}.Debug_Intel|Win32.ActiveCfg = Debug|Win32
		{314D0047-F36D-4922-95B0-9757FA9D667F}.Debug_Intel|Win32.Build.0 = Debug|Win32
		{314D0047-F36D-4922-95B0-9757FA9D667F}.Debug_Intel|x64.ActiveCfg = Debug|x64
		{314D0047-F36D-4922-95B0-9757FA9D667F}.Debug_Intel|x64.Build.0 = Debug|x64
		{314D0047-F36D-4922-95B0-9757FA9D667F}.Debug|Win32.ActiveCfg = Debug|Win32
		{314D0047-F36D-4922-95B0-9757FA9D667F}.Debug|Win32.Build.0 = Debug|Win32
		{314D0047-F36D-4922-95B0-9757FA9D667F}.Debug|x64.ActiveCfg = Debug|x64
		{314D0047-F36D-4922-95B0-9757FA9D667F}.Debug|x64.Build.0 = Debug|x64
		{314D0047-F36D-4922-95B0-9757FA9D667F}.Release_Intel_Evaluation|Win32.ActiveCfg = Release|Win32
		{314D0047-F36D-4922-95B0-9757FA9D667F}.Release_Intel_Evaluation|Win32.Build.0 = Release|Win32
		{314D0047-F36D-4922-95B0-9757FA9D667F}.Release_Intel_Evaluation|x64.ActiveCfg = Release|x64
		{314D0047-F36D-4922-95B0-9757FA9D667F}.Release_Intel_Evaluation|x64.Build.0 = Release|x64
		{314D0047-F36D-4922-95B0-9757FA9D667F}.Release_Intel|Win32.ActiveCfg = Release|Win32
		{314D0047-F36D-4922-95B0-9757FA9D667F}.Release_Intel|Win32.Build.0 = Release|Win32
		{314D0047-F36D-4922-95B0-9757FA9D667F}.Release_Intel|x64.ActiveCfg = Release|x64
		{314D0047-F36D-4922-95B0-9757FA9D667F}.Release_Intel|x64.Build.0 = Release|x64
		{314D0047-F36D-4922-95B0-9757FA9D667F}.Release|Win32.ActiveCfg = Release|Win32
		{314D0047-F36D-4922-95B0-9757FA9D667F}.Release|Win32.Build.0 = Release|Win32
		{314D0047-F36D-4922-95B0-9757FA9D667F}.Release|x64.ActiveCfg = Release|x64
		{314D0047-F36D-4922-95B0-9757FA9D667F}.Release|x64.Build.0 = Release|x64
		{8DC35B89-B4B7-4B48-B462-E589D4FDFEDE}.Debug_Intel_Evaluation|Win32.ActiveCfg = Debug|Win32
		{8DC35B89-B4B7-4B48-B462-E589D4FDFEDE}.Debug_Intel_Evaluation|Win32.Build.0 = Debug|Win32
		{8DC35B89-B4B7-4B48-B462-E589D4FDFEDE}.Debug_Intel_Evaluation|x64.ActiveCfg = Debug|x64
		{8DC35B89-B4B7-4B48-B462-E589D4FDFEDE}.Debug_Intel_Evaluation|x64.Build.0 = Debug|x64
		{8DC35B89-B4B7-4B48-B462-E589D4FDFEDE}.Debug_Intel|Win32.ActiveCfg = Debug|Win32
		{8DC35B89-B4B7-4B48-B462-E589D4FDFEDE}.Debug_Intel|Win32.Build.0 = Debug|Win32
		{8DC35B89-B4B7-4B48-B462-E589D4FDFEDE}.Debug_Intel|x64.ActiveCfg = Debug|x64
		{8DC35B89-B4B7-4B48-B462-E589D4FDFEDE}.Debug_Intel|x64.Build.0 = Debug|x64
		{8DC35B89-B4B7-4B48-B462-E589D4FDFEDE}.Debug|Win32.ActiveCfg = Debug|Win32
		{8DC35B89-B4B7-4B48-B462-E589D4FDFEDE}.Debug|Win32.Build.0 = Debug|Win32
		{8DC35B89-B4B7-4B48-B462-E589D4FDFEDE}.Debug|x64.ActiveCfg = Debug|x64
		{8DC35B89-B4B7-4B48-B462-E589D4FDFEDE}.Debug|x64.Build.0 = Debug|x64
		{8DC35B89-B4B7-4B48-B462-E589D4FDFEDE}.Release_Intel_Evaluation|Win32.ActiveCfg = Release|Win32
		{8DC35B89-B4B7-4B48-B462-E589D4FDFEDE}.Release_Intel_Evaluation|Win32.Build.0 = Release|Win32
		{8DC35B89-B4B7-4B48-B462-E589D4FDFEDE}.Release_Intel_Evaluation|x64.ActiveCfg = Release|x64
		{8DC35B89-B4B7-4B48-B462-E589D4FDFEDE}.Release_Intel_Evaluation|x64.Build.0 = Release|x64
		{8DC35B89-B4B7-4B48-B462-E589D4FDFEDE}.Release_Intel|Win32.ActiveCfg = Release|Win32
		{8DC35B89-B4B7-4B48-B462-E589D4FDFEDE}.Release_Intel|Win32.Build.0 = Release|Win32
		{8DC35B89-B4B7-4B48-B462-E589D4FDFEDE}.Release_Intel|x64.ActiveCfg = Release|x64
		{8DC35B89-B4B7-4B48-B462-E589D4FDFEDE}.Release_Intel|x64.Build.0 = Release|x64
		{8DC35B89-B4B7-4B48-B462-E589D4FDFEDE}.Release|Win32.ActiveCfg = Release|Win32
		{8DC35B89-B4B7-4B48-B462-E589D4FDFEDE}.Release|Win32.Build.0 = Release|Win32
		{8DC35B89-B4B7-4B48-B462-E589D4FDFEDE}.Release|x64.ActiveCfg = Release|x64
		{8DC35B89-B4B7-4B48-B462-E589D4FDFEDE}.Release|x64.Build.0 = Release|x64
		{68AD0BD0-170B-4CEA-8A55-D6B841D66203}.Debug_Intel_Evaluation|Win32.ActiveCfg = Debug|Win32
		{68AD0BD0-170B-4CEA-8A55-D6B841D66203}.Debug_Intel_Evaluation|Win32.Build.0 = Debug|Win32
		{68AD0BD0-170B-4CEA-8A55-D6B841D66203}.Debug_Intel_Evaluation|x64.ActiveCfg = Debug|x64
		{68AD0BD0-170B-4CEA-8A55-D6B841D66203}.Debug_Intel_Evaluation|x64.Build.0 = Debug|x64
		{68AD0BD0-170B-4CEA-8A55-D6B841D66203}.Debug_Intel|Win32.ActiveCfg = Debug|Win32
		{68AD0BD0-170B-4CEA-8A55-D6B841D66203}.Debug_Intel|Win32.Build.0 = Debug|Win32
		{68AD0BD0-170B-4CEA-8A55-D6B841D66203}.Debug_Intel|x64.ActiveCfg = Debug|x64
		{68AD0BD0-170B-4CEA-8A55-D6B841D66203}.Debug_Intel|x64.Build.0 = Debug|x64
		{68AD0BD0-170B-4CEA-8A55-D6B841D66203}.Debug|Win32.ActiveCfg = Debug|Win32
		{68AD0BD0-170B-4CEA-8A55-D6B841D66203}.Debug|Win32.Build.0 = Debug|Win32
		{68AD0BD0-170B-4CEA-8A55-D6B841D66203}.Debug|x64.ActiveCfg = Debug|x64
		{68AD0BD0-170B-4CEA-8A55-D6B841D66203}.Debug|x64.Build.0 = Debug|x64
		{68AD0BD0-170B-4CEA-8A55-D6B841D66203}.Release_Intel_Evaluation|Win32.ActiveCfg = Release|Win32
		{68AD0BD0-170B-4CEA-8A55-D6B841D66203}.Release_Intel_Evaluation|Win32.Build.0 = Release|Win32
		{68AD0BD0-170B-4CEA-8A55-D6B841D66203}.Release_Intel_Evaluation|x64.ActiveCfg = Release|x64
		{68AD0BD0-170B-4CEA-8A55-D6B841D66203}.Release_Intel_Evaluation|x64.Build.0 = Release|x64
		{68AD0BD0-170B-4CEA-8A55-D6B841D66203}.Release_Intel|Win32.ActiveCfg = Release|Win32
		{68AD0BD0-170B-4CEA-8A55-D6B841D66203}.Release_Intel|Win32.Build.0 = Release|Win32
		{68AD0BD0-170B-4CEA-8A55-D6B841D66203}.Release_Intel|x64.ActiveCfg = Release|x64
		{68AD0BD0-170B-4CEA-8A55-D6B841D66203}.Release_Intel|x64.Build.0 = Release|x64
		{68AD0BD0-170B-4CEA-8A55-D6B841D66203}.Release|Win32.ActiveCfg = Release|Win32
		{68AD0BD0-170B-4CEA-8A55-D6B841D66203}.Release|Win32.Build.0 = Release|Win32
		{68AD0BD0-170B-4CEA-8A55-D6B841D66203}.Release|x64.ActiveCfg = Release|x64
		{68AD0BD0-170B-4CEA-8A55-D6B841D66203}.Release|x64.Build.0 = Release|x64
		{BCF730DA-BE63-4102-808E-D0DA2FD020C0}.Debug_Intel_Evaluation|Win32.ActiveCfg = Debug_Intel|Win32
		{BCF730DA-BE63-4102-808E-D0DA2FD020C0}.Debug_Intel_Evaluation|Win32.Build.0 = Debug_Intel|Win32
		{BCF730DA-BE63-4102-808E-D0DA2FD020C0}.Debug_Intel_Evaluation|x64.ActiveCfg = Debug_Intel|x64
		{BCF730DA-BE63-4102-808E-D0DA2FD020C0}.Debug_Intel_Evaluation|x64.Build.0 = Debug_Intel|x64
		{BCF730DA-BE63-4102-808E-D0DA2FD020C0}.Debug_Intel|Win32.ActiveCfg = Debug_Intel|Win32
		{BCF730DA-BE63-4102-808E-D0DA2FD020C0}.Debug_Intel|Win32.Build.0 = Debug_Intel|Win32
		{BCF730DA-BE63-4102-808E-D0DA2FD020C0}.Debug_Intel|x64.ActiveCfg = Debug_Intel|x64
		{BCF730DA-BE63-4102-808E-D0DA2FD020C0}.Debug_Intel|x64.Build.0 = Debug_Intel|x64
		{BCF730DA-BE63-4102-808E-D0DA2FD020C0}.Debug|Win32.ActiveCfg = Debug|Win32
		{BCF730DA-BE63-4102-808E-D0DA2FD020C0}.Debug|Win32.Build.0 = Debug|Win32
		{BCF730DA-BE63-4102-808E-D0DA2FD020C0}.Debug|x64.ActiveCfg = Debug|x64
		{BCF730DA-BE63-4102-808E-D0DA2FD020C0}.Debug|x64.Build.0 = Debug|x64
		{BCF730DA-BE63-4102-808E-D0DA2FD020C0}.Release_Intel_Evaluation|Win32.ActiveCfg = Release_Intel|Win32
		{BCF730DA-BE63-4102-808E-D0DA2FD020C0}.Release_Intel_Evaluation|Win32.Build.0 = Release_Intel|Win32
		{BCF730DA-BE63-4102-808E-D0DA2FD020C0}.Release_Intel_Evaluation|x64.ActiveCfg = Release_Intel|x64
		{BCF730DA-BE63-4102-808E-D0DA2FD020C0}.Release_Intel_Evaluation|x64.Build.0 = Release_Intel|x64
		{BCF730DA-BE63-4102-808E-D0DA2FD020C0}.Release_Intel|Win32.ActiveCfg = Release_Intel|Win32
		{BCF730DA-BE63-4102-808E-D0DA2FD020C0}.Release_Intel|Win32.Build.0 = Release_Intel|Win32
		{BCF730DA-BE63-4102-808E-D0DA2FD020C0}.Release_Intel|x64.ActiveCfg = Release_Intel|x64
		{BCF730DA-BE63-4102-808E-D0DA2FD020C0}.Release_Intel|x64.Build.0 = Release_Intel|x64
		{BCF730DA-BE63-4102-808E-D0DA2FD020C0}.Release|Win32.ActiveCfg = Release|Win32
		{BCF730DA-BE63-4102-808E-D0DA2FD020C0}.Release|Win32.Build.0 = Release|Win32
		{BCF730DA-BE63-4102-808E-D0DA2FD020C0}.Release|x64.ActiveCfg = Release|x64
		{BCF730DA-BE63-4102-808E-D0DA2FD020C0}.Release|x64.Build.0 = Release|x64
		{E5218B2C-079C-4DD8-9850-6E8BEEF4A44F}.Debug_Intel_Evaluation|Win32.ActiveCfg = Debug_Intel|Win32
		{E5218B2C-079C-4DD8-9850-6E8BEEF4A44F}.Debug_Intel_Evaluation|Win32.Build.0 = Debug_Intel|Win32
		{E5218B2C-079C-4DD8-9850-6E8BEEF4A44F}.Debug_Intel_Evaluation|x64.ActiveCfg = Debug_Intel|x64
		{E5218B2C-079C-4DD8-9850-6E8BEEF4A44F}.Debug_Intel_Evaluation|x64.Build.0 = Debug_Intel|x64
		{E5218B2C-079C-4DD8-9850-6E8BEEF4A44F}.Debug_Intel|Win32.ActiveCfg = Debug_Intel|Win32
		{E5218B2C-079C-4DD8-9850-6E8BEEF4A44F}.Debug_Intel|Win32.Build.0 = Debug_Intel|Win32
		{E5218B2C-079C-4DD8-9850-6E8BEEF4A44F}.Debug_Intel|x64.ActiveCfg = Debug_Intel|x64
		{E5218B2C-079C-4DD8-9850-6E8BEEF4A44F}.Debug_Intel|x64.Build.0 = Debug_Intel|x64
		{E5218B2C-079C-4DD8-9850-6E8BEEF4A44F}.Debug|Win32.ActiveCfg = Debug|Win32
		{E5218B2C-079C-4DD8-9850-6E8BEEF4A44F}.Debug|Win32.Build.0 = Debug|Win32
		{E5218B2C-079C-4DD8-9850-6E8BEEF4A44F}.Debug|x64.ActiveCfg = Debug|x64
		{E5218B2C-079C-4DD8-9850-6E8BEEF4A44F}.Debug|x64.Build.0 = Debug|x64
		{E5218B2C-079C-4DD8-9850-6E8BEEF4A44F}.Release_Intel_Evaluation|Win32.ActiveCfg = Release_Intel|Win32
		{E5218B2C-079C-4DD8-9850-6E8BEEF4A44F}.Release_Intel_Evaluation|Win32.Build.0 = Release_Intel|Win32
		{E5218B2C-079C-4DD8-9850-6E8BEEF4A44F}.Release_Intel_Evaluation|x64.ActiveCfg = Release_Intel|x64
		{E5218B2C-079C-4DD8-9850-6E8BEEF4A44F}.Release_Intel_Evaluation|x64.Build.0 = Release_Intel|x64
		{E5218B2C-079C-4DD8-9850-6E8BEEF4A44F}.Release_Intel|Win32.ActiveCfg = Release_Intel|Win32
		{E5218B2C-079C-4DD8-9850-6E8BEEF4A44F}.Release_Intel|Win32.Build.0 = Release_Intel|Win32
		{E5218B2C-079C-4DD8-9850-6E8BEEF4A44F}.Release_Intel|x64.ActiveCfg = Release_Intel|x64
		{E5218B2C-079C-4DD8-9850-6E8BEEF4A44F}.Release_Intel|x64.Build.0 = Release_Intel|x64
		{E5218B2C-079C-4DD8-9850-6E8BEEF4A44F}.Release|Win32.ActiveCfg = Release|Win32
		{E5218B2C-079C-4DD8-9850-6E8BEEF4A44F}.Release|Win32.Build.0 = Release|Win32
		{E5218B2C-079C-4DD8-9850-6E8BEEF4A44F}.Release|x64.ActiveCfg = Release|x64
		{E5218B2C-079C-4DD8-9850-6E8BEEF4A44F}.Release|x64.Build.0 = Release|x64
		{CC6F0F40-31C9-40AB-AED8-46E87505D2C1}.Debug_Intel_Evaluation|Win32.ActiveCfg = Debug_Intel|Win32
		{CC6F0F40-31C9-40AB-AED8-46E87505D2C1}.Debug_Intel_Evaluation|Win32.Build.0 = Debug_Intel|Win32
		{CC6F0F40-31C9-40AB-AED8-46E87505D2C1}.Debug_Intel_Evaluation|x64.ActiveCfg = Debug_Intel|x64
		{CC6F0F40-31C9-40AB-AED8-46E87505D2C1}.Debug_Intel_Evaluation|x64.Build.0 = Debug_Intel|x64
		{CC6F0F40-31C9-40AB-AED8-46E87505D2C1}.Debug_Intel|Win32.ActiveCfg = Debug_Intel|Win32
		{CC6F0F40-31C9-40AB-AED8-46E87505D2C1}.Debug_Intel|Win32.Build.0 = Debug_Intel|Win32
		{CC6F0F40-31C9-40AB-AED8-46E87505D2C1}.Debug_Intel|x64.ActiveCfg = Debug_Intel|x64
		{CC6F0F40-31C9-40AB-AED8-46E87505D2C1}.Debug_Intel|x64.Build.0 = Debug_Intel|x64
		{CC6F0F40-31C9-40AB-AED8-46E87505D2C1}.Debug|Win32.ActiveCfg = Debug|Win32
		{CC6F0F40-31C9-40AB-AED8-46E87505D2C1}.Debug|Win32.Build.0 = Debug|Win32
		{CC6F0F40-31C9-40AB-AED8-46E87505D2C1}.Debug|x64.ActiveCfg = Debug|x64
		{CC6F0F40-31C9-40AB-AED8-46E87505D2C1}.Debug|x64.Build.0 = Debug|x64
		{CC6F0F40-31C9-40AB-AED8-46E87505D2C1}.Release_Intel_Evaluation|Win32.ActiveCfg = Release_Intel|Win32
		{CC6F0F40-31C9-40AB-AED8-46E87505D2C1}.Release_Intel_Evaluation|Win32.Build.0 = Release_Intel|Win32
		{CC6F0F40-31C9-40AB-AED8-46E87505D2C1}.Release_Intel_Evaluation|x64.ActiveCfg = Release_Intel|x64
		{CC6F0F40-31C9-40AB-AED8-46E87505D2C1}.Release_Intel_Evaluation|x64.Build.0 = Release_Intel|x64
		{CC6F0F40-31C9-40AB-AED8-46E87505D2C1}.Release_Intel|Win32.ActiveCfg = Release_Intel|Win32
		{CC6F0F40-31C9-40AB-AED8-46E87505D2C1}.Release_Intel|Win32.Build.0 = Release_Intel|Win32
		{CC6F0F40-31C9-40AB-AED8-46E87505D2C1}.Release_Intel|x64.ActiveCfg = Release_Intel|x64
		{CC6F0F40-31C9-40AB-AED8-46E87505D2C1}.Release_Intel|x64.Build.0 = Release_Intel|x64
		{CC6F0F40-31C9-40AB-AED8-46E87505D2C1}.Release|Win32.ActiveCfg = Release|Win32
		{CC6F0F40-31C9-40AB-AED8-46E87505D2C1}.Release|Win32.Build.0 = Release|Win32
		{CC6F0F40-31C9-40AB-AED8-46E87505D2C1}.Release|x64.ActiveCfg = Release|x64
		{CC6F0F40-31C9-40AB-AED8-46E87505D2C1}.Release|x64.Build.0 = Release|x64
		{88728ECB-FE93-4FA0-AE29-7DC855E1C9C9}.Debug_Intel_Evaluation|Win32.ActiveCfg = Debug_Intel|Win32
		{88728ECB-FE93-4FA0-AE29-7DC855E1C9C9}.Debug_Intel_Evaluation|Win32.Build.0 = Debug_Intel|Win32
		{88728ECB-FE93-4FA0-AE29-7DC855E1C9C9}.Debug_Intel_Evaluation|x64.ActiveCfg = Debug_Intel|x64
		{88728ECB-FE93-4FA0-AE29-7DC855E1C9C9}.Debug_Intel_Evaluation|x64.Build.0 = Debug_Intel|x64
		{88728ECB-FE93-4FA0-AE29-7DC855E1C9C9}.Debug_Intel|Win32.ActiveCfg = Debug_Intel|Win32
		{88728ECB-FE93-4FA0-AE29-7DC855E1C9C9}.Debug_Intel|Win32.Build.0 = Debug_Intel|Win32
		{88728ECB-FE93-4FA0-AE29-7DC855E1C9C9}.Debug_Intel|x64.ActiveCfg = Debug_Intel|x64
		{88728ECB-FE93-4FA0-AE29-7DC855E1C9C9}.Debug_Intel|x64.Build.0 = Debug_Intel|x64
		{88728ECB-FE93-4FA0-AE29-7DC855E1C9C9}.Debug|Win32.ActiveCfg = Debug|Win32
		{88728ECB-FE93-4FA0-AE29-7DC855E1C9C9}.Debug|Win32.Build.0 = Debug|Win32
		{88728ECB-FE93-4FA0-AE29-7DC855E1C9C9}.Debug|x64.ActiveCfg = Debug|x64
		{88728ECB-FE93-4FA0-AE29-7DC855E1C9C9}.Debug|x64.Build.0 = Debug|x64
		{88728ECB-FE93-4FA0-AE29-7DC855E1C9C9}.Release_Intel_Evaluation|Win32.ActiveCfg = Release_Intel|Win32
		{88728ECB-FE93-4FA0-AE29-7DC855E1C9C9}.Release_Intel_Evaluation|Win32.Build.0 = Release_Intel|Win32
		{88728ECB-FE93-4FA0-AE29-7DC855E1C9C9}.Release_Intel_Evaluation|x64.ActiveCfg = Release_Intel|x64
		{88728ECB-FE93-4FA0-AE29-7DC855E1C9C9}.Release_Intel_Evaluation|x64.Build.0 = Release_Intel|x64
		{88728ECB-FE93-4FA0-AE29-7DC855E1C9C9}.Release_Intel|Win32.ActiveCfg = Release_Intel|Win32
		{88728ECB-FE93-4FA0-AE29-7DC855E1C9C9}.Release_Intel|Win32.Build.0 = Release_Intel|Win32
		{88728ECB-FE93-4FA0-AE29-7DC855E1C9C9}.Release_Intel|x64.ActiveCfg = Release_Intel|x64
		{88728ECB-FE93-4FA0-AE29-7DC855E1C9C9}.Release_Intel|x64.Build.0 = Release_Intel|x64
		{88728ECB-FE93-4FA0-AE29-7DC855E1C9C9}.Release|Win32.ActiveCfg = Release|Win32
		{88728ECB-FE93-4FA0-AE29-7DC855E1C9C9}.Release|Win32.Build.0 = Release|Win32
		{88728ECB-FE93-4FA0-AE29-7DC855E1C9C9}.Release|x64.ActiveCfg = Release|x64
		{88728ECB-FE93-4FA0-AE29-7DC855E1C9C9}.Release|x64.Build.0 = Release|x64
		{951BFB03-0FCC-4707-9930-33D97B80FE57}.Debug_Intel_Evaluation|Win32.ActiveCfg = Debug_Intel|Win32
		{951BFB03-0FCC-4707-9930-33D97B80FE57}.Debug_Intel_Evaluation|Win32.Build.0 = Debug_Intel|Win32
		{951BFB03-0FCC-4707-9930-33D97B80FE57}.Debug_Intel_Evaluation|x64.ActiveCfg = Debug_Intel|x64
		{951BFB03-0FCC-4707-9930-33D97B80FE57}.Debug_Intel_Evaluation|x64.Build.0 = Debug_Intel|x64
		{951BFB03-0FCC-4707-9930-33D97B80FE57}.Debug_Intel|Win32.ActiveCfg = Debug_Intel|Win32
		{951BFB03-0FCC-4707-9930-33D97B80FE57}.Debug_Intel|Win32.Build.0 = Debug_Intel|Win32
		{951BFB03-0FCC-4707-9930-33D97B80FE57}.Debug_Intel|x64.ActiveCfg = Debug_Intel|x64
		{951BFB03-0FCC-4707-9930-33D97B80FE57}.Debug_Intel|x64.Build.0 = Debug_Intel|x64
		{951BFB03-0FCC-4707-9930-33D97B80FE57}.Debug|Win32.ActiveCfg = Debug|Win32
		{951BFB03-0FCC-4707-9930-33D97B80FE57}.Debug|Win32.Build.0 = Debug|Win32
		{951BFB03-0FCC-4707-9930-33D97B80FE57}.Debug|x64.ActiveCfg = Debug|x64
		{951BFB03-0FCC-4707-9930-33D97B80FE57}.Debug|x64.Build.0 = Debug|x64
		{951BFB03-0FCC-4707-9930-33D97B80FE57}.Release_Intel_Evaluation|Win32.ActiveCfg = Release_Intel|Win32
		{951BFB03-0FCC-4707-9930-33D97B80FE57}.Release_Intel_Evaluation|Win32.Build.0 = Release_Intel|Win32
		{951BFB03-0FCC-4707-9930-33D97B80FE57}.Release_Intel_Evaluation|x64.ActiveCfg = Release_Intel|x64
		{951BFB03-0FCC-4707-9930-33D97B80FE57}.Release_Intel_Evaluation|x64.Build.0 = Release_Intel|x64
		{951BFB03-0FCC-4707-9930-33D97B80FE57}.Release_Intel|Win32.ActiveCfg = Release_Intel|Win32
		{951BFB03-0FCC-4707-9930-33D97B80FE57}.Release_Intel|Win32.Build.0 = Release_Intel|Win32
		{951BFB03-0FCC-4707-9930-33D97B80FE57}.Release_Intel|x64.ActiveCfg = Release_Intel|x64
		{951BFB03-0FCC-4707-9930-33D97B80FE57}.Release_Intel|x64.Build.0 = Release_Intel|x64
		{951BFB03-0FCC-4707-9930-33D97B80FE57}.Release|Win32.ActiveCfg = Release|Win32
		{951BFB03-0FCC-4707-9930-33D97B80FE57}.Release|Win32.Build.0 = Release|Win32
		{951BFB03-0FCC-4707-9930-33D97B80FE57}.Release|x64.ActiveCfg = Release|x64
		{951BFB03-0FCC-4707-9930-33D97B80FE57}.Release|x64.Build.0 = Release|x64
		{D9092AE0-0055-43D5-B259-7C03CAD09B11}.Debug_Intel_Evaluation|Win32.ActiveCfg = Debug_Intel|Win32
		{D9092AE0-0055-43D5-B259-7C03CAD09B11}.Debug_Intel_Evaluation|Win32.Build.0 = Debug_Intel|Win32
		{D9092AE0-0055-43D5-B259-7C03CAD09B11}.Debug_Intel_Evaluation|x64.ActiveCfg = Debug_Intel|x64
		{D9092AE0-0055-43D5-B259-7C03CAD09B11}.Debug_Intel_Evaluation|x64.Build.0 = Debug_Intel|x64
		{D9092AE0-0055-43D5-B259-7C03CAD09B11}.Debug_Intel|Win32.ActiveCfg = Debug_Intel|Win32
		{D9092AE0-0055-43D5-B259-7C03CAD09B11}.Debug_Intel|Win32.Build.0 = Debug_Intel|Win32
		{D9092AE0-0055-43D5-B259-7C03CAD09B11}.Debug_Intel|x64.ActiveCfg = Debug_Intel|x64
		{D9092AE0-0055-43D5-B259-7C03CAD09B11}.Debug_Intel|x64.Build.0 = Debug_Intel|x64
		{D9092AE0-0055-43D5-B259-7C03CAD09B11}.Debug|Win32.ActiveCfg = Debug|Win32
		{D9092AE0-0055-43D5-B259-7C03CAD09B11}.Debug|Win32.Build.0 = Debug|Win32
		{D9092AE0-0055-43D5-B259-7C03CAD09B11}.Debug|x64.ActiveCfg = Debug|x64
		{D9092AE0-0055-43D5-B259-7C03CAD09B11}.Debug|x64.Build.0 = Debug|x64
		{D9092AE0-0055-43D5-B259-7C03CAD09B11}.Release_Intel_Evaluation|Win32.ActiveCfg = Release_Intel|Win32
		{D9092AE0-0055-43D5-B259-7C03CAD09B11}.Release_Intel_Evaluation|Win32.Build.0 = Release_Intel|Win32
		{D9092AE0-0055-43D5-B259-7C03CAD09B11}.Release_Intel_Evaluation|x64.ActiveCfg = Release_Intel|x64
		{D9092AE0-0055-43D5-B259-7C03CAD09B11}.Release_Intel_Evaluation|x64.Build.0 = Release_Intel|x64
		{D9092AE0-0055-43D5-B259-7C03CAD09B11}.Release_Intel|Win32.ActiveCfg = Release_Intel|Win32
		{D9092AE0-0055-43D5-B259-7C03CAD09B11}.Release_Intel|Win32.Build.0 = Release_Intel|Win32
		{D9092AE0-0055-43D5-B259-7C03CAD09B11}.Release_Intel|x64.ActiveCfg = Release_Intel|x64
		{D9092AE0-0055-43D5-B259-7C03CAD09B11}.Release_Intel|x64.Build.0 = Release_Intel|x64
		{D9092AE0-0055-43D5-B259-7C03CAD09B11}.Release|Win32.ActiveCfg = Release|Win32
		{D9092AE0-0055-43D5-B259-7C03CAD09B11}.Release|Win32.Build.0 = Release|Win32
		{D9092AE0-0055-43D5-B259-7C03CAD09B11}.Release|x64.ActiveCfg = Release|x64
		{D9092AE0-0055-43D5-B259-7C03CAD09B11}.Release|x64.Build.0 = Release|x64
		{8F1F988B-6724-4586-A96E-A03C938B38B4}.Debug_Intel_Evaluation|Win32.ActiveCfg = Debug_Intel|Win32
		{8F1F988B-6724-4586-A96E-A03C938B38B4}.Debug_Intel_Evaluation|Win32.Build.0 = Debug_Intel|Win32
		{8F1F988B-6724-4586-A96E-A03C938B38B4}.Debug_Intel_Evaluation|x64.ActiveCfg = Debug_Intel|x64
		{8F1F988B-6724-4586-A96E-A03C938B38B4}.Debug_Intel_Evaluation|x64.Build.0 = Debug_Intel|x64
		{8F1F988B-6724-4586-A96E-A03C938B38B4}.Debug_Intel|Win32.ActiveCfg = Debug_Intel|Win32
		{8F1F988B-6724-4586-A96E-A03C938B38B4}.Debug_Intel|Win32.Build.0 = Debug_Intel|Win32
		{8F1F988B-6724-4586-A96E-A03C938B38B4}.Debug_Intel|x64.ActiveCfg = Debug_Intel|x64
		{8F1F988B-6724-4586-A96E-A03C938B38B4}.Debug_Intel|x64.Build.0 = Debug_Intel|x64
		{8F1F988B-6724-4586-A96E-A03C938B38B4}.Debug|Win32.ActiveCfg = Debug|Win32
		{8F1F988B-6724-4586-A96E-A03C938B38B4}.Debug|Win32.Build.0 = Debug|Win32
		{8F1F988B-6724-4586-A96E-A03C938B38B4}.Debug|x64.ActiveCfg = Debug|x64
		{8F1F988B-6724-4586-A96E-A03C938B38B4}.Debug|x64.Build.0 = Debug|x64
		{8F1F988B-6724-4586-A96E-A03C938B38B4}.Release_Intel_Evaluation|Win32.ActiveCfg = Release_Intel|Win32
		{8F1F988B-6724-4586-A96E-A03C938B38B4}.Release_Intel_Evaluation|Win32.Build.0 = Release_Intel|Win32
		{8F1F988B-6724-4586-A96E-A03C938B38B4}.Release_Intel_Evaluation|x64.ActiveCfg = Release_Intel|x64
		{8F1F988B-6724-4586-A96E-A03C938B38B4}.Release_Intel_Evaluation|x64.Build.0 = Release_Intel|x64
		{8F1F988B-6724-4586-A96E-A03C938B38B4}.Release_Intel|Win32.ActiveCfg = Release_Intel|Win32
		{8F1F988B-6724-4586-A96E-A03C938B38B4}.Release_Intel|Win32.Build.0 = Release_Intel|Win32
		{8F1F988B-6724-4586-A96E-A03C938B38B4}.Release_Intel|x64.ActiveCfg = Release_Intel|x64
		{8F1F988B-6724-4586-A96E-A03C938B38B4}.Release_Intel|x64.Build.0 = Release_Intel|x64
		{8F1F988B-6724-4586-A96E-A03C938B38B4}.Release|Win32.ActiveCfg = Release|Win32
		{8F1F988B-6724-4586-A96E-A03C938B38B4}.Release|Win32.Build.0 = Release|Win32
		{8F1F988B-6724-4586-A96E-A03C938B38B4}.Release|x64.ActiveCfg = Release|x64
		{8F1F988B-6724-4586-A96E-A03C938B38B4}.Release|x64.Build.0 = Release|x64
		{C25BD9B5-317B-4426-B5F5-DB82D79C8218}.Debug_Intel_Evaluation|Win32.ActiveCfg = Debug|Win32
		{C25BD9B5-317B-4426-B5F5-DB82D79C8218}.Debug_Intel_Evaluation|Win32.Build.0 = Debug|Win32
		{C25BD9B5-317B-4426-B5F5-DB82D79C8218}.Debug_Intel_Evaluation|x64.ActiveCfg = Debug_Evaluation|x64
		{C25BD9B5-317B-4426-B5F5-DB82D79C8218}.Debug_Intel_Evaluation|x64.Build.0 = Debug_Evaluation|x64
		{C25BD9B5-317B-4426-B5F5-DB82D79C8218}.Debug_Intel|Win32.ActiveCfg = Debug|Win32
		{C25BD9B5-317B-4426-B5F5-DB82D79C8218}.Debug_Intel|Win32.Build.0 = Debug|Win32
		{C25BD9B5-317B-4426-B5F5-DB82D79C8218}.Debug_Intel|x64.ActiveCfg = Debug|x64
		{C25BD9B5-317B-4426-B5F5-DB82D79C8218}.Debug_Intel|x64.Build.0 = Debug|x64
		{C25BD9B5-317B-4426-B5F5-DB82D79C8218}.Debug|Win32.ActiveCfg = Debug|Win32
		{C25BD9B5-317B-4426-B5F5-DB82D79C8218}.Debug|Win32.Build.0 = Debug|Win32
		{C25BD9B5-317B-4426-B5F5-DB82D79C8218}.Debug|x64.ActiveCfg = Debug|x64
		{C25BD9B5-317B-4426-B5F5-DB82D79C8218}.Debug|x64.Build.0 = Debug|x64
		{C25BD9B5-317B-4426-B5F5-DB82D79C8218}.Release_Intel_Evaluation|Win32.ActiveCfg = Release|Win32
		{C25BD9B5-317B-4426-B5F5-DB82D79C8218}.Release_Intel_Evaluation|Win32.Build.0 = Release|Win32
		{C25BD9B5-317B-4426-B5F5-DB82D79C8218}.Release_Intel_Evaluation|x64.ActiveCfg = Release_Evaluation|x64
		{C25BD9B5-317B-4426-B5F5-DB82D79C8218}.Release_Intel_Evaluation|x64.Build.0 = Release_Evaluation|x64
		{C25BD9B5-317B-4426-B5F5-DB82D79C8218}.Release_Intel|Win32.ActiveCfg = Release|Win32
		{C25BD9B5-317B-4426-B5F5-DB82D79C8218}.Release_Intel|Win32.Build.0 = Release|Win32
		{C25BD9B5-317B-4426-B5F5-DB82D79C8218}.Release_Intel|x64.ActiveCfg = Release|x64
		{C25BD9B5-317B-4426-B5F5-DB82D79C8218}.Release_Intel|x64.Build.0 = Release|x64
		{C25BD9B5-317B-4426-B5F5-DB82D79C8218}.Release|Win32.ActiveCfg = Release|Win32
		{C25BD9B5-317B-4426-B5F5-DB82D79C8218}.Release|Win32.Build.0 = Release|Win32
		{C25BD9B5-317B-4426-B5F5-DB82D79C8218}.Release|x64.ActiveCfg = Release|x64
		{C25BD9B5-317B-4426-B5F5-DB82D79C8218}.Release|x64.Build.0 = Release|x64
	EndGlobalSection
	GlobalSection(SolutionProperties) = preSolution
		HideSolutionNode = FALSE
	EndGlobalSection
	GlobalSection(NestedProjects) = preSolution
		{E48418E7-2DCA-4642-80D5-09A8799C2549} = {03F908B1-B331-4B8C-9CCC-D88FAAC81551}
		{6052E5BC-625F-4A6F-AA98-EFDFD15975CE} = {03F908B1-B331-4B8C-9CCC-D88FAAC81551}
		{C22074B5-4F12-464E-B7BE-6C169718E0E8} = {03F908B1-B331-4B8C-9CCC-D88FAAC81551}
		{51904F5C-544A-47FD-8220-B6B3B3B06FFE} = {03F908B1-B331-4B8C-9CCC-D88FAAC81551}
		{314D0047-F36D-4922-95B0-9757FA9D667F} = {03F908B1-B331-4B8C-9CCC-D88FAAC81551}
		{8DC35B89-B4B7-4B48-B462-E589D4FDFEDE} = {03F908B1-B331-4B8C-9CCC-D88FAAC81551}
		{BCF730DA-BE63-4102-808E-D0DA2FD020C0} = {03F908B1-B331-4B8C-9CCC-D88FAAC81551}
		{0EAF09EF-9FDA-466F-9080-DF2DB4B51FFE} = {7F062987-688B-4FFD-884C-18439EE8743F}
		{E5218B2C-079C-4DD8-9850-6E8BEEF4A44F} = {0EAF09EF-9FDA-466F-9080-DF2DB4B51FFE}
		{CC6F0F40-31C9-40AB-AED8-46E87505D2C1} = {0EAF09EF-9FDA-466F-9080-DF2DB4B51FFE}
		{88728ECB-FE93-4FA0-AE29-7DC855E1C9C9} = {0EAF09EF-9FDA-466F-9080-DF2DB4B51FFE}
		{951BFB03-0FCC-4707-9930-33D97B80FE57} = {0EAF09EF-9FDA-466F-9080-DF2DB4B51FFE}
		{D9092AE0-0055-43D5-B259-7C03CAD09B11} = {0EAF09EF-9FDA-466F-9080-DF2DB4B51FFE}
		{8F1F988B-6724-4586-A96E-A03C938B38B4} = {0EAF09EF-9FDA-466F-9080-DF2DB4B51FFE}
	EndGlobalSection
EndGlobal
