
Microsoft Visual Studio Solution File, Format Version 12.00
# Visual Studio 2012
Project("{8BC9CEB8-8B4A-11D0-8D11-00A0C91BC942}") = "mfxplugin_h264la", "mfxplugin_h264la.vcxproj", "{0F0688E1-D9B7-4146-8CBB-F1072556CF65}"
	ProjectSection(ProjectDependencies) = postProject
		{F1BDC47D-0532-4BCC-8217-44C46A8FD5CF} = {F1BDC47D-0532-4BCC-8217-44C46A8FD5CF}
	EndProjectSection
EndProject
Project("{2150E333-8FDC-42A3-9474-1A3956D46DE8}") = "UMC", "UMC", "{03F908B1-B331-4B8C-9CCC-D88FAAC81551}"
EndProject
Project("{8BC9CEB8-8B4A-11D0-8D11-00A0C91BC942}") = "libmfxhw_plugin_h264la", "libmfxhw_plugin_h264la.vcxproj", "{0D84CBD0-9E45-4898-8CCF-465320954E7C}"
	ProjectSection(ProjectDependencies) = postProject
		{C25BD9B5-317B-4426-B5F5-DB82D79C8218} = {C25BD9B5-317B-4426-B5F5-DB82D79C8218}
	EndProjectSection
EndProject
Project("{8BC9CEB8-8B4A-11D0-8D11-00A0C91BC942}") = "vm", "..\..\shared\umc\core\vm\vm.vcxproj", "{E48418E7-2DCA-4642-80D5-09A8799C2549}"
EndProject
Project("{8BC9CEB8-8B4A-11D0-8D11-00A0C91BC942}") = "vm_plus", "..\..\shared\umc\core\vm_plus\vm_plus.vcxproj", "{6052E5BC-625F-4A6F-AA98-EFDFD15975CE}"
EndProject
Project("{8BC9CEB8-8B4A-11D0-8D11-00A0C91BC942}") = "umc", "..\..\shared\umc\core\umc\base_classes.vcxproj", "{C22074B5-4F12-464E-B7BE-6C169718E0E8}"
EndProject
Project("{8BC9CEB8-8B4A-11D0-8D11-00A0C91BC942}") = "color_space_converter", "..\..\shared\umc\codec\color_space_converter\color_space_converter.vcxproj", "{51904F5C-544A-47FD-8220-B6B3B3B06FFE}"
EndProject
Project("{8BC9CEB8-8B4A-11D0-8D11-00A0C91BC942}") = "media_buffers", "..\..\shared\umc\io\media_buffers\media_buffers.vcxproj", "{314D0047-F36D-4922-95B0-9757FA9D667F}"
EndProject
Project("{8BC9CEB8-8B4A-11D0-8D11-00A0C91BC942}") = "umc_io", "..\..\shared\umc\io\umc_io\umc_io.vcxproj", "{8DC35B89-B4B7-4B48-B462-E589D4FDFEDE}"
EndProject
Project("{8BC9CEB8-8B4A-11D0-8D11-00A0C91BC942}") = "mfx_trace", "..\..\shared\mfx_trace\mfx_trace.vcxproj", "{68AD0BD0-170B-4CEA-8A55-D6B841D66203}"
EndProject
Project("{2150E333-8FDC-42A3-9474-1A3956D46DE8}") = "Solution Items", "Solution Items", "{73648CAF-96E3-476E-B87A-9846762C427F}"
	ProjectSection(SolutionItems) = preProject
		Intel.Mfx.Common.props = Intel.Mfx.Common.props
		Intel.Mfx.StaticLib.props = Intel.Mfx.StaticLib.props
	EndProjectSection
EndProject
Project("{2150E333-8FDC-42A3-9474-1A3956D46DE8}") = "Optimization", "Optimization", "{7F062987-688B-4FFD-884C-18439EE8743F}"
EndProject
Project("{8BC9CEB8-8B4A-11D0-8D11-00A0C91BC942}") = "watermark", "watermark.vcxproj", "{C25BD9B5-317B-4426-B5F5-DB82D79C8218}"
EndProject
Project("{8BC9CEB8-8B4A-11D0-8D11-00A0C91BC942}") = "h264_la", "..\fei\h264_la.vcxproj", "{F1BDC47D-0532-4BCC-8217-44C46A8FD5CF}"
	ProjectSection(ProjectDependencies) = postProject
		{23C4E55E-DB8F-4B77-A191-C10EB3A14FAC} = {23C4E55E-DB8F-4B77-A191-C10EB3A14FAC}
		{A3D890F5-7362-404D-95BF-B6C8AABA786B} = {A3D890F5-7362-404D-95BF-B6C8AABA786B}
	EndProjectSection
EndProject
Project("{8BC9CEB8-8B4A-11D0-8D11-00A0C91BC942}") = "cmrt_cross_platform", "..\cmrt_cross_platform\cmrt_cross_platform.vcxproj", "{A3D890F5-7362-404D-95BF-B6C8AABA786B}"
EndProject
Project("{8BC9CEB8-8B4A-11D0-8D11-00A0C91BC942}") = "mfx_common_hw", "..\shared\mfx_common_hw.vcxproj", "{DD53AC38-3804-4438-A3CA-A9E390CDF9F9}"
EndProject
Project("{8BC9CEB8-8B4A-11D0-8D11-00A0C91BC942}") = "h264_encode_hw", "..\encode_hw\h264_encode_hw.vcxproj", "{23C4E55E-DB8F-4B77-A191-C10EB3A14FAC}"
EndProject
Project("{8BC9CEB8-8B4A-11D0-8D11-00A0C91BC942}") = "umc_va_elk", "..\..\shared\umc\io\umc_va\umc_va_elk.vcxproj", "{8B6C2462-3A4D-4070-A44F-9A75E813EF27}"
EndProject
Project("{8BC9CEB8-8B4A-11D0-8D11-00A0C91BC942}") = "bitrate_control", "..\..\shared\umc\codec\brc\brc.vcxproj", "{E8E76842-6CF5-450F-A29E-CD15D7955AA4}"
EndProject
Project("{8BC9CEB8-8B4A-11D0-8D11-00A0C91BC942}") = "h264_enc", "..\..\shared\umc\codec\h264_enc\h264_enc.vcxproj", "{2C461A99-0D9A-404B-8EC9-27DCDF75A242}"
EndProject
Project("{8BC9CEB8-8B4A-11D0-8D11-00A0C91BC942}") = "genx_h264_encode_embeded", "..\genx\h264_encode\genx_h264_encode_embeded.vcxproj", "{ACB447A9-B52F-462A-92F3-4431384E7C01}"
EndProject
Global
	GlobalSection(SolutionConfigurationPlatforms) = preSolution
		Debug_HSW_Emu|Win32 = Debug_HSW_Emu|Win32
		Debug_HSW_Emu|x64 = Debug_HSW_Emu|x64
		Debug_Intel_Evaluation|Win32 = Debug_Intel_Evaluation|Win32
		Debug_Intel_Evaluation|x64 = Debug_Intel_Evaluation|x64
		Debug_Intel|Win32 = Debug_Intel|Win32
		Debug_Intel|x64 = Debug_Intel|x64
		Debug|Win32 = Debug|Win32
		Debug|x64 = Debug|x64
		Release_Intel_Evaluation|Win32 = Release_Intel_Evaluation|Win32
		Release_Intel_Evaluation|x64 = Release_Intel_Evaluation|x64
		Release_Intel|Win32 = Release_Intel|Win32
		Release_Intel|x64 = Release_Intel|x64
		Release|Win32 = Release|Win32
		Release|x64 = Release|x64
	EndGlobalSection
	GlobalSection(ProjectConfigurationPlatforms) = postSolution
		{0F0688E1-D9B7-4146-8CBB-F1072556CF65}.Debug_HSW_Emu|Win32.ActiveCfg = Debug_Intel|Win32
		{0F0688E1-D9B7-4146-8CBB-F1072556CF65}.Debug_HSW_Emu|Win32.Build.0 = Debug_Intel|Win32
		{0F0688E1-D9B7-4146-8CBB-F1072556CF65}.Debug_HSW_Emu|x64.ActiveCfg = Debug_Intel_Evaluation|x64
		{0F0688E1-D9B7-4146-8CBB-F1072556CF65}.Debug_HSW_Emu|x64.Build.0 = Debug_Intel_Evaluation|x64
		{0F0688E1-D9B7-4146-8CBB-F1072556CF65}.Debug_Intel_Evaluation|Win32.ActiveCfg = Debug_Intel_Evaluation|Win32
		{0F0688E1-D9B7-4146-8CBB-F1072556CF65}.Debug_Intel_Evaluation|Win32.Build.0 = Debug_Intel_Evaluation|Win32
		{0F0688E1-D9B7-4146-8CBB-F1072556CF65}.Debug_Intel_Evaluation|x64.ActiveCfg = Debug_Intel|x64
		{0F0688E1-D9B7-4146-8CBB-F1072556CF65}.Debug_Intel_Evaluation|x64.Build.0 = Debug_Intel|x64
		{0F0688E1-D9B7-4146-8CBB-F1072556CF65}.Debug_Intel|Win32.ActiveCfg = Debug_Intel|Win32
		{0F0688E1-D9B7-4146-8CBB-F1072556CF65}.Debug_Intel|Win32.Build.0 = Debug_Intel|Win32
		{0F0688E1-D9B7-4146-8CBB-F1072556CF65}.Debug_Intel|x64.ActiveCfg = Debug_Intel|x64
		{0F0688E1-D9B7-4146-8CBB-F1072556CF65}.Debug_Intel|x64.Build.0 = Debug_Intel|x64
		{0F0688E1-D9B7-4146-8CBB-F1072556CF65}.Debug|Win32.ActiveCfg = Debug|Win32
		{0F0688E1-D9B7-4146-8CBB-F1072556CF65}.Debug|Win32.Build.0 = Debug|Win32
		{0F0688E1-D9B7-4146-8CBB-F1072556CF65}.Debug|x64.ActiveCfg = Debug|x64
		{0F0688E1-D9B7-4146-8CBB-F1072556CF65}.Debug|x64.Build.0 = Debug|x64
		{0F0688E1-D9B7-4146-8CBB-F1072556CF65}.Release_Intel_Evaluation|Win32.ActiveCfg = Release_Intel_Evaluation|Win32
		{0F0688E1-D9B7-4146-8CBB-F1072556CF65}.Release_Intel_Evaluation|Win32.Build.0 = Release_Intel_Evaluation|Win32
		{0F0688E1-D9B7-4146-8CBB-F1072556CF65}.Release_Intel_Evaluation|x64.ActiveCfg = Release_Intel_Evaluation|x64
		{0F0688E1-D9B7-4146-8CBB-F1072556CF65}.Release_Intel_Evaluation|x64.Build.0 = Release_Intel_Evaluation|x64
		{0F0688E1-D9B7-4146-8CBB-F1072556CF65}.Release_Intel|Win32.ActiveCfg = Release_Intel|Win32
		{0F0688E1-D9B7-4146-8CBB-F1072556CF65}.Release_Intel|Win32.Build.0 = Release_Intel|Win32
		{0F0688E1-D9B7-4146-8CBB-F1072556CF65}.Release_Intel|x64.ActiveCfg = Release_Intel|x64
		{0F0688E1-D9B7-4146-8CBB-F1072556CF65}.Release_Intel|x64.Build.0 = Release_Intel|x64
		{0F0688E1-D9B7-4146-8CBB-F1072556CF65}.Release|Win32.ActiveCfg = Release|Win32
		{0F0688E1-D9B7-4146-8CBB-F1072556CF65}.Release|Win32.Build.0 = Release|Win32
		{0F0688E1-D9B7-4146-8CBB-F1072556CF65}.Release|x64.ActiveCfg = Release|x64
		{0F0688E1-D9B7-4146-8CBB-F1072556CF65}.Release|x64.Build.0 = Release|x64
		{0D84CBD0-9E45-4898-8CCF-465320954E7C}.Debug_HSW_Emu|Win32.ActiveCfg = Debug_Intel|Win32
		{0D84CBD0-9E45-4898-8CCF-465320954E7C}.Debug_HSW_Emu|Win32.Build.0 = Debug_Intel|Win32
		{0D84CBD0-9E45-4898-8CCF-465320954E7C}.Debug_HSW_Emu|x64.ActiveCfg = Debug_Intel|x64
		{0D84CBD0-9E45-4898-8CCF-465320954E7C}.Debug_HSW_Emu|x64.Build.0 = Debug_Intel|x64
		{0D84CBD0-9E45-4898-8CCF-465320954E7C}.Debug_Intel_Evaluation|Win32.ActiveCfg = Debug_Intel_Evaluation|Win32
		{0D84CBD0-9E45-4898-8CCF-465320954E7C}.Debug_Intel_Evaluation|Win32.Build.0 = Debug_Intel_Evaluation|Win32
		{0D84CBD0-9E45-4898-8CCF-465320954E7C}.Debug_Intel_Evaluation|x64.ActiveCfg = Debug_Intel_Evaluation|x64
		{0D84CBD0-9E45-4898-8CCF-465320954E7C}.Debug_Intel_Evaluation|x64.Build.0 = Debug_Intel_Evaluation|x64
		{0D84CBD0-9E45-4898-8CCF-465320954E7C}.Debug_Intel|Win32.ActiveCfg = Debug_Intel|Win32
		{0D84CBD0-9E45-4898-8CCF-465320954E7C}.Debug_Intel|Win32.Build.0 = Debug_Intel|Win32
		{0D84CBD0-9E45-4898-8CCF-465320954E7C}.Debug_Intel|x64.ActiveCfg = Debug_Intel|x64
		{0D84CBD0-9E45-4898-8CCF-465320954E7C}.Debug_Intel|x64.Build.0 = Debug_Intel|x64
		{0D84CBD0-9E45-4898-8CCF-465320954E7C}.Debug|Win32.ActiveCfg = Debug|Win32
		{0D84CBD0-9E45-4898-8CCF-465320954E7C}.Debug|Win32.Build.0 = Debug|Win32
		{0D84CBD0-9E45-4898-8CCF-465320954E7C}.Debug|x64.ActiveCfg = Debug|x64
		{0D84CBD0-9E45-4898-8CCF-465320954E7C}.Debug|x64.Build.0 = Debug|x64
		{0D84CBD0-9E45-4898-8CCF-465320954E7C}.Release_Intel_Evaluation|Win32.ActiveCfg = Release_Intel_Evaluation|Win32
		{0D84CBD0-9E45-4898-8CCF-465320954E7C}.Release_Intel_Evaluation|Win32.Build.0 = Release_Intel_Evaluation|Win32
		{0D84CBD0-9E45-4898-8CCF-465320954E7C}.Release_Intel_Evaluation|x64.ActiveCfg = Release_Intel_Evaluation|x64
		{0D84CBD0-9E45-4898-8CCF-465320954E7C}.Release_Intel_Evaluation|x64.Build.0 = Release_Intel_Evaluation|x64
		{0D84CBD0-9E45-4898-8CCF-465320954E7C}.Release_Intel|Win32.ActiveCfg = Release_Intel|Win32
		{0D84CBD0-9E45-4898-8CCF-465320954E7C}.Release_Intel|Win32.Build.0 = Release_Intel|Win32
		{0D84CBD0-9E45-4898-8CCF-465320954E7C}.Release_Intel|x64.ActiveCfg = Release_Intel|x64
		{0D84CBD0-9E45-4898-8CCF-465320954E7C}.Release_Intel|x64.Build.0 = Release_Intel|x64
		{0D84CBD0-9E45-4898-8CCF-465320954E7C}.Release|Win32.ActiveCfg = Release|Win32
		{0D84CBD0-9E45-4898-8CCF-465320954E7C}.Release|Win32.Build.0 = Release|Win32
		{0D84CBD0-9E45-4898-8CCF-465320954E7C}.Release|x64.ActiveCfg = Release|x64
		{0D84CBD0-9E45-4898-8CCF-465320954E7C}.Release|x64.Build.0 = Release|x64
		{E48418E7-2DCA-4642-80D5-09A8799C2549}.Debug_HSW_Emu|Win32.ActiveCfg = Debug|Win32
		{E48418E7-2DCA-4642-80D5-09A8799C2549}.Debug_HSW_Emu|Win32.Build.0 = Debug|Win32
		{E48418E7-2DCA-4642-80D5-09A8799C2549}.Debug_HSW_Emu|x64.ActiveCfg = Debug|x64
		{E48418E7-2DCA-4642-80D5-09A8799C2549}.Debug_HSW_Emu|x64.Build.0 = Debug|x64
		{E48418E7-2DCA-4642-80D5-09A8799C2549}.Debug_Intel_Evaluation|Win32.ActiveCfg = Debug|Win32
		{E48418E7-2DCA-4642-80D5-09A8799C2549}.Debug_Intel_Evaluation|Win32.Build.0 = Debug|Win32
		{E48418E7-2DCA-4642-80D5-09A8799C2549}.Debug_Intel_Evaluation|x64.ActiveCfg = Debug|x64
		{E48418E7-2DCA-4642-80D5-09A8799C2549}.Debug_Intel_Evaluation|x64.Build.0 = Debug|x64
		{E48418E7-2DCA-4642-80D5-09A8799C2549}.Debug_Intel|Win32.ActiveCfg = Debug|Win32
		{E48418E7-2DCA-4642-80D5-09A8799C2549}.Debug_Intel|Win32.Build.0 = Debug|Win32
		{E48418E7-2DCA-4642-80D5-09A8799C2549}.Debug_Intel|x64.ActiveCfg = Debug|x64
		{E48418E7-2DCA-4642-80D5-09A8799C2549}.Debug_Intel|x64.Build.0 = Debug|x64
		{E48418E7-2DCA-4642-80D5-09A8799C2549}.Debug|Win32.ActiveCfg = Debug|Win32
		{E48418E7-2DCA-4642-80D5-09A8799C2549}.Debug|Win32.Build.0 = Debug|Win32
		{E48418E7-2DCA-4642-80D5-09A8799C2549}.Debug|x64.ActiveCfg = Debug|x64
		{E48418E7-2DCA-4642-80D5-09A8799C2549}.Debug|x64.Build.0 = Debug|x64
		{E48418E7-2DCA-4642-80D5-09A8799C2549}.Release_Intel_Evaluation|Win32.ActiveCfg = Release|Win32
		{E48418E7-2DCA-4642-80D5-09A8799C2549}.Release_Intel_Evaluation|Win32.Build.0 = Release|Win32
		{E48418E7-2DCA-4642-80D5-09A8799C2549}.Release_Intel_Evaluation|x64.ActiveCfg = Release|x64
		{E48418E7-2DCA-4642-80D5-09A8799C2549}.Release_Intel_Evaluation|x64.Build.0 = Release|x64
		{E48418E7-2DCA-4642-80D5-09A8799C2549}.Release_Intel|Win32.ActiveCfg = Release|Win32
		{E48418E7-2DCA-4642-80D5-09A8799C2549}.Release_Intel|Win32.Build.0 = Release|Win32
		{E48418E7-2DCA-4642-80D5-09A8799C2549}.Release_Intel|x64.ActiveCfg = Release|x64
		{E48418E7-2DCA-4642-80D5-09A8799C2549}.Release_Intel|x64.Build.0 = Release|x64
		{E48418E7-2DCA-4642-80D5-09A8799C2549}.Release|Win32.ActiveCfg = Release|Win32
		{E48418E7-2DCA-4642-80D5-09A8799C2549}.Release|Win32.Build.0 = Release|Win32
		{E48418E7-2DCA-4642-80D5-09A8799C2549}.Release|x64.ActiveCfg = Release|x64
		{E48418E7-2DCA-4642-80D5-09A8799C2549}.Release|x64.Build.0 = Release|x64
		{6052E5BC-625F-4A6F-AA98-EFDFD15975CE}.Debug_HSW_Emu|Win32.ActiveCfg = Debug|Win32
		{6052E5BC-625F-4A6F-AA98-EFDFD15975CE}.Debug_HSW_Emu|Win32.Build.0 = Debug|Win32
		{6052E5BC-625F-4A6F-AA98-EFDFD15975CE}.Debug_HSW_Emu|x64.ActiveCfg = Debug|x64
		{6052E5BC-625F-4A6F-AA98-EFDFD15975CE}.Debug_HSW_Emu|x64.Build.0 = Debug|x64
		{6052E5BC-625F-4A6F-AA98-EFDFD15975CE}.Debug_Intel_Evaluation|Win32.ActiveCfg = Debug|Win32
		{6052E5BC-625F-4A6F-AA98-EFDFD15975CE}.Debug_Intel_Evaluation|Win32.Build.0 = Debug|Win32
		{6052E5BC-625F-4A6F-AA98-EFDFD15975CE}.Debug_Intel_Evaluation|x64.ActiveCfg = Debug|x64
		{6052E5BC-625F-4A6F-AA98-EFDFD15975CE}.Debug_Intel_Evaluation|x64.Build.0 = Debug|x64
		{6052E5BC-625F-4A6F-AA98-EFDFD15975CE}.Debug_Intel|Win32.ActiveCfg = Debug|Win32
		{6052E5BC-625F-4A6F-AA98-EFDFD15975CE}.Debug_Intel|Win32.Build.0 = Debug|Win32
		{6052E5BC-625F-4A6F-AA98-EFDFD15975CE}.Debug_Intel|x64.ActiveCfg = Debug|x64
		{6052E5BC-625F-4A6F-AA98-EFDFD15975CE}.Debug_Intel|x64.Build.0 = Debug|x64
		{6052E5BC-625F-4A6F-AA98-EFDFD15975CE}.Debug|Win32.ActiveCfg = Debug|Win32
		{6052E5BC-625F-4A6F-AA98-EFDFD15975CE}.Debug|Win32.Build.0 = Debug|Win32
		{6052E5BC-625F-4A6F-AA98-EFDFD15975CE}.Debug|x64.ActiveCfg = Debug|x64
		{6052E5BC-625F-4A6F-AA98-EFDFD15975CE}.Debug|x64.Build.0 = Debug|x64
		{6052E5BC-625F-4A6F-AA98-EFDFD15975CE}.Release_Intel_Evaluation|Win32.ActiveCfg = Release|Win32
		{6052E5BC-625F-4A6F-AA98-EFDFD15975CE}.Release_Intel_Evaluation|Win32.Build.0 = Release|Win32
		{6052E5BC-625F-4A6F-AA98-EFDFD15975CE}.Release_Intel_Evaluation|x64.ActiveCfg = Release|x64
		{6052E5BC-625F-4A6F-AA98-EFDFD15975CE}.Release_Intel_Evaluation|x64.Build.0 = Release|x64
		{6052E5BC-625F-4A6F-AA98-EFDFD15975CE}.Release_Intel|Win32.ActiveCfg = Release|Win32
		{6052E5BC-625F-4A6F-AA98-EFDFD15975CE}.Release_Intel|Win32.Build.0 = Release|Win32
		{6052E5BC-625F-4A6F-AA98-EFDFD15975CE}.Release_Intel|x64.ActiveCfg = Release|x64
		{6052E5BC-625F-4A6F-AA98-EFDFD15975CE}.Release_Intel|x64.Build.0 = Release|x64
		{6052E5BC-625F-4A6F-AA98-EFDFD15975CE}.Release|Win32.ActiveCfg = Release|Win32
		{6052E5BC-625F-4A6F-AA98-EFDFD15975CE}.Release|Win32.Build.0 = Release|Win32
		{6052E5BC-625F-4A6F-AA98-EFDFD15975CE}.Release|x64.ActiveCfg = Release|x64
		{6052E5BC-625F-4A6F-AA98-EFDFD15975CE}.Release|x64.Build.0 = Release|x64
		{C22074B5-4F12-464E-B7BE-6C169718E0E8}.Debug_HSW_Emu|Win32.ActiveCfg = Debug|Win32
		{C22074B5-4F12-464E-B7BE-6C169718E0E8}.Debug_HSW_Emu|Win32.Build.0 = Debug|Win32
		{C22074B5-4F12-464E-B7BE-6C169718E0E8}.Debug_HSW_Emu|x64.ActiveCfg = Debug|x64
		{C22074B5-4F12-464E-B7BE-6C169718E0E8}.Debug_HSW_Emu|x64.Build.0 = Debug|x64
		{C22074B5-4F12-464E-B7BE-6C169718E0E8}.Debug_Intel_Evaluation|Win32.ActiveCfg = Debug|Win32
		{C22074B5-4F12-464E-B7BE-6C169718E0E8}.Debug_Intel_Evaluation|Win32.Build.0 = Debug|Win32
		{C22074B5-4F12-464E-B7BE-6C169718E0E8}.Debug_Intel_Evaluation|x64.ActiveCfg = Debug|x64
		{C22074B5-4F12-464E-B7BE-6C169718E0E8}.Debug_Intel_Evaluation|x64.Build.0 = Debug|x64
		{C22074B5-4F12-464E-B7BE-6C169718E0E8}.Debug_Intel|Win32.ActiveCfg = Debug|Win32
		{C22074B5-4F12-464E-B7BE-6C169718E0E8}.Debug_Intel|Win32.Build.0 = Debug|Win32
		{C22074B5-4F12-464E-B7BE-6C169718E0E8}.Debug_Intel|x64.ActiveCfg = Debug|x64
		{C22074B5-4F12-464E-B7BE-6C169718E0E8}.Debug_Intel|x64.Build.0 = Debug|x64
		{C22074B5-4F12-464E-B7BE-6C169718E0E8}.Debug|Win32.ActiveCfg = Debug|Win32
		{C22074B5-4F12-464E-B7BE-6C169718E0E8}.Debug|Win32.Build.0 = Debug|Win32
		{C22074B5-4F12-464E-B7BE-6C169718E0E8}.Debug|x64.ActiveCfg = Debug|x64
		{C22074B5-4F12-464E-B7BE-6C169718E0E8}.Debug|x64.Build.0 = Debug|x64
		{C22074B5-4F12-464E-B7BE-6C169718E0E8}.Release_Intel_Evaluation|Win32.ActiveCfg = Release|Win32
		{C22074B5-4F12-464E-B7BE-6C169718E0E8}.Release_Intel_Evaluation|Win32.Build.0 = Release|Win32
		{C22074B5-4F12-464E-B7BE-6C169718E0E8}.Release_Intel_Evaluation|x64.ActiveCfg = Release|x64
		{C22074B5-4F12-464E-B7BE-6C169718E0E8}.Release_Intel_Evaluation|x64.Build.0 = Release|x64
		{C22074B5-4F12-464E-B7BE-6C169718E0E8}.Release_Intel|Win32.ActiveCfg = Release|Win32
		{C22074B5-4F12-464E-B7BE-6C169718E0E8}.Release_Intel|Win32.Build.0 = Release|Win32
		{C22074B5-4F12-464E-B7BE-6C169718E0E8}.Release_Intel|x64.ActiveCfg = Release|x64
		{C22074B5-4F12-464E-B7BE-6C169718E0E8}.Release_Intel|x64.Build.0 = Release|x64
		{C22074B5-4F12-464E-B7BE-6C169718E0E8}.Release|Win32.ActiveCfg = Release|Win32
		{C22074B5-4F12-464E-B7BE-6C169718E0E8}.Release|Win32.Build.0 = Release|Win32
		{C22074B5-4F12-464E-B7BE-6C169718E0E8}.Release|x64.ActiveCfg = Release|x64
		{C22074B5-4F12-464E-B7BE-6C169718E0E8}.Release|x64.Build.0 = Release|x64
		{51904F5C-544A-47FD-8220-B6B3B3B06FFE}.Debug_HSW_Emu|Win32.ActiveCfg = Debug|Win32
		{51904F5C-544A-47FD-8220-B6B3B3B06FFE}.Debug_HSW_Emu|Win32.Build.0 = Debug|Win32
		{51904F5C-544A-47FD-8220-B6B3B3B06FFE}.Debug_HSW_Emu|x64.ActiveCfg = Debug|x64
		{51904F5C-544A-47FD-8220-B6B3B3B06FFE}.Debug_HSW_Emu|x64.Build.0 = Debug|x64
		{51904F5C-544A-47FD-8220-B6B3B3B06FFE}.Debug_Intel_Evaluation|Win32.ActiveCfg = Debug|Win32
		{51904F5C-544A-47FD-8220-B6B3B3B06FFE}.Debug_Intel_Evaluation|Win32.Build.0 = Debug|Win32
		{51904F5C-544A-47FD-8220-B6B3B3B06FFE}.Debug_Intel_Evaluation|x64.ActiveCfg = Debug|x64
		{51904F5C-544A-47FD-8220-B6B3B3B06FFE}.Debug_Intel_Evaluation|x64.Build.0 = Debug|x64
		{51904F5C-544A-47FD-8220-B6B3B3B06FFE}.Debug_Intel|Win32.ActiveCfg = Debug|Win32
		{51904F5C-544A-47FD-8220-B6B3B3B06FFE}.Debug_Intel|Win32.Build.0 = Debug|Win32
		{51904F5C-544A-47FD-8220-B6B3B3B06FFE}.Debug_Intel|x64.ActiveCfg = Debug|x64
		{51904F5C-544A-47FD-8220-B6B3B3B06FFE}.Debug_Intel|x64.Build.0 = Debug|x64
		{51904F5C-544A-47FD-8220-B6B3B3B06FFE}.Debug|Win32.ActiveCfg = Debug|Win32
		{51904F5C-544A-47FD-8220-B6B3B3B06FFE}.Debug|Win32.Build.0 = Debug|Win32
		{51904F5C-544A-47FD-8220-B6B3B3B06FFE}.Debug|x64.ActiveCfg = Debug|x64
		{51904F5C-544A-47FD-8220-B6B3B3B06FFE}.Debug|x64.Build.0 = Debug|x64
		{51904F5C-544A-47FD-8220-B6B3B3B06FFE}.Release_Intel_Evaluation|Win32.ActiveCfg = Release|Win32
		{51904F5C-544A-47FD-8220-B6B3B3B06FFE}.Release_Intel_Evaluation|Win32.Build.0 = Release|Win32
		{51904F5C-544A-47FD-8220-B6B3B3B06FFE}.Release_Intel_Evaluation|x64.ActiveCfg = Release|x64
		{51904F5C-544A-47FD-8220-B6B3B3B06FFE}.Release_Intel_Evaluation|x64.Build.0 = Release|x64
		{51904F5C-544A-47FD-8220-B6B3B3B06FFE}.Release_Intel|Win32.ActiveCfg = Release|Win32
		{51904F5C-544A-47FD-8220-B6B3B3B06FFE}.Release_Intel|Win32.Build.0 = Release|Win32
		{51904F5C-544A-47FD-8220-B6B3B3B06FFE}.Release_Intel|x64.ActiveCfg = Release|x64
		{51904F5C-544A-47FD-8220-B6B3B3B06FFE}.Release_Intel|x64.Build.0 = Release|x64
		{51904F5C-544A-47FD-8220-B6B3B3B06FFE}.Release|Win32.ActiveCfg = Release|Win32
		{51904F5C-544A-47FD-8220-B6B3B3B06FFE}.Release|Win32.Build.0 = Release|Win32
		{51904F5C-544A-47FD-8220-B6B3B3B06FFE}.Release|x64.ActiveCfg = Release|x64
		{51904F5C-544A-47FD-8220-B6B3B3B06FFE}.Release|x64.Build.0 = Release|x64
		{314D0047-F36D-4922-95B0-9757FA9D667F}.Debug_HSW_Emu|Win32.ActiveCfg = Debug|Win32
		{314D0047-F36D-4922-95B0-9757FA9D667F}.Debug_HSW_Emu|Win32.Build.0 = Debug|Win32
		{314D0047-F36D-4922-95B0-9757FA9D667F}.Debug_HSW_Emu|x64.ActiveCfg = Debug|x64
		{314D0047-F36D-4922-95B0-9757FA9D667F}.Debug_HSW_Emu|x64.Build.0 = Debug|x64
		{314D0047-F36D-4922-95B0-9757FA9D667F}.Debug_Intel_Evaluation|Win32.ActiveCfg = Debug|Win32
		{314D0047-F36D-4922-95B0-9757FA9D667F}.Debug_Intel_Evaluation|Win32.Build.0 = Debug|Win32
		{314D0047-F36D-4922-95B0-9757FA9D667F}.Debug_Intel_Evaluation|x64.ActiveCfg = Debug|x64
		{314D0047-F36D-4922-95B0-9757FA9D667F}.Debug_Intel_Evaluation|x64.Build.0 = Debug|x64
		{314D0047-F36D-4922-95B0-9757FA9D667F}.Debug_Intel|Win32.ActiveCfg = Debug|Win32
		{314D0047-F36D-4922-95B0-9757FA9D667F}.Debug_Intel|Win32.Build.0 = Debug|Win32
		{314D0047-F36D-4922-95B0-9757FA9D667F}.Debug_Intel|x64.ActiveCfg = Debug|x64
		{314D0047-F36D-4922-95B0-9757FA9D667F}.Debug_Intel|x64.Build.0 = Debug|x64
		{314D0047-F36D-4922-95B0-9757FA9D667F}.Debug|Win32.ActiveCfg = Debug|Win32
		{314D0047-F36D-4922-95B0-9757FA9D667F}.Debug|Win32.Build.0 = Debug|Win32
		{314D0047-F36D-4922-95B0-9757FA9D667F}.Debug|x64.ActiveCfg = Debug|x64
		{314D0047-F36D-4922-95B0-9757FA9D667F}.Debug|x64.Build.0 = Debug|x64
		{314D0047-F36D-4922-95B0-9757FA9D667F}.Release_Intel_Evaluation|Win32.ActiveCfg = Release|Win32
		{314D0047-F36D-4922-95B0-9757FA9D667F}.Release_Intel_Evaluation|Win32.Build.0 = Release|Win32
		{314D0047-F36D-4922-95B0-9757FA9D667F}.Release_Intel_Evaluation|x64.ActiveCfg = Release|x64
		{314D0047-F36D-4922-95B0-9757FA9D667F}.Release_Intel_Evaluation|x64.Build.0 = Release|x64
		{314D0047-F36D-4922-95B0-9757FA9D667F}.Release_Intel|Win32.ActiveCfg = Release|Win32
		{314D0047-F36D-4922-95B0-9757FA9D667F}.Release_Intel|Win32.Build.0 = Release|Win32
		{314D0047-F36D-4922-95B0-9757FA9D667F}.Release_Intel|x64.ActiveCfg = Release|x64
		{314D0047-F36D-4922-95B0-9757FA9D667F}.Release_Intel|x64.Build.0 = Release|x64
		{314D0047-F36D-4922-95B0-9757FA9D667F}.Release|Win32.ActiveCfg = Release|Win32
		{314D0047-F36D-4922-95B0-9757FA9D667F}.Release|Win32.Build.0 = Release|Win32
		{314D0047-F36D-4922-95B0-9757FA9D667F}.Release|x64.ActiveCfg = Release|x64
		{314D0047-F36D-4922-95B0-9757FA9D667F}.Release|x64.Build.0 = Release|x64
		{8DC35B89-B4B7-4B48-B462-E589D4FDFEDE}.Debug_HSW_Emu|Win32.ActiveCfg = Debug|Win32
		{8DC35B89-B4B7-4B48-B462-E589D4FDFEDE}.Debug_HSW_Emu|Win32.Build.0 = Debug|Win32
		{8DC35B89-B4B7-4B48-B462-E589D4FDFEDE}.Debug_HSW_Emu|x64.ActiveCfg = Debug|x64
		{8DC35B89-B4B7-4B48-B462-E589D4FDFEDE}.Debug_HSW_Emu|x64.Build.0 = Debug|x64
		{8DC35B89-B4B7-4B48-B462-E589D4FDFEDE}.Debug_Intel_Evaluation|Win32.ActiveCfg = Debug|Win32
		{8DC35B89-B4B7-4B48-B462-E589D4FDFEDE}.Debug_Intel_Evaluation|Win32.Build.0 = Debug|Win32
		{8DC35B89-B4B7-4B48-B462-E589D4FDFEDE}.Debug_Intel_Evaluation|x64.ActiveCfg = Debug|x64
		{8DC35B89-B4B7-4B48-B462-E589D4FDFEDE}.Debug_Intel_Evaluation|x64.Build.0 = Debug|x64
		{8DC35B89-B4B7-4B48-B462-E589D4FDFEDE}.Debug_Intel|Win32.ActiveCfg = Debug|Win32
		{8DC35B89-B4B7-4B48-B462-E589D4FDFEDE}.Debug_Intel|Win32.Build.0 = Debug|Win32
		{8DC35B89-B4B7-4B48-B462-E589D4FDFEDE}.Debug_Intel|x64.ActiveCfg = Debug|x64
		{8DC35B89-B4B7-4B48-B462-E589D4FDFEDE}.Debug_Intel|x64.Build.0 = Debug|x64
		{8DC35B89-B4B7-4B48-B462-E589D4FDFEDE}.Debug|Win32.ActiveCfg = Debug|Win32
		{8DC35B89-B4B7-4B48-B462-E589D4FDFEDE}.Debug|Win32.Build.0 = Debug|Win32
		{8DC35B89-B4B7-4B48-B462-E589D4FDFEDE}.Debug|x64.ActiveCfg = Debug|x64
		{8DC35B89-B4B7-4B48-B462-E589D4FDFEDE}.Debug|x64.Build.0 = Debug|x64
		{8DC35B89-B4B7-4B48-B462-E589D4FDFEDE}.Release_Intel_Evaluation|Win32.ActiveCfg = Release|Win32
		{8DC35B89-B4B7-4B48-B462-E589D4FDFEDE}.Release_Intel_Evaluation|Win32.Build.0 = Release|Win32
		{8DC35B89-B4B7-4B48-B462-E589D4FDFEDE}.Release_Intel_Evaluation|x64.ActiveCfg = Release|x64
		{8DC35B89-B4B7-4B48-B462-E589D4FDFEDE}.Release_Intel_Evaluation|x64.Build.0 = Release|x64
		{8DC35B89-B4B7-4B48-B462-E589D4FDFEDE}.Release_Intel|Win32.ActiveCfg = Release|Win32
		{8DC35B89-B4B7-4B48-B462-E589D4FDFEDE}.Release_Intel|Win32.Build.0 = Release|Win32
		{8DC35B89-B4B7-4B48-B462-E589D4FDFEDE}.Release_Intel|x64.ActiveCfg = Release|x64
		{8DC35B89-B4B7-4B48-B462-E589D4FDFEDE}.Release_Intel|x64.Build.0 = Release|x64
		{8DC35B89-B4B7-4B48-B462-E589D4FDFEDE}.Release|Win32.ActiveCfg = Release|Win32
		{8DC35B89-B4B7-4B48-B462-E589D4FDFEDE}.Release|Win32.Build.0 = Release|Win32
		{8DC35B89-B4B7-4B48-B462-E589D4FDFEDE}.Release|x64.ActiveCfg = Release|x64
		{8DC35B89-B4B7-4B48-B462-E589D4FDFEDE}.Release|x64.Build.0 = Release|x64
		{68AD0BD0-170B-4CEA-8A55-D6B841D66203}.Debug_HSW_Emu|Win32.ActiveCfg = Debug|Win32
		{68AD0BD0-170B-4CEA-8A55-D6B841D66203}.Debug_HSW_Emu|Win32.Build.0 = Debug|Win32
		{68AD0BD0-170B-4CEA-8A55-D6B841D66203}.Debug_HSW_Emu|x64.ActiveCfg = Debug|x64
		{68AD0BD0-170B-4CEA-8A55-D6B841D66203}.Debug_HSW_Emu|x64.Build.0 = Debug|x64
		{68AD0BD0-170B-4CEA-8A55-D6B841D66203}.Debug_Intel_Evaluation|Win32.ActiveCfg = Debug|Win32
		{68AD0BD0-170B-4CEA-8A55-D6B841D66203}.Debug_Intel_Evaluation|Win32.Build.0 = Debug|Win32
		{68AD0BD0-170B-4CEA-8A55-D6B841D66203}.Debug_Intel_Evaluation|x64.ActiveCfg = Debug|x64
		{68AD0BD0-170B-4CEA-8A55-D6B841D66203}.Debug_Intel_Evaluation|x64.Build.0 = Debug|x64
		{68AD0BD0-170B-4CEA-8A55-D6B841D66203}.Debug_Intel|Win32.ActiveCfg = Debug|Win32
		{68AD0BD0-170B-4CEA-8A55-D6B841D66203}.Debug_Intel|Win32.Build.0 = Debug|Win32
		{68AD0BD0-170B-4CEA-8A55-D6B841D66203}.Debug_Intel|x64.ActiveCfg = Debug|x64
		{68AD0BD0-170B-4CEA-8A55-D6B841D66203}.Debug_Intel|x64.Build.0 = Debug|x64
		{68AD0BD0-170B-4CEA-8A55-D6B841D66203}.Debug|Win32.ActiveCfg = Debug|Win32
		{68AD0BD0-170B-4CEA-8A55-D6B841D66203}.Debug|Win32.Build.0 = Debug|Win32
		{68AD0BD0-170B-4CEA-8A55-D6B841D66203}.Debug|x64.ActiveCfg = Debug|x64
		{68AD0BD0-170B-4CEA-8A55-D6B841D66203}.Debug|x64.Build.0 = Debug|x64
		{68AD0BD0-170B-4CEA-8A55-D6B841D66203}.Release_Intel_Evaluation|Win32.ActiveCfg = Release|Win32
		{68AD0BD0-170B-4CEA-8A55-D6B841D66203}.Release_Intel_Evaluation|Win32.Build.0 = Release|Win32
		{68AD0BD0-170B-4CEA-8A55-D6B841D66203}.Release_Intel_Evaluation|x64.ActiveCfg = Release|x64
		{68AD0BD0-170B-4CEA-8A55-D6B841D66203}.Release_Intel_Evaluation|x64.Build.0 = Release|x64
		{68AD0BD0-170B-4CEA-8A55-D6B841D66203}.Release_Intel|Win32.ActiveCfg = Release|Win32
		{68AD0BD0-170B-4CEA-8A55-D6B841D66203}.Release_Intel|Win32.Build.0 = Release|Win32
		{68AD0BD0-170B-4CEA-8A55-D6B841D66203}.Release_Intel|x64.ActiveCfg = Release|x64
		{68AD0BD0-170B-4CEA-8A55-D6B841D66203}.Release_Intel|x64.Build.0 = Release|x64
		{68AD0BD0-170B-4CEA-8A55-D6B841D66203}.Release|Win32.ActiveCfg = Release|Win32
		{68AD0BD0-170B-4CEA-8A55-D6B841D66203}.Release|Win32.Build.0 = Release|Win32
		{68AD0BD0-170B-4CEA-8A55-D6B841D66203}.Release|x64.ActiveCfg = Release|x64
		{68AD0BD0-170B-4CEA-8A55-D6B841D66203}.Release|x64.Build.0 = Release|x64
		{C25BD9B5-317B-4426-B5F5-DB82D79C8218}.Debug_HSW_Emu|Win32.ActiveCfg = Debug_Evaluation|Win32
		{C25BD9B5-317B-4426-B5F5-DB82D79C8218}.Debug_HSW_Emu|Win32.Build.0 = Debug_Evaluation|Win32
		{C25BD9B5-317B-4426-B5F5-DB82D79C8218}.Debug_HSW_Emu|x64.ActiveCfg = Debug_Evaluation|x64
		{C25BD9B5-317B-4426-B5F5-DB82D79C8218}.Debug_HSW_Emu|x64.Build.0 = Debug_Evaluation|x64
		{C25BD9B5-317B-4426-B5F5-DB82D79C8218}.Debug_Intel_Evaluation|Win32.ActiveCfg = Debug_Evaluation|Win32
		{C25BD9B5-317B-4426-B5F5-DB82D79C8218}.Debug_Intel_Evaluation|Win32.Build.0 = Debug_Evaluation|Win32
		{C25BD9B5-317B-4426-B5F5-DB82D79C8218}.Debug_Intel_Evaluation|x64.ActiveCfg = Debug|x64
		{C25BD9B5-317B-4426-B5F5-DB82D79C8218}.Debug_Intel_Evaluation|x64.Build.0 = Debug|x64
		{C25BD9B5-317B-4426-B5F5-DB82D79C8218}.Debug_Intel|Win32.ActiveCfg = Debug|Win32
		{C25BD9B5-317B-4426-B5F5-DB82D79C8218}.Debug_Intel|Win32.Build.0 = Debug|Win32
		{C25BD9B5-317B-4426-B5F5-DB82D79C8218}.Debug_Intel|x64.ActiveCfg = Debug|x64
		{C25BD9B5-317B-4426-B5F5-DB82D79C8218}.Debug_Intel|x64.Build.0 = Debug|x64
		{C25BD9B5-317B-4426-B5F5-DB82D79C8218}.Debug|Win32.ActiveCfg = Debug|Win32
		{C25BD9B5-317B-4426-B5F5-DB82D79C8218}.Debug|Win32.Build.0 = Debug|Win32
		{C25BD9B5-317B-4426-B5F5-DB82D79C8218}.Debug|x64.ActiveCfg = Debug|x64
		{C25BD9B5-317B-4426-B5F5-DB82D79C8218}.Debug|x64.Build.0 = Debug|x64
		{C25BD9B5-317B-4426-B5F5-DB82D79C8218}.Release_Intel_Evaluation|Win32.ActiveCfg = Release_Evaluation|Win32
		{C25BD9B5-317B-4426-B5F5-DB82D79C8218}.Release_Intel_Evaluation|Win32.Build.0 = Release_Evaluation|Win32
		{C25BD9B5-317B-4426-B5F5-DB82D79C8218}.Release_Intel_Evaluation|x64.ActiveCfg = Release_Evaluation|x64
		{C25BD9B5-317B-4426-B5F5-DB82D79C8218}.Release_Intel_Evaluation|x64.Build.0 = Release_Evaluation|x64
		{C25BD9B5-317B-4426-B5F5-DB82D79C8218}.Release_Intel|Win32.ActiveCfg = Release|Win32
		{C25BD9B5-317B-4426-B5F5-DB82D79C8218}.Release_Intel|Win32.Build.0 = Release|Win32
		{C25BD9B5-317B-4426-B5F5-DB82D79C8218}.Release_Intel|x64.ActiveCfg = Release|x64
		{C25BD9B5-317B-4426-B5F5-DB82D79C8218}.Release_Intel|x64.Build.0 = Release|x64
		{C25BD9B5-317B-4426-B5F5-DB82D79C8218}.Release|Win32.ActiveCfg = Release|Win32
		{C25BD9B5-317B-4426-B5F5-DB82D79C8218}.Release|Win32.Build.0 = Release|Win32
		{C25BD9B5-317B-4426-B5F5-DB82D79C8218}.Release|x64.ActiveCfg = Release|x64
		{C25BD9B5-317B-4426-B5F5-DB82D79C8218}.Release|x64.Build.0 = Release|x64
		{F1BDC47D-0532-4BCC-8217-44C46A8FD5CF}.Debug_HSW_Emu|Win32.ActiveCfg = Debug|Win32
		{F1BDC47D-0532-4BCC-8217-44C46A8FD5CF}.Debug_HSW_Emu|Win32.Build.0 = Debug|Win32
		{F1BDC47D-0532-4BCC-8217-44C46A8FD5CF}.Debug_HSW_Emu|x64.ActiveCfg = Debug|x64
		{F1BDC47D-0532-4BCC-8217-44C46A8FD5CF}.Debug_HSW_Emu|x64.Build.0 = Debug|x64
		{F1BDC47D-0532-4BCC-8217-44C46A8FD5CF}.Debug_Intel_Evaluation|Win32.ActiveCfg = Debug|Win32
		{F1BDC47D-0532-4BCC-8217-44C46A8FD5CF}.Debug_Intel_Evaluation|Win32.Build.0 = Debug|Win32
		{F1BDC47D-0532-4BCC-8217-44C46A8FD5CF}.Debug_Intel_Evaluation|x64.ActiveCfg = Debug|x64
		{F1BDC47D-0532-4BCC-8217-44C46A8FD5CF}.Debug_Intel_Evaluation|x64.Build.0 = Debug|x64
		{F1BDC47D-0532-4BCC-8217-44C46A8FD5CF}.Debug_Intel|Win32.ActiveCfg = Debug|Win32
		{F1BDC47D-0532-4BCC-8217-44C46A8FD5CF}.Debug_Intel|Win32.Build.0 = Debug|Win32
		{F1BDC47D-0532-4BCC-8217-44C46A8FD5CF}.Debug_Intel|x64.ActiveCfg = Debug|x64
		{F1BDC47D-0532-4BCC-8217-44C46A8FD5CF}.Debug_Intel|x64.Build.0 = Debug|x64
		{F1BDC47D-0532-4BCC-8217-44C46A8FD5CF}.Debug|Win32.ActiveCfg = Debug|Win32
		{F1BDC47D-0532-4BCC-8217-44C46A8FD5CF}.Debug|Win32.Build.0 = Debug|Win32
		{F1BDC47D-0532-4BCC-8217-44C46A8FD5CF}.Debug|x64.ActiveCfg = Debug|x64
		{F1BDC47D-0532-4BCC-8217-44C46A8FD5CF}.Debug|x64.Build.0 = Debug|x64
		{F1BDC47D-0532-4BCC-8217-44C46A8FD5CF}.Release_Intel_Evaluation|Win32.ActiveCfg = Release|Win32
		{F1BDC47D-0532-4BCC-8217-44C46A8FD5CF}.Release_Intel_Evaluation|Win32.Build.0 = Release|Win32
		{F1BDC47D-0532-4BCC-8217-44C46A8FD5CF}.Release_Intel_Evaluation|x64.ActiveCfg = Release|x64
		{F1BDC47D-0532-4BCC-8217-44C46A8FD5CF}.Release_Intel_Evaluation|x64.Build.0 = Release|x64
		{F1BDC47D-0532-4BCC-8217-44C46A8FD5CF}.Release_Intel|Win32.ActiveCfg = Release|Win32
		{F1BDC47D-0532-4BCC-8217-44C46A8FD5CF}.Release_Intel|Win32.Build.0 = Release|Win32
		{F1BDC47D-0532-4BCC-8217-44C46A8FD5CF}.Release_Intel|x64.ActiveCfg = Release|x64
		{F1BDC47D-0532-4BCC-8217-44C46A8FD5CF}.Release_Intel|x64.Build.0 = Release|x64
		{F1BDC47D-0532-4BCC-8217-44C46A8FD5CF}.Release|Win32.ActiveCfg = Release|Win32
		{F1BDC47D-0532-4BCC-8217-44C46A8FD5CF}.Release|Win32.Build.0 = Release|Win32
		{F1BDC47D-0532-4BCC-8217-44C46A8FD5CF}.Release|x64.ActiveCfg = Release|x64
		{F1BDC47D-0532-4BCC-8217-44C46A8FD5CF}.Release|x64.Build.0 = Release|x64
		{A3D890F5-7362-404D-95BF-B6C8AABA786B}.Debug_HSW_Emu|Win32.ActiveCfg = Debug_HSW_Emu|Win32
		{A3D890F5-7362-404D-95BF-B6C8AABA786B}.Debug_HSW_Emu|Win32.Build.0 = Debug_HSW_Emu|Win32
		{A3D890F5-7362-404D-95BF-B6C8AABA786B}.Debug_HSW_Emu|x64.ActiveCfg = Debug_HSW_Emu|x64
		{A3D890F5-7362-404D-95BF-B6C8AABA786B}.Debug_HSW_Emu|x64.Build.0 = Debug_HSW_Emu|x64
		{A3D890F5-7362-404D-95BF-B6C8AABA786B}.Debug_Intel_Evaluation|Win32.ActiveCfg = Debug_HSW_Emu|Win32
		{A3D890F5-7362-404D-95BF-B6C8AABA786B}.Debug_Intel_Evaluation|Win32.Build.0 = Debug_HSW_Emu|Win32
		{A3D890F5-7362-404D-95BF-B6C8AABA786B}.Debug_Intel_Evaluation|x64.ActiveCfg = Debug_HSW_Emu|x64
		{A3D890F5-7362-404D-95BF-B6C8AABA786B}.Debug_Intel_Evaluation|x64.Build.0 = Debug_HSW_Emu|x64
		{A3D890F5-7362-404D-95BF-B6C8AABA786B}.Debug_Intel|Win32.ActiveCfg = Debug_HSW_Emu|Win32
		{A3D890F5-7362-404D-95BF-B6C8AABA786B}.Debug_Intel|Win32.Build.0 = Debug_HSW_Emu|Win32
		{A3D890F5-7362-404D-95BF-B6C8AABA786B}.Debug_Intel|x64.ActiveCfg = Debug_HSW_Emu|x64
		{A3D890F5-7362-404D-95BF-B6C8AABA786B}.Debug_Intel|x64.Build.0 = Debug_HSW_Emu|x64
		{A3D890F5-7362-404D-95BF-B6C8AABA786B}.Debug|Win32.ActiveCfg = Debug|Win32
		{A3D890F5-7362-404D-95BF-B6C8AABA786B}.Debug|Win32.Build.0 = Debug|Win32
		{A3D890F5-7362-404D-95BF-B6C8AABA786B}.Debug|x64.ActiveCfg = Debug|x64
		{A3D890F5-7362-404D-95BF-B6C8AABA786B}.Debug|x64.Build.0 = Debug|x64
		{A3D890F5-7362-404D-95BF-B6C8AABA786B}.Release_Intel_Evaluation|Win32.ActiveCfg = Release|Win32
		{A3D890F5-7362-404D-95BF-B6C8AABA786B}.Release_Intel_Evaluation|Win32.Build.0 = Release|Win32
		{A3D890F5-7362-404D-95BF-B6C8AABA786B}.Release_Intel_Evaluation|x64.ActiveCfg = Release|x64
		{A3D890F5-7362-404D-95BF-B6C8AABA786B}.Release_Intel_Evaluation|x64.Build.0 = Release|x64
		{A3D890F5-7362-404D-95BF-B6C8AABA786B}.Release_Intel|Win32.ActiveCfg = Release|Win32
		{A3D890F5-7362-404D-95BF-B6C8AABA786B}.Release_Intel|Win32.Build.0 = Release|Win32
		{A3D890F5-7362-404D-95BF-B6C8AABA786B}.Release_Intel|x64.ActiveCfg = Release|x64
		{A3D890F5-7362-404D-95BF-B6C8AABA786B}.Release_Intel|x64.Build.0 = Release|x64
		{A3D890F5-7362-404D-95BF-B6C8AABA786B}.Release|Win32.ActiveCfg = Release|Win32
		{A3D890F5-7362-404D-95BF-B6C8AABA786B}.Release|Win32.Build.0 = Release|Win32
		{A3D890F5-7362-404D-95BF-B6C8AABA786B}.Release|x64.ActiveCfg = Release|x64
		{A3D890F5-7362-404D-95BF-B6C8AABA786B}.Release|x64.Build.0 = Release|x64
		{DD53AC38-3804-4438-A3CA-A9E390CDF9F9}.Debug_HSW_Emu|Win32.ActiveCfg = Debug|Win32
		{DD53AC38-3804-4438-A3CA-A9E390CDF9F9}.Debug_HSW_Emu|Win32.Build.0 = Debug|Win32
		{DD53AC38-3804-4438-A3CA-A9E390CDF9F9}.Debug_HSW_Emu|x64.ActiveCfg = Debug|x64
		{DD53AC38-3804-4438-A3CA-A9E390CDF9F9}.Debug_HSW_Emu|x64.Build.0 = Debug|x64
		{DD53AC38-3804-4438-A3CA-A9E390CDF9F9}.Debug_Intel_Evaluation|Win32.ActiveCfg = Debug|Win32
		{DD53AC38-3804-4438-A3CA-A9E390CDF9F9}.Debug_Intel_Evaluation|Win32.Build.0 = Debug|Win32
		{DD53AC38-3804-4438-A3CA-A9E390CDF9F9}.Debug_Intel_Evaluation|x64.ActiveCfg = Debug|x64
		{DD53AC38-3804-4438-A3CA-A9E390CDF9F9}.Debug_Intel_Evaluation|x64.Build.0 = Debug|x64
		{DD53AC38-3804-4438-A3CA-A9E390CDF9F9}.Debug_Intel|Win32.ActiveCfg = Debug|Win32
		{DD53AC38-3804-4438-A3CA-A9E390CDF9F9}.Debug_Intel|Win32.Build.0 = Debug|Win32
		{DD53AC38-3804-4438-A3CA-A9E390CDF9F9}.Debug_Intel|x64.ActiveCfg = Debug|x64
		{DD53AC38-3804-4438-A3CA-A9E390CDF9F9}.Debug_Intel|x64.Build.0 = Debug|x64
		{DD53AC38-3804-4438-A3CA-A9E390CDF9F9}.Debug|Win32.ActiveCfg = Debug|Win32
		{DD53AC38-3804-4438-A3CA-A9E390CDF9F9}.Debug|Win32.Build.0 = Debug|Win32
		{DD53AC38-3804-4438-A3CA-A9E390CDF9F9}.Debug|x64.ActiveCfg = Debug|x64
		{DD53AC38-3804-4438-A3CA-A9E390CDF9F9}.Debug|x64.Build.0 = Debug|x64
		{DD53AC38-3804-4438-A3CA-A9E390CDF9F9}.Release_Intel_Evaluation|Win32.ActiveCfg = Release|Win32
		{DD53AC38-3804-4438-A3CA-A9E390CDF9F9}.Release_Intel_Evaluation|Win32.Build.0 = Release|Win32
		{DD53AC38-3804-4438-A3CA-A9E390CDF9F9}.Release_Intel_Evaluation|x64.ActiveCfg = Release|x64
		{DD53AC38-3804-4438-A3CA-A9E390CDF9F9}.Release_Intel_Evaluation|x64.Build.0 = Release|x64
		{DD53AC38-3804-4438-A3CA-A9E390CDF9F9}.Release_Intel|Win32.ActiveCfg = Release|Win32
		{DD53AC38-3804-4438-A3CA-A9E390CDF9F9}.Release_Intel|Win32.Build.0 = Release|Win32
		{DD53AC38-3804-4438-A3CA-A9E390CDF9F9}.Release_Intel|x64.ActiveCfg = Release|x64
		{DD53AC38-3804-4438-A3CA-A9E390CDF9F9}.Release_Intel|x64.Build.0 = Release|x64
		{DD53AC38-3804-4438-A3CA-A9E390CDF9F9}.Release|Win32.ActiveCfg = Release|Win32
		{DD53AC38-3804-4438-A3CA-A9E390CDF9F9}.Release|Win32.Build.0 = Release|Win32
		{DD53AC38-3804-4438-A3CA-A9E390CDF9F9}.Release|x64.ActiveCfg = Release|x64
		{DD53AC38-3804-4438-A3CA-A9E390CDF9F9}.Release|x64.Build.0 = Release|x64
		{23C4E55E-DB8F-4B77-A191-C10EB3A14FAC}.Debug_HSW_Emu|Win32.ActiveCfg = Debug|Win32
		{23C4E55E-DB8F-4B77-A191-C10EB3A14FAC}.Debug_HSW_Emu|Win32.Build.0 = Debug|Win32
		{23C4E55E-DB8F-4B77-A191-C10EB3A14FAC}.Debug_HSW_Emu|x64.ActiveCfg = Debug|x64
		{23C4E55E-DB8F-4B77-A191-C10EB3A14FAC}.Debug_HSW_Emu|x64.Build.0 = Debug|x64
		{23C4E55E-DB8F-4B77-A191-C10EB3A14FAC}.Debug_Intel_Evaluation|Win32.ActiveCfg = Debug|Win32
		{23C4E55E-DB8F-4B77-A191-C10EB3A14FAC}.Debug_Intel_Evaluation|Win32.Build.0 = Debug|Win32
		{23C4E55E-DB8F-4B77-A191-C10EB3A14FAC}.Debug_Intel_Evaluation|x64.ActiveCfg = Debug|x64
		{23C4E55E-DB8F-4B77-A191-C10EB3A14FAC}.Debug_Intel_Evaluation|x64.Build.0 = Debug|x64
		{23C4E55E-DB8F-4B77-A191-C10EB3A14FAC}.Debug_Intel|Win32.ActiveCfg = Debug|Win32
		{23C4E55E-DB8F-4B77-A191-C10EB3A14FAC}.Debug_Intel|Win32.Build.0 = Debug|Win32
		{23C4E55E-DB8F-4B77-A191-C10EB3A14FAC}.Debug_Intel|x64.ActiveCfg = Debug|x64
		{23C4E55E-DB8F-4B77-A191-C10EB3A14FAC}.Debug_Intel|x64.Build.0 = Debug|x64
		{23C4E55E-DB8F-4B77-A191-C10EB3A14FAC}.Debug|Win32.ActiveCfg = Debug|Win32
		{23C4E55E-DB8F-4B77-A191-C10EB3A14FAC}.Debug|Win32.Build.0 = Debug|Win32
		{23C4E55E-DB8F-4B77-A191-C10EB3A14FAC}.Debug|x64.ActiveCfg = Debug|x64
		{23C4E55E-DB8F-4B77-A191-C10EB3A14FAC}.Debug|x64.Build.0 = Debug|x64
		{23C4E55E-DB8F-4B77-A191-C10EB3A14FAC}.Release_Intel_Evaluation|Win32.ActiveCfg = Release|Win32
		{23C4E55E-DB8F-4B77-A191-C10EB3A14FAC}.Release_Intel_Evaluation|Win32.Build.0 = Release|Win32
		{23C4E55E-DB8F-4B77-A191-C10EB3A14FAC}.Release_Intel_Evaluation|x64.ActiveCfg = Release|x64
		{23C4E55E-DB8F-4B77-A191-C10EB3A14FAC}.Release_Intel_Evaluation|x64.Build.0 = Release|x64
		{23C4E55E-DB8F-4B77-A191-C10EB3A14FAC}.Release_Intel|Win32.ActiveCfg = Release|Win32
		{23C4E55E-DB8F-4B77-A191-C10EB3A14FAC}.Release_Intel|Win32.Build.0 = Release|Win32
		{23C4E55E-DB8F-4B77-A191-C10EB3A14FAC}.Release_Intel|x64.ActiveCfg = Release|x64
		{23C4E55E-DB8F-4B77-A191-C10EB3A14FAC}.Release_Intel|x64.Build.0 = Release|x64
		{23C4E55E-DB8F-4B77-A191-C10EB3A14FAC}.Release|Win32.ActiveCfg = Release|Win32
		{23C4E55E-DB8F-4B77-A191-C10EB3A14FAC}.Release|Win32.Build.0 = Release|Win32
		{23C4E55E-DB8F-4B77-A191-C10EB3A14FAC}.Release|x64.ActiveCfg = Release|x64
		{23C4E55E-DB8F-4B77-A191-C10EB3A14FAC}.Release|x64.Build.0 = Release|x64
		{8B6C2462-3A4D-4070-A44F-9A75E813EF27}.Debug_HSW_Emu|Win32.ActiveCfg = Debug|Win32
		{8B6C2462-3A4D-4070-A44F-9A75E813EF27}.Debug_HSW_Emu|Win32.Build.0 = Debug|Win32
		{8B6C2462-3A4D-4070-A44F-9A75E813EF27}.Debug_HSW_Emu|x64.ActiveCfg = Debug|x64
		{8B6C2462-3A4D-4070-A44F-9A75E813EF27}.Debug_HSW_Emu|x64.Build.0 = Debug|x64
		{8B6C2462-3A4D-4070-A44F-9A75E813EF27}.Debug_Intel_Evaluation|Win32.ActiveCfg = Debug|Win32
		{8B6C2462-3A4D-4070-A44F-9A75E813EF27}.Debug_Intel_Evaluation|Win32.Build.0 = Debug|Win32
		{8B6C2462-3A4D-4070-A44F-9A75E813EF27}.Debug_Intel_Evaluation|x64.ActiveCfg = Debug|x64
		{8B6C2462-3A4D-4070-A44F-9A75E813EF27}.Debug_Intel_Evaluation|x64.Build.0 = Debug|x64
		{8B6C2462-3A4D-4070-A44F-9A75E813EF27}.Debug_Intel|Win32.ActiveCfg = Debug|Win32
		{8B6C2462-3A4D-4070-A44F-9A75E813EF27}.Debug_Intel|Win32.Build.0 = Debug|Win32
		{8B6C2462-3A4D-4070-A44F-9A75E813EF27}.Debug_Intel|x64.ActiveCfg = Debug|x64
		{8B6C2462-3A4D-4070-A44F-9A75E813EF27}.Debug_Intel|x64.Build.0 = Debug|x64
		{8B6C2462-3A4D-4070-A44F-9A75E813EF27}.Debug|Win32.ActiveCfg = Debug|Win32
		{8B6C2462-3A4D-4070-A44F-9A75E813EF27}.Debug|Win32.Build.0 = Debug|Win32
		{8B6C2462-3A4D-4070-A44F-9A75E813EF27}.Debug|x64.ActiveCfg = Debug|x64
		{8B6C2462-3A4D-4070-A44F-9A75E813EF27}.Debug|x64.Build.0 = Debug|x64
		{8B6C2462-3A4D-4070-A44F-9A75E813EF27}.Release_Intel_Evaluation|Win32.ActiveCfg = Release|Win32
		{8B6C2462-3A4D-4070-A44F-9A75E813EF27}.Release_Intel_Evaluation|Win32.Build.0 = Release|Win32
		{8B6C2462-3A4D-4070-A44F-9A75E813EF27}.Release_Intel_Evaluation|x64.ActiveCfg = Release|x64
		{8B6C2462-3A4D-4070-A44F-9A75E813EF27}.Release_Intel_Evaluation|x64.Build.0 = Release|x64
		{8B6C2462-3A4D-4070-A44F-9A75E813EF27}.Release_Intel|Win32.ActiveCfg = Release|Win32
		{8B6C2462-3A4D-4070-A44F-9A75E813EF27}.Release_Intel|Win32.Build.0 = Release|Win32
		{8B6C2462-3A4D-4070-A44F-9A75E813EF27}.Release_Intel|x64.ActiveCfg = Release|x64
		{8B6C2462-3A4D-4070-A44F-9A75E813EF27}.Release_Intel|x64.Build.0 = Release|x64
		{8B6C2462-3A4D-4070-A44F-9A75E813EF27}.Release|Win32.ActiveCfg = Release|Win32
		{8B6C2462-3A4D-4070-A44F-9A75E813EF27}.Release|Win32.Build.0 = Release|Win32
		{8B6C2462-3A4D-4070-A44F-9A75E813EF27}.Release|x64.ActiveCfg = Release|x64
		{8B6C2462-3A4D-4070-A44F-9A75E813EF27}.Release|x64.Build.0 = Release|x64
		{E8E76842-6CF5-450F-A29E-CD15D7955AA4}.Debug_HSW_Emu|Win32.ActiveCfg = Debug|Win32
		{E8E76842-6CF5-450F-A29E-CD15D7955AA4}.Debug_HSW_Emu|Win32.Build.0 = Debug|Win32
		{E8E76842-6CF5-450F-A29E-CD15D7955AA4}.Debug_HSW_Emu|x64.ActiveCfg = Debug|x64
		{E8E76842-6CF5-450F-A29E-CD15D7955AA4}.Debug_HSW_Emu|x64.Build.0 = Debug|x64
		{E8E76842-6CF5-450F-A29E-CD15D7955AA4}.Debug_Intel_Evaluation|Win32.ActiveCfg = Debug|Win32
		{E8E76842-6CF5-450F-A29E-CD15D7955AA4}.Debug_Intel_Evaluation|Win32.Build.0 = Debug|Win32
		{E8E76842-6CF5-450F-A29E-CD15D7955AA4}.Debug_Intel_Evaluation|x64.ActiveCfg = Debug|x64
		{E8E76842-6CF5-450F-A29E-CD15D7955AA4}.Debug_Intel_Evaluation|x64.Build.0 = Debug|x64
		{E8E76842-6CF5-450F-A29E-CD15D7955AA4}.Debug_Intel|Win32.ActiveCfg = Debug|Win32
		{E8E76842-6CF5-450F-A29E-CD15D7955AA4}.Debug_Intel|Win32.Build.0 = Debug|Win32
		{E8E76842-6CF5-450F-A29E-CD15D7955AA4}.Debug_Intel|x64.ActiveCfg = Debug|x64
		{E8E76842-6CF5-450F-A29E-CD15D7955AA4}.Debug_Intel|x64.Build.0 = Debug|x64
		{E8E76842-6CF5-450F-A29E-CD15D7955AA4}.Debug|Win32.ActiveCfg = Debug|Win32
		{E8E76842-6CF5-450F-A29E-CD15D7955AA4}.Debug|Win32.Build.0 = Debug|Win32
		{E8E76842-6CF5-450F-A29E-CD15D7955AA4}.Debug|x64.ActiveCfg = Debug|x64
		{E8E76842-6CF5-450F-A29E-CD15D7955AA4}.Debug|x64.Build.0 = Debug|x64
		{E8E76842-6CF5-450F-A29E-CD15D7955AA4}.Release_Intel_Evaluation|Win32.ActiveCfg = Release|Win32
		{E8E76842-6CF5-450F-A29E-CD15D7955AA4}.Release_Intel_Evaluation|Win32.Build.0 = Release|Win32
		{E8E76842-6CF5-450F-A29E-CD15D7955AA4}.Release_Intel_Evaluation|x64.ActiveCfg = Release|x64
		{E8E76842-6CF5-450F-A29E-CD15D7955AA4}.Release_Intel_Evaluation|x64.Build.0 = Release|x64
		{E8E76842-6CF5-450F-A29E-CD15D7955AA4}.Release_Intel|Win32.ActiveCfg = Release|Win32
		{E8E76842-6CF5-450F-A29E-CD15D7955AA4}.Release_Intel|Win32.Build.0 = Release|Win32
		{E8E76842-6CF5-450F-A29E-CD15D7955AA4}.Release_Intel|x64.ActiveCfg = Release|x64
		{E8E76842-6CF5-450F-A29E-CD15D7955AA4}.Release_Intel|x64.Build.0 = Release|x64
		{E8E76842-6CF5-450F-A29E-CD15D7955AA4}.Release|Win32.ActiveCfg = Release|Win32
		{E8E76842-6CF5-450F-A29E-CD15D7955AA4}.Release|Win32.Build.0 = Release|Win32
		{E8E76842-6CF5-450F-A29E-CD15D7955AA4}.Release|x64.ActiveCfg = Release|x64
		{E8E76842-6CF5-450F-A29E-CD15D7955AA4}.Release|x64.Build.0 = Release|x64
		{2C461A99-0D9A-404B-8EC9-27DCDF75A242}.Debug_HSW_Emu|Win32.ActiveCfg = Debug|Win32
		{2C461A99-0D9A-404B-8EC9-27DCDF75A242}.Debug_HSW_Emu|Win32.Build.0 = Debug|Win32
		{2C461A99-0D9A-404B-8EC9-27DCDF75A242}.Debug_HSW_Emu|x64.ActiveCfg = Debug|x64
		{2C461A99-0D9A-404B-8EC9-27DCDF75A242}.Debug_HSW_Emu|x64.Build.0 = Debug|x64
		{2C461A99-0D9A-404B-8EC9-27DCDF75A242}.Debug_Intel_Evaluation|Win32.ActiveCfg = Debug|Win32
		{2C461A99-0D9A-404B-8EC9-27DCDF75A242}.Debug_Intel_Evaluation|Win32.Build.0 = Debug|Win32
		{2C461A99-0D9A-404B-8EC9-27DCDF75A242}.Debug_Intel_Evaluation|x64.ActiveCfg = Debug|x64
		{2C461A99-0D9A-404B-8EC9-27DCDF75A242}.Debug_Intel_Evaluation|x64.Build.0 = Debug|x64
		{2C461A99-0D9A-404B-8EC9-27DCDF75A242}.Debug_Intel|Win32.ActiveCfg = Debug|Win32
		{2C461A99-0D9A-404B-8EC9-27DCDF75A242}.Debug_Intel|Win32.Build.0 = Debug|Win32
		{2C461A99-0D9A-404B-8EC9-27DCDF75A242}.Debug_Intel|x64.ActiveCfg = Debug|x64
		{2C461A99-0D9A-404B-8EC9-27DCDF75A242}.Debug_Intel|x64.Build.0 = Debug|x64
		{2C461A99-0D9A-404B-8EC9-27DCDF75A242}.Debug|Win32.ActiveCfg = Debug|Win32
		{2C461A99-0D9A-404B-8EC9-27DCDF75A242}.Debug|Win32.Build.0 = Debug|Win32
		{2C461A99-0D9A-404B-8EC9-27DCDF75A242}.Debug|x64.ActiveCfg = Debug|x64
		{2C461A99-0D9A-404B-8EC9-27DCDF75A242}.Debug|x64.Build.0 = Debug|x64
		{2C461A99-0D9A-404B-8EC9-27DCDF75A242}.Release_Intel_Evaluation|Win32.ActiveCfg = Release|Win32
		{2C461A99-0D9A-404B-8EC9-27DCDF75A242}.Release_Intel_Evaluation|Win32.Build.0 = Release|Win32
		{2C461A99-0D9A-404B-8EC9-27DCDF75A242}.Release_Intel_Evaluation|x64.ActiveCfg = Release|x64
		{2C461A99-0D9A-404B-8EC9-27DCDF75A242}.Release_Intel_Evaluation|x64.Build.0 = Release|x64
		{2C461A99-0D9A-404B-8EC9-27DCDF75A242}.Release_Intel|Win32.ActiveCfg = Release|Win32
		{2C461A99-0D9A-404B-8EC9-27DCDF75A242}.Release_Intel|Win32.Build.0 = Release|Win32
		{2C461A99-0D9A-404B-8EC9-27DCDF75A242}.Release_Intel|x64.ActiveCfg = Release|x64
		{2C461A99-0D9A-404B-8EC9-27DCDF75A242}.Release_Intel|x64.Build.0 = Release|x64
		{2C461A99-0D9A-404B-8EC9-27DCDF75A242}.Release|Win32.ActiveCfg = Release|Win32
		{2C461A99-0D9A-404B-8EC9-27DCDF75A242}.Release|Win32.Build.0 = Release|Win32
		{2C461A99-0D9A-404B-8EC9-27DCDF75A242}.Release|x64.ActiveCfg = Release|x64
		{2C461A99-0D9A-404B-8EC9-27DCDF75A242}.Release|x64.Build.0 = Release|x64
		{ACB447A9-B52F-462A-92F3-4431384E7C01}.Debug_HSW_Emu|Win32.ActiveCfg = Debug_HSW_Emu|Win32
		{ACB447A9-B52F-462A-92F3-4431384E7C01}.Debug_HSW_Emu|Win32.Build.0 = Debug_HSW_Emu|Win32
		{ACB447A9-B52F-462A-92F3-4431384E7C01}.Debug_HSW_Emu|x64.ActiveCfg = Debug_HSW_Emu|x64
		{ACB447A9-B52F-462A-92F3-4431384E7C01}.Debug_HSW_Emu|x64.Build.0 = Debug_HSW_Emu|x64
		{ACB447A9-B52F-462A-92F3-4431384E7C01}.Debug_Intel_Evaluation|Win32.ActiveCfg = Debug_HSW_Emu|Win32
		{ACB447A9-B52F-462A-92F3-4431384E7C01}.Debug_Intel_Evaluation|Win32.Build.0 = Debug_HSW_Emu|Win32
		{ACB447A9-B52F-462A-92F3-4431384E7C01}.Debug_Intel_Evaluation|x64.ActiveCfg = Debug_HSW_Emu|x64
		{ACB447A9-B52F-462A-92F3-4431384E7C01}.Debug_Intel_Evaluation|x64.Build.0 = Debug_HSW_Emu|x64
		{ACB447A9-B52F-462A-92F3-4431384E7C01}.Debug_Intel|Win32.ActiveCfg = Debug_HSW_Emu|Win32
		{ACB447A9-B52F-462A-92F3-4431384E7C01}.Debug_Intel|Win32.Build.0 = Debug_HSW_Emu|Win32
		{ACB447A9-B52F-462A-92F3-4431384E7C01}.Debug_Intel|x64.ActiveCfg = Debug_HSW_Emu|x64
		{ACB447A9-B52F-462A-92F3-4431384E7C01}.Debug_Intel|x64.Build.0 = Debug_HSW_Emu|x64
		{ACB447A9-B52F-462A-92F3-4431384E7C01}.Debug|Win32.ActiveCfg = Debug|Win32
		{ACB447A9-B52F-462A-92F3-4431384E7C01}.Debug|Win32.Build.0 = Debug|Win32
		{ACB447A9-B52F-462A-92F3-4431384E7C01}.Debug|x64.ActiveCfg = Debug|x64
		{ACB447A9-B52F-462A-92F3-4431384E7C01}.Debug|x64.Build.0 = Debug|x64
		{ACB447A9-B52F-462A-92F3-4431384E7C01}.Release_Intel_Evaluation|Win32.ActiveCfg = Release|Win32
		{ACB447A9-B52F-462A-92F3-4431384E7C01}.Release_Intel_Evaluation|Win32.Build.0 = Release|Win32
		{ACB447A9-B52F-462A-92F3-4431384E7C01}.Release_Intel_Evaluation|x64.ActiveCfg = Release|x64
		{ACB447A9-B52F-462A-92F3-4431384E7C01}.Release_Intel_Evaluation|x64.Build.0 = Release|x64
		{ACB447A9-B52F-462A-92F3-4431384E7C01}.Release_Intel|Win32.ActiveCfg = Release|Win32
		{ACB447A9-B52F-462A-92F3-4431384E7C01}.Release_Intel|Win32.Build.0 = Release|Win32
		{ACB447A9-B52F-462A-92F3-4431384E7C01}.Release_Intel|x64.ActiveCfg = Release|x64
		{ACB447A9-B52F-462A-92F3-4431384E7C01}.Release_Intel|x64.Build.0 = Release|x64
		{ACB447A9-B52F-462A-92F3-4431384E7C01}.Release|Win32.ActiveCfg = Release|Win32
		{ACB447A9-B52F-462A-92F3-4431384E7C01}.Release|Win32.Build.0 = Release|Win32
		{ACB447A9-B52F-462A-92F3-4431384E7C01}.Release|x64.ActiveCfg = Release|x64
		{ACB447A9-B52F-462A-92F3-4431384E7C01}.Release|x64.Build.0 = Release|x64
	EndGlobalSection
	GlobalSection(SolutionProperties) = preSolution
		HideSolutionNode = FALSE
	EndGlobalSection
	GlobalSection(NestedProjects) = preSolution
		{E48418E7-2DCA-4642-80D5-09A8799C2549} = {03F908B1-B331-4B8C-9CCC-D88FAAC81551}
		{6052E5BC-625F-4A6F-AA98-EFDFD15975CE} = {03F908B1-B331-4B8C-9CCC-D88FAAC81551}
		{C22074B5-4F12-464E-B7BE-6C169718E0E8} = {03F908B1-B331-4B8C-9CCC-D88FAAC81551}
		{51904F5C-544A-47FD-8220-B6B3B3B06FFE} = {03F908B1-B331-4B8C-9CCC-D88FAAC81551}
		{314D0047-F36D-4922-95B0-9757FA9D667F} = {03F908B1-B331-4B8C-9CCC-D88FAAC81551}
		{8DC35B89-B4B7-4B48-B462-E589D4FDFEDE} = {03F908B1-B331-4B8C-9CCC-D88FAAC81551}
		{8B6C2462-3A4D-4070-A44F-9A75E813EF27} = {03F908B1-B331-4B8C-9CCC-D88FAAC81551}
		{E8E76842-6CF5-450F-A29E-CD15D7955AA4} = {03F908B1-B331-4B8C-9CCC-D88FAAC81551}
		{2C461A99-0D9A-404B-8EC9-27DCDF75A242} = {03F908B1-B331-4B8C-9CCC-D88FAAC81551}
	EndGlobalSection
EndGlobal
