Microsoft Visual Studio Solution File, Format Version 12.00
# Visual Studio 15
VisualStudioVersion = 15.0.28010.2036
MinimumVisualStudioVersion = 10.0.40219.1
Project("{2150E333-8FDC-42A3-9474-1A3956D46DE8}") = "UMC", "UMC", "{03F908B1-B331-4B8C-9CCC-D88FAAC81551}"
EndProject
Project("{8BC9CEB8-8B4A-11D0-8D11-00A0C91BC942}") = "libmfxhw_plugin_av1e", "libmfxhw_plugin_av1e.vcxproj", "{4D84BA81-EB2F-4183-8E95-C20FB271252C}"
EndProject
Project("{8BC9CEB8-8B4A-11D0-8D11-00A0C91BC942}") = "vm", "..\..\shared\umc\core\vm\vm.vcxproj", "{E48418E7-2DCA-4642-80D5-09A8799C2549}"
EndProject
Project("{8BC9CEB8-8B4A-11D0-8D11-00A0C91BC942}") = "vm_plus", "..\..\shared\umc\core\vm_plus\vm_plus.vcxproj", "{6052E5BC-625F-4A6F-AA98-EFDFD15975CE}"
EndProject
Project("{8BC9CEB8-8B4A-11D0-8D11-00A0C91BC942}") = "mfx_trace", "..\..\shared\mfx_trace\mfx_trace.vcxproj", "{68AD0BD0-170B-4CEA-8A55-D6B841D66203}"
EndProject
Project("{2150E333-8FDC-42A3-9474-1A3956D46DE8}") = "Solution Items", "Solution Items", "{73648CAF-96E3-476E-B87A-9846762C427F}"
EndProject
Project("{2150E333-8FDC-42A3-9474-1A3956D46DE8}") = "Optimization", "Optimization", "{7F062987-688B-4FFD-884C-18439EE8743F}"
EndProject
Project("{2150E333-8FDC-42A3-9474-1A3956D46DE8}") = "AV1", "AV1", "{0EAF09EF-9FDA-466F-9080-DF2DB4B51FFE}"
EndProject
Project("{8BC9CEB8-8B4A-11D0-8D11-00A0C91BC942}") = "cmrt_cross_platform", "..\cmrt_cross_platform\cmrt_cross_platform.vcxproj", "{A3D890F5-7362-404D-95BF-B6C8AABA786B}"
EndProject
Project("{8BC9CEB8-8B4A-11D0-8D11-00A0C91BC942}") = "av1_enc_hw", "..\encode\av1_enc_hw.vcxproj", "{C3E03AA8-47A5-4CF7-9B75-8B2A59AD412B}"
EndProject
Project("{8BC9CEB8-8B4A-11D0-8D11-00A0C91BC942}") = "av1_pp_px", "..\optimization\av1_pp_px.vcxproj", "{22484E13-ABE0-4594-BACF-C787613FDA26}"
EndProject
Project("{8BC9CEB8-8B4A-11D0-8D11-00A0C91BC942}") = "av1_pp_ssse3", "..\optimization\av1_pp_ssse3.vcxproj", "{A67AEE55-E7E2-43DA-9BDB-548ACE4C595A}"
EndProject
Project("{8BC9CEB8-8B4A-11D0-8D11-00A0C91BC942}") = "av1_pp_avx2", "..\optimization\av1_pp_avx2.vcxproj", "{6EBB14F6-DCA0-485A-89F7-FE803B75D0B9}"
EndProject
Project("{8BC9CEB8-8B4A-11D0-8D11-00A0C91BC942}") = "av1_fei", "..\fei\av1\av1_fei.vcxproj", "{34ADEC07-FF4A-4CD0-B526-12BE7E40D321}"
EndProject
Project("{8BC9CEB8-8B4A-11D0-8D11-00A0C91BC942}") = "genx_av1_encode_embeded", "..\genx\av1_encode\genx_av1_encode_embeded.vcxproj", "{821C734C-1927-4C6F-80F7-37088A80D9E4}"
EndProject
Global
	GlobalSection(SolutionConfigurationPlatforms) = preSolution
		Debug_HSW_Emu|x64 = Debug_HSW_Emu|x64
		Debug_HSW_Emu|x86 = Debug_HSW_Emu|x86
		Debug_Intel|x64 = Debug_Intel|x64
		Debug_Intel|x86 = Debug_Intel|x86
		Debug_THM|x64 = Debug_THM|x64
		Debug_THM|x86 = Debug_THM|x86
		Debug|x64 = Debug|x64
		Debug|x86 = Debug|x86
		Release_Intel|x64 = Release_Intel|x64
		Release_Intel|x86 = Release_Intel|x86
		Release_THM|x64 = Release_THM|x64
		Release_THM|x86 = Release_THM|x86
		Release_VTUNE|x64 = Release_VTUNE|x64
		Release_VTUNE|x86 = Release_VTUNE|x86
		Release|x64 = Release|x64
		Release|x86 = Release|x86
	EndGlobalSection
	GlobalSection(ProjectConfigurationPlatforms) = postSolution
		{4D84BA81-EB2F-4183-8E95-C20FB271252C}.Debug_HSW_Emu|x64.ActiveCfg = Debug_Intel|x64
		{4D84BA81-EB2F-4183-8E95-C20FB271252C}.Debug_HSW_Emu|x64.Build.0 = Debug_Intel|x64
		{4D84BA81-EB2F-4183-8E95-C20FB271252C}.Debug_HSW_Emu|x86.ActiveCfg = Debug_Intel|Win32
		{4D84BA81-EB2F-4183-8E95-C20FB271252C}.Debug_HSW_Emu|x86.Build.0 = Debug_Intel|Win32
		{4D84BA81-EB2F-4183-8E95-C20FB271252C}.Debug_Intel|x64.ActiveCfg = Debug_Intel|x64
		{4D84BA81-EB2F-4183-8E95-C20FB271252C}.Debug_Intel|x64.Build.0 = Debug_Intel|x64
		{4D84BA81-EB2F-4183-8E95-C20FB271252C}.Debug_Intel|x86.ActiveCfg = Debug_Intel|Win32
		{4D84BA81-EB2F-4183-8E95-C20FB271252C}.Debug_Intel|x86.Build.0 = Debug_Intel|Win32
		{4D84BA81-EB2F-4183-8E95-C20FB271252C}.Debug_THM|x64.ActiveCfg = Debug_Intel|x64
		{4D84BA81-EB2F-4183-8E95-C20FB271252C}.Debug_THM|x64.Build.0 = Debug_Intel|x64
		{4D84BA81-EB2F-4183-8E95-C20FB271252C}.Debug_THM|x86.ActiveCfg = Debug_Intel|Win32
		{4D84BA81-EB2F-4183-8E95-C20FB271252C}.Debug_THM|x86.Build.0 = Debug_Intel|Win32
		{4D84BA81-EB2F-4183-8E95-C20FB271252C}.Debug|x64.ActiveCfg = Debug|x64
		{4D84BA81-EB2F-4183-8E95-C20FB271252C}.Debug|x64.Build.0 = Debug|x64
		{4D84BA81-EB2F-4183-8E95-C20FB271252C}.Debug|x86.ActiveCfg = Debug|Win32
		{4D84BA81-EB2F-4183-8E95-C20FB271252C}.Debug|x86.Build.0 = Debug|Win32
		{4D84BA81-EB2F-4183-8E95-C20FB271252C}.Release_Intel|x64.ActiveCfg = Release_Intel|x64
		{4D84BA81-EB2F-4183-8E95-C20FB271252C}.Release_Intel|x64.Build.0 = Release_Intel|x64
		{4D84BA81-EB2F-4183-8E95-C20FB271252C}.Release_Intel|x86.ActiveCfg = Release_Intel|Win32
		{4D84BA81-EB2F-4183-8E95-C20FB271252C}.Release_Intel|x86.Build.0 = Release_Intel|Win32
		{4D84BA81-EB2F-4183-8E95-C20FB271252C}.Release_THM|x64.ActiveCfg = Release_Intel|x64
		{4D84BA81-EB2F-4183-8E95-C20FB271252C}.Release_THM|x64.Build.0 = Release_Intel|x64
		{4D84BA81-EB2F-4183-8E95-C20FB271252C}.Release_THM|x86.ActiveCfg = Debug_Intel|Win32
		{4D84BA81-EB2F-4183-8E95-C20FB271252C}.Release_THM|x86.Build.0 = Debug_Intel|Win32
		{4D84BA81-EB2F-4183-8E95-C20FB271252C}.Release_VTUNE|x64.ActiveCfg = Release_VTUNE|x64
		{4D84BA81-EB2F-4183-8E95-C20FB271252C}.Release_VTUNE|x64.Build.0 = Release_VTUNE|x64
		{4D84BA81-EB2F-4183-8E95-C20FB271252C}.Release_VTUNE|x86.ActiveCfg = Release_VTUNE|Win32
		{4D84BA81-EB2F-4183-8E95-C20FB271252C}.Release_VTUNE|x86.Build.0 = Release_VTUNE|Win32
		{4D84BA81-EB2F-4183-8E95-C20FB271252C}.Release|x64.ActiveCfg = Release|x64
		{4D84BA81-EB2F-4183-8E95-C20FB271252C}.Release|x64.Build.0 = Release|x64
		{4D84BA81-EB2F-4183-8E95-C20FB271252C}.Release|x86.ActiveCfg = Release|Win32
		{4D84BA81-EB2F-4183-8E95-C20FB271252C}.Release|x86.Build.0 = Release|Win32
		{E48418E7-2DCA-4642-80D5-09A8799C2549}.Debug_HSW_Emu|x64.ActiveCfg = Debug_HSW_Emu|x64
		{E48418E7-2DCA-4642-80D5-09A8799C2549}.Debug_HSW_Emu|x64.Build.0 = Debug_HSW_Emu|x64
		{E48418E7-2DCA-4642-80D5-09A8799C2549}.Debug_HSW_Emu|x86.ActiveCfg = Debug_HSW_Emu|Win32
		{E48418E7-2DCA-4642-80D5-09A8799C2549}.Debug_HSW_Emu|x86.Build.0 = Debug_HSW_Emu|Win32
		{E48418E7-2DCA-4642-80D5-09A8799C2549}.Debug_Intel|x64.ActiveCfg = Debug_Intel|x64
		{E48418E7-2DCA-4642-80D5-09A8799C2549}.Debug_Intel|x64.Build.0 = Debug_Intel|x64
		{E48418E7-2DCA-4642-80D5-09A8799C2549}.Debug_Intel|x86.ActiveCfg = Debug_Intel|Win32
		{E48418E7-2DCA-4642-80D5-09A8799C2549}.Debug_Intel|x86.Build.0 = Debug_Intel|Win32
		{E48418E7-2DCA-4642-80D5-09A8799C2549}.Debug_THM|x64.ActiveCfg = Debug_THM|x64
		{E48418E7-2DCA-4642-80D5-09A8799C2549}.Debug_THM|x64.Build.0 = Debug_THM|x64
		{E48418E7-2DCA-4642-80D5-09A8799C2549}.Debug_THM|x86.ActiveCfg = Debug_THM|Win32
		{E48418E7-2DCA-4642-80D5-09A8799C2549}.Debug_THM|x86.Build.0 = Debug_THM|Win32
		{E48418E7-2DCA-4642-80D5-09A8799C2549}.Debug|x64.ActiveCfg = Debug|x64
		{E48418E7-2DCA-4642-80D5-09A8799C2549}.Debug|x64.Build.0 = Debug|x64
		{E48418E7-2DCA-4642-80D5-09A8799C2549}.Debug|x86.ActiveCfg = Debug|Win32
		{E48418E7-2DCA-4642-80D5-09A8799C2549}.Debug|x86.Build.0 = Debug|Win32
		{E48418E7-2DCA-4642-80D5-09A8799C2549}.Release_Intel|x64.ActiveCfg = Release_Intel|x64
		{E48418E7-2DCA-4642-80D5-09A8799C2549}.Release_Intel|x64.Build.0 = Release_Intel|x64
		{E48418E7-2DCA-4642-80D5-09A8799C2549}.Release_Intel|x86.ActiveCfg = Release_Intel|Win32
		{E48418E7-2DCA-4642-80D5-09A8799C2549}.Release_Intel|x86.Build.0 = Release_Intel|Win32
		{E48418E7-2DCA-4642-80D5-09A8799C2549}.Release_THM|x64.ActiveCfg = Release_THM|x64
		{E48418E7-2DCA-4642-80D5-09A8799C2549}.Release_THM|x64.Build.0 = Release_THM|x64
		{E48418E7-2DCA-4642-80D5-09A8799C2549}.Release_THM|x86.ActiveCfg = Release_THM|Win32
		{E48418E7-2DCA-4642-80D5-09A8799C2549}.Release_THM|x86.Build.0 = Release_THM|Win32
		{E48418E7-2DCA-4642-80D5-09A8799C2549}.Release_VTUNE|x64.ActiveCfg = Release_THM|x64
		{E48418E7-2DCA-4642-80D5-09A8799C2549}.Release_VTUNE|x64.Build.0 = Release_THM|x64
		{E48418E7-2DCA-4642-80D5-09A8799C2549}.Release_VTUNE|x86.ActiveCfg = Release_THM|Win32
		{E48418E7-2DCA-4642-80D5-09A8799C2549}.Release_VTUNE|x86.Build.0 = Release_THM|Win32
		{E48418E7-2DCA-4642-80D5-09A8799C2549}.Release|x64.ActiveCfg = Release|x64
		{E48418E7-2DCA-4642-80D5-09A8799C2549}.Release|x64.Build.0 = Release|x64
		{E48418E7-2DCA-4642-80D5-09A8799C2549}.Release|x86.ActiveCfg = Release|Win32
		{E48418E7-2DCA-4642-80D5-09A8799C2549}.Release|x86.Build.0 = Release|Win32
		{6052E5BC-625F-4A6F-AA98-EFDFD15975CE}.Debug_HSW_Emu|x64.ActiveCfg = Debug_HSW_Emu|x64
		{6052E5BC-625F-4A6F-AA98-EFDFD15975CE}.Debug_HSW_Emu|x64.Build.0 = Debug_HSW_Emu|x64
		{6052E5BC-625F-4A6F-AA98-EFDFD15975CE}.Debug_HSW_Emu|x86.ActiveCfg = Debug_HSW_Emu|Win32
		{6052E5BC-625F-4A6F-AA98-EFDFD15975CE}.Debug_HSW_Emu|x86.Build.0 = Debug_HSW_Emu|Win32
		{6052E5BC-625F-4A6F-AA98-EFDFD15975CE}.Debug_Intel|x64.ActiveCfg = Debug_Intel|x64
		{6052E5BC-625F-4A6F-AA98-EFDFD15975CE}.Debug_Intel|x64.Build.0 = Debug_Intel|x64
		{6052E5BC-625F-4A6F-AA98-EFDFD15975CE}.Debug_Intel|x86.ActiveCfg = Debug_Intel|Win32
		{6052E5BC-625F-4A6F-AA98-EFDFD15975CE}.Debug_Intel|x86.Build.0 = Debug_Intel|Win32
		{6052E5BC-625F-4A6F-AA98-EFDFD15975CE}.Debug_THM|x64.ActiveCfg = Debug_THM|x64
		{6052E5BC-625F-4A6F-AA98-EFDFD15975CE}.Debug_THM|x64.Build.0 = Debug_THM|x64
		{6052E5BC-625F-4A6F-AA98-EFDFD15975CE}.Debug_THM|x86.ActiveCfg = Debug_THM|Win32
		{6052E5BC-625F-4A6F-AA98-EFDFD15975CE}.Debug_THM|x86.Build.0 = Debug_THM|Win32
		{6052E5BC-625F-4A6F-AA98-EFDFD15975CE}.Debug|x64.ActiveCfg = Debug|x64
		{6052E5BC-625F-4A6F-AA98-EFDFD15975CE}.Debug|x64.Build.0 = Debug|x64
		{6052E5BC-625F-4A6F-AA98-EFDFD15975CE}.Debug|x86.ActiveCfg = Debug|Win32
		{6052E5BC-625F-4A6F-AA98-EFDFD15975CE}.Debug|x86.Build.0 = Debug|Win32
		{6052E5BC-625F-4A6F-AA98-EFDFD15975CE}.Release_Intel|x64.ActiveCfg = Release_Intel|x64
		{6052E5BC-625F-4A6F-AA98-EFDFD15975CE}.Release_Intel|x64.Build.0 = Release_Intel|x64
		{6052E5BC-625F-4A6F-AA98-EFDFD15975CE}.Release_Intel|x86.ActiveCfg = Release_Intel|Win32
		{6052E5BC-625F-4A6F-AA98-EFDFD15975CE}.Release_Intel|x86.Build.0 = Release_Intel|Win32
		{6052E5BC-625F-4A6F-AA98-EFDFD15975CE}.Release_THM|x64.ActiveCfg = Release_THM|x64
		{6052E5BC-625F-4A6F-AA98-EFDFD15975CE}.Release_THM|x64.Build.0 = Release_THM|x64
		{6052E5BC-625F-4A6F-AA98-EFDFD15975CE}.Release_THM|x86.ActiveCfg = Release_THM|Win32
		{6052E5BC-625F-4A6F-AA98-EFDFD15975CE}.Release_THM|x86.Build.0 = Release_THM|Win32
		{6052E5BC-625F-4A6F-AA98-EFDFD15975CE}.Release_VTUNE|x64.ActiveCfg = Release_THM|x64
		{6052E5BC-625F-4A6F-AA98-EFDFD15975CE}.Release_VTUNE|x64.Build.0 = Release_THM|x64
		{6052E5BC-625F-4A6F-AA98-EFDFD15975CE}.Release_VTUNE|x86.ActiveCfg = Release_THM|Win32
		{6052E5BC-625F-4A6F-AA98-EFDFD15975CE}.Release_VTUNE|x86.Build.0 = Release_THM|Win32
		{6052E5BC-625F-4A6F-AA98-EFDFD15975CE}.Release|x64.ActiveCfg = Release|x64
		{6052E5BC-625F-4A6F-AA98-EFDFD15975CE}.Release|x64.Build.0 = Release|x64
		{6052E5BC-625F-4A6F-AA98-EFDFD15975CE}.Release|x86.ActiveCfg = Release|Win32
		{6052E5BC-625F-4A6F-AA98-EFDFD15975CE}.Release|x86.Build.0 = Release|Win32
		{68AD0BD0-170B-4CEA-8A55-D6B841D66203}.Debug_HSW_Emu|x64.ActiveCfg = Debug_HSW_Emu|x64
		{68AD0BD0-170B-4CEA-8A55-D6B841D66203}.Debug_HSW_Emu|x64.Build.0 = Debug_HSW_Emu|x64
		{68AD0BD0-170B-4CEA-8A55-D6B841D66203}.Debug_HSW_Emu|x86.ActiveCfg = Debug_HSW_Emu|Win32
		{68AD0BD0-170B-4CEA-8A55-D6B841D66203}.Debug_HSW_Emu|x86.Build.0 = Debug_HSW_Emu|Win32
		{68AD0BD0-170B-4CEA-8A55-D6B841D66203}.Debug_Intel|x64.ActiveCfg = Debug_Intel|x64
		{68AD0BD0-170B-4CEA-8A55-D6B841D66203}.Debug_Intel|x64.Build.0 = Debug_Intel|x64
		{68AD0BD0-170B-4CEA-8A55-D6B841D66203}.Debug_Intel|x86.ActiveCfg = Debug_Intel|Win32
		{68AD0BD0-170B-4CEA-8A55-D6B841D66203}.Debug_Intel|x86.Build.0 = Debug_Intel|Win32
		{68AD0BD0-170B-4CEA-8A55-D6B841D66203}.Debug_THM|x64.ActiveCfg = Debug_THM|x64
		{68AD0BD0-170B-4CEA-8A55-D6B841D66203}.Debug_THM|x64.Build.0 = Debug_THM|x64
		{68AD0BD0-170B-4CEA-8A55-D6B841D66203}.Debug_THM|x86.ActiveCfg = Debug_THM|Win32
		{68AD0BD0-170B-4CEA-8A55-D6B841D66203}.Debug_THM|x86.Build.0 = Debug_THM|Win32
		{68AD0BD0-170B-4CEA-8A55-D6B841D66203}.Debug|x64.ActiveCfg = Debug|x64
		{68AD0BD0-170B-4CEA-8A55-D6B841D66203}.Debug|x64.Build.0 = Debug|x64
		{68AD0BD0-170B-4CEA-8A55-D6B841D66203}.Debug|x86.ActiveCfg = Debug|Win32
		{68AD0BD0-170B-4CEA-8A55-D6B841D66203}.Debug|x86.Build.0 = Debug|Win32
		{68AD0BD0-170B-4CEA-8A55-D6B841D66203}.Release_Intel|x64.ActiveCfg = Release_Intel|x64
		{68AD0BD0-170B-4CEA-8A55-D6B841D66203}.Release_Intel|x64.Build.0 = Release_Intel|x64
		{68AD0BD0-170B-4CEA-8A55-D6B841D66203}.Release_Intel|x86.ActiveCfg = Release_Intel|Win32
		{68AD0BD0-170B-4CEA-8A55-D6B841D66203}.Release_Intel|x86.Build.0 = Release_Intel|Win32
		{68AD0BD0-170B-4CEA-8A55-D6B841D66203}.Release_THM|x64.ActiveCfg = Release_THM|x64
		{68AD0BD0-170B-4CEA-8A55-D6B841D66203}.Release_THM|x64.Build.0 = Release_THM|x64
		{68AD0BD0-170B-4CEA-8A55-D6B841D66203}.Release_THM|x86.ActiveCfg = Release_THM|Win32
		{68AD0BD0-170B-4CEA-8A55-D6B841D66203}.Release_THM|x86.Build.0 = Release_THM|Win32
		{68AD0BD0-170B-4CEA-8A55-D6B841D66203}.Release_VTUNE|x64.ActiveCfg = Release_THM|x64
		{68AD0BD0-170B-4CEA-8A55-D6B841D66203}.Release_VTUNE|x64.Build.0 = Release_THM|x64
		{68AD0BD0-170B-4CEA-8A55-D6B841D66203}.Release_VTUNE|x86.ActiveCfg = Release_THM|Win32
		{68AD0BD0-170B-4CEA-8A55-D6B841D66203}.Release_VTUNE|x86.Build.0 = Release_THM|Win32
		{68AD0BD0-170B-4CEA-8A55-D6B841D66203}.Release|x64.ActiveCfg = Release|x64
		{68AD0BD0-170B-4CEA-8A55-D6B841D66203}.Release|x64.Build.0 = Release|x64
		{68AD0BD0-170B-4CEA-8A55-D6B841D66203}.Release|x86.ActiveCfg = Release|Win32
		{68AD0BD0-170B-4CEA-8A55-D6B841D66203}.Release|x86.Build.0 = Release|Win32
		{A3D890F5-7362-404D-95BF-B6C8AABA786B}.Debug_HSW_Emu|x64.ActiveCfg = Debug_HSW_Emu|x64
		{A3D890F5-7362-404D-95BF-B6C8AABA786B}.Debug_HSW_Emu|x64.Build.0 = Debug_HSW_Emu|x64
		{A3D890F5-7362-404D-95BF-B6C8AABA786B}.Debug_HSW_Emu|x86.ActiveCfg = Debug_HSW_Emu|Win32
		{A3D890F5-7362-404D-95BF-B6C8AABA786B}.Debug_HSW_Emu|x86.Build.0 = Debug_HSW_Emu|Win32
		{A3D890F5-7362-404D-95BF-B6C8AABA786B}.Debug_Intel|x64.ActiveCfg = Debug_Intel|x64
		{A3D890F5-7362-404D-95BF-B6C8AABA786B}.Debug_Intel|x64.Build.0 = Debug_Intel|x64
		{A3D890F5-7362-404D-95BF-B6C8AABA786B}.Debug_Intel|x86.ActiveCfg = Debug_Intel|Win32
		{A3D890F5-7362-404D-95BF-B6C8AABA786B}.Debug_Intel|x86.Build.0 = Debug_Intel|Win32
		{A3D890F5-7362-404D-95BF-B6C8AABA786B}.Debug_THM|x64.ActiveCfg = Debug_THM|x64
		{A3D890F5-7362-404D-95BF-B6C8AABA786B}.Debug_THM|x64.Build.0 = Debug_THM|x64
		{A3D890F5-7362-404D-95BF-B6C8AABA786B}.Debug_THM|x86.ActiveCfg = Debug_THM|Win32
		{A3D890F5-7362-404D-95BF-B6C8AABA786B}.Debug_THM|x86.Build.0 = Debug_THM|Win32
		{A3D890F5-7362-404D-95BF-B6C8AABA786B}.Debug|x64.ActiveCfg = Debug|x64
		{A3D890F5-7362-404D-95BF-B6C8AABA786B}.Debug|x64.Build.0 = Debug|x64
		{A3D890F5-7362-404D-95BF-B6C8AABA786B}.Debug|x86.ActiveCfg = Debug|Win32
		{A3D890F5-7362-404D-95BF-B6C8AABA786B}.Debug|x86.Build.0 = Debug|Win32
		{A3D890F5-7362-404D-95BF-B6C8AABA786B}.Release_Intel|x64.ActiveCfg = Release_Intel|x64
		{A3D890F5-7362-404D-95BF-B6C8AABA786B}.Release_Intel|x64.Build.0 = Release_Intel|x64
		{A3D890F5-7362-404D-95BF-B6C8AABA786B}.Release_Intel|x86.ActiveCfg = Release_Intel|Win32
		{A3D890F5-7362-404D-95BF-B6C8AABA786B}.Release_Intel|x86.Build.0 = Release_Intel|Win32
		{A3D890F5-7362-404D-95BF-B6C8AABA786B}.Release_THM|x64.ActiveCfg = Release_THM|x64
		{A3D890F5-7362-404D-95BF-B6C8AABA786B}.Release_THM|x64.Build.0 = Release_THM|x64
		{A3D890F5-7362-404D-95BF-B6C8AABA786B}.Release_THM|x86.ActiveCfg = Release_THM|Win32
		{A3D890F5-7362-404D-95BF-B6C8AABA786B}.Release_THM|x86.Build.0 = Release_THM|Win32
		{A3D890F5-7362-404D-95BF-B6C8AABA786B}.Release_VTUNE|x64.ActiveCfg = Release_THM|x64
		{A3D890F5-7362-404D-95BF-B6C8AABA786B}.Release_VTUNE|x64.Build.0 = Release_THM|x64
		{A3D890F5-7362-404D-95BF-B6C8AABA786B}.Release_VTUNE|x86.ActiveCfg = Release_THM|Win32
		{A3D890F5-7362-404D-95BF-B6C8AABA786B}.Release_VTUNE|x86.Build.0 = Release_THM|Win32
		{A3D890F5-7362-404D-95BF-B6C8AABA786B}.Release|x64.ActiveCfg = Release|x64
		{A3D890F5-7362-404D-95BF-B6C8AABA786B}.Release|x64.Build.0 = Release|x64
		{A3D890F5-7362-404D-95BF-B6C8AABA786B}.Release|x86.ActiveCfg = Release|Win32
		{A3D890F5-7362-404D-95BF-B6C8AABA786B}.Release|x86.Build.0 = Release|Win32
		{C3E03AA8-47A5-4CF7-9B75-8B2A59AD412B}.Debug_HSW_Emu|x64.ActiveCfg = Debug_Intel|x64
		{C3E03AA8-47A5-4CF7-9B75-8B2A59AD412B}.Debug_HSW_Emu|x64.Build.0 = Debug_Intel|x64
		{C3E03AA8-47A5-4CF7-9B75-8B2A59AD412B}.Debug_HSW_Emu|x86.ActiveCfg = Debug_Intel|Win32
		{C3E03AA8-47A5-4CF7-9B75-8B2A59AD412B}.Debug_HSW_Emu|x86.Build.0 = Debug_Intel|Win32
		{C3E03AA8-47A5-4CF7-9B75-8B2A59AD412B}.Debug_Intel|x64.ActiveCfg = Debug_Intel|x64
		{C3E03AA8-47A5-4CF7-9B75-8B2A59AD412B}.Debug_Intel|x64.Build.0 = Debug_Intel|x64
		{C3E03AA8-47A5-4CF7-9B75-8B2A59AD412B}.Debug_Intel|x86.ActiveCfg = Debug_Intel|Win32
		{C3E03AA8-47A5-4CF7-9B75-8B2A59AD412B}.Debug_Intel|x86.Build.0 = Debug_Intel|Win32
		{C3E03AA8-47A5-4CF7-9B75-8B2A59AD412B}.Debug_THM|x64.ActiveCfg = Debug_Intel|x64
		{C3E03AA8-47A5-4CF7-9B75-8B2A59AD412B}.Debug_THM|x64.Build.0 = Debug_Intel|x64
		{C3E03AA8-47A5-4CF7-9B75-8B2A59AD412B}.Debug_THM|x86.ActiveCfg = Debug_Intel|Win32
		{C3E03AA8-47A5-4CF7-9B75-8B2A59AD412B}.Debug_THM|x86.Build.0 = Debug_Intel|Win32
		{C3E03AA8-47A5-4CF7-9B75-8B2A59AD412B}.Debug|x64.ActiveCfg = Debug|x64
		{C3E03AA8-47A5-4CF7-9B75-8B2A59AD412B}.Debug|x64.Build.0 = Debug|x64
		{C3E03AA8-47A5-4CF7-9B75-8B2A59AD412B}.Debug|x86.ActiveCfg = Debug|Win32
		{C3E03AA8-47A5-4CF7-9B75-8B2A59AD412B}.Debug|x86.Build.0 = Debug|Win32
		{C3E03AA8-47A5-4CF7-9B75-8B2A59AD412B}.Release_Intel|x64.ActiveCfg = Release_Intel|x64
		{C3E03AA8-47A5-4CF7-9B75-8B2A59AD412B}.Release_Intel|x64.Build.0 = Release_Intel|x64
		{C3E03AA8-47A5-4CF7-9B75-8B2A59AD412B}.Release_Intel|x86.ActiveCfg = Release_Intel|Win32
		{C3E03AA8-47A5-4CF7-9B75-8B2A59AD412B}.Release_Intel|x86.Build.0 = Release_Intel|Win32
		{C3E03AA8-47A5-4CF7-9B75-8B2A59AD412B}.Release_THM|x64.ActiveCfg = Release_Intel|x64
		{C3E03AA8-47A5-4CF7-9B75-8B2A59AD412B}.Release_THM|x64.Build.0 = Release_Intel|x64
		{C3E03AA8-47A5-4CF7-9B75-8B2A59AD412B}.Release_THM|x86.ActiveCfg = Debug_Intel|Win32
		{C3E03AA8-47A5-4CF7-9B75-8B2A59AD412B}.Release_THM|x86.Build.0 = Debug_Intel|Win32
		{C3E03AA8-47A5-4CF7-9B75-8B2A59AD412B}.Release_VTUNE|x64.ActiveCfg = Release_VTUNE|x64
		{C3E03AA8-47A5-4CF7-9B75-8B2A59AD412B}.Release_VTUNE|x64.Build.0 = Release_VTUNE|x64
		{C3E03AA8-47A5-4CF7-9B75-8B2A59AD412B}.Release_VTUNE|x86.ActiveCfg = Release_VTUNE|Win32
		{C3E03AA8-47A5-4CF7-9B75-8B2A59AD412B}.Release_VTUNE|x86.Build.0 = Release_VTUNE|Win32
		{C3E03AA8-47A5-4CF7-9B75-8B2A59AD412B}.Release|x64.ActiveCfg = Release|x64
		{C3E03AA8-47A5-4CF7-9B75-8B2A59AD412B}.Release|x64.Build.0 = Release|x64
		{C3E03AA8-47A5-4CF7-9B75-8B2A59AD412B}.Release|x86.ActiveCfg = Release|Win32
		{C3E03AA8-47A5-4CF7-9B75-8B2A59AD412B}.Release|x86.Build.0 = Release|Win32
		{22484E13-ABE0-4594-BACF-C787613FDA26}.Debug_HSW_Emu|x64.ActiveCfg = Debug_Intel|x64
		{22484E13-ABE0-4594-BACF-C787613FDA26}.Debug_HSW_Emu|x64.Build.0 = Debug_Intel|x64
		{22484E13-ABE0-4594-BACF-C787613FDA26}.Debug_HSW_Emu|x86.ActiveCfg = Debug_Intel|Win32
		{22484E13-ABE0-4594-BACF-C787613FDA26}.Debug_HSW_Emu|x86.Build.0 = Debug_Intel|Win32
		{22484E13-ABE0-4594-BACF-C787613FDA26}.Debug_Intel|x64.ActiveCfg = Debug_Intel|x64
		{22484E13-ABE0-4594-BACF-C787613FDA26}.Debug_Intel|x64.Build.0 = Debug_Intel|x64
		{22484E13-ABE0-4594-BACF-C787613FDA26}.Debug_Intel|x86.ActiveCfg = Debug_Intel|Win32
		{22484E13-ABE0-4594-BACF-C787613FDA26}.Debug_Intel|x86.Build.0 = Debug_Intel|Win32
		{22484E13-ABE0-4594-BACF-C787613FDA26}.Debug_THM|x64.ActiveCfg = Debug_Intel|x64
		{22484E13-ABE0-4594-BACF-C787613FDA26}.Debug_THM|x64.Build.0 = Debug_Intel|x64
		{22484E13-ABE0-4594-BACF-C787613FDA26}.Debug_THM|x86.ActiveCfg = Debug_Intel|Win32
		{22484E13-ABE0-4594-BACF-C787613FDA26}.Debug_THM|x86.Build.0 = Debug_Intel|Win32
		{22484E13-ABE0-4594-BACF-C787613FDA26}.Debug|x64.ActiveCfg = Debug|x64
		{22484E13-ABE0-4594-BACF-C787613FDA26}.Debug|x64.Build.0 = Debug|x64
		{22484E13-ABE0-4594-BACF-C787613FDA26}.Debug|x86.ActiveCfg = Debug|Win32
		{22484E13-ABE0-4594-BACF-C787613FDA26}.Debug|x86.Build.0 = Debug|Win32
		{22484E13-ABE0-4594-BACF-C787613FDA26}.Release_Intel|x64.ActiveCfg = Release_Intel|x64
		{22484E13-ABE0-4594-BACF-C787613FDA26}.Release_Intel|x64.Build.0 = Release_Intel|x64
		{22484E13-ABE0-4594-BACF-C787613FDA26}.Release_Intel|x86.ActiveCfg = Release_Intel|Win32
		{22484E13-ABE0-4594-BACF-C787613FDA26}.Release_Intel|x86.Build.0 = Release_Intel|Win32
		{22484E13-ABE0-4594-BACF-C787613FDA26}.Release_THM|x64.ActiveCfg = Release_Intel|x64
		{22484E13-ABE0-4594-BACF-C787613FDA26}.Release_THM|x64.Build.0 = Release_Intel|x64
		{22484E13-ABE0-4594-BACF-C787613FDA26}.Release_THM|x86.ActiveCfg = Debug_Intel|Win32
		{22484E13-ABE0-4594-BACF-C787613FDA26}.Release_THM|x86.Build.0 = Debug_Intel|Win32
		{22484E13-ABE0-4594-BACF-C787613FDA26}.Release_VTUNE|x64.ActiveCfg = Release_VTUNE|x64
		{22484E13-ABE0-4594-BACF-C787613FDA26}.Release_VTUNE|x64.Build.0 = Release_VTUNE|x64
		{22484E13-ABE0-4594-BACF-C787613FDA26}.Release_VTUNE|x86.ActiveCfg = Release_VTUNE|Win32
		{22484E13-ABE0-4594-BACF-C787613FDA26}.Release_VTUNE|x86.Build.0 = Release_VTUNE|Win32
		{22484E13-ABE0-4594-BACF-C787613FDA26}.Release|x64.ActiveCfg = Release|x64
		{22484E13-ABE0-4594-BACF-C787613FDA26}.Release|x64.Build.0 = Release|x64
		{22484E13-ABE0-4594-BACF-C787613FDA26}.Release|x86.ActiveCfg = Release|Win32
		{22484E13-ABE0-4594-BACF-C787613FDA26}.Release|x86.Build.0 = Release|Win32
		{A67AEE55-E7E2-43DA-9BDB-548ACE4C595A}.Debug_HSW_Emu|x64.ActiveCfg = Debug_Intel|x64
		{A67AEE55-E7E2-43DA-9BDB-548ACE4C595A}.Debug_HSW_Emu|x64.Build.0 = Debug_Intel|x64
		{A67AEE55-E7E2-43DA-9BDB-548ACE4C595A}.Debug_HSW_Emu|x86.ActiveCfg = Debug_Intel|Win32
		{A67AEE55-E7E2-43DA-9BDB-548ACE4C595A}.Debug_HSW_Emu|x86.Build.0 = Debug_Intel|Win32
		{A67AEE55-E7E2-43DA-9BDB-548ACE4C595A}.Debug_Intel|x64.ActiveCfg = Debug_Intel|x64
		{A67AEE55-E7E2-43DA-9BDB-548ACE4C595A}.Debug_Intel|x64.Build.0 = Debug_Intel|x64
		{A67AEE55-E7E2-43DA-9BDB-548ACE4C595A}.Debug_Intel|x86.ActiveCfg = Debug_Intel|Win32
		{A67AEE55-E7E2-43DA-9BDB-548ACE4C595A}.Debug_Intel|x86.Build.0 = Debug_Intel|Win32
		{A67AEE55-E7E2-43DA-9BDB-548ACE4C595A}.Debug_THM|x64.ActiveCfg = Debug_Intel|x64
		{A67AEE55-E7E2-43DA-9BDB-548ACE4C595A}.Debug_THM|x64.Build.0 = Debug_Intel|x64
		{A67AEE55-E7E2-43DA-9BDB-548ACE4C595A}.Debug_THM|x86.ActiveCfg = Debug_Intel|Win32
		{A67AEE55-E7E2-43DA-9BDB-548ACE4C595A}.Debug_THM|x86.Build.0 = Debug_Intel|Win32
		{A67AEE55-E7E2-43DA-9BDB-548ACE4C595A}.Debug|x64.ActiveCfg = Debug|x64
		{A67AEE55-E7E2-43DA-9BDB-548ACE4C595A}.Debug|x64.Build.0 = Debug|x64
		{A67AEE55-E7E2-43DA-9BDB-548ACE4C595A}.Debug|x86.ActiveCfg = Debug|Win32
		{A67AEE55-E7E2-43DA-9BDB-548ACE4C595A}.Debug|x86.Build.0 = Debug|Win32
		{A67AEE55-E7E2-43DA-9BDB-548ACE4C595A}.Release_Intel|x64.ActiveCfg = Release_Intel|x64
		{A67AEE55-E7E2-43DA-9BDB-548ACE4C595A}.Release_Intel|x64.Build.0 = Release_Intel|x64
		{A67AEE55-E7E2-43DA-9BDB-548ACE4C595A}.Release_Intel|x86.ActiveCfg = Release_Intel|Win32
		{A67AEE55-E7E2-43DA-9BDB-548ACE4C595A}.Release_Intel|x86.Build.0 = Release_Intel|Win32
		{A67AEE55-E7E2-43DA-9BDB-548ACE4C595A}.Release_THM|x64.ActiveCfg = Release_Intel|x64
		{A67AEE55-E7E2-43DA-9BDB-548ACE4C595A}.Release_THM|x64.Build.0 = Release_Intel|x64
		{A67AEE55-E7E2-43DA-9BDB-548ACE4C595A}.Release_THM|x86.ActiveCfg = Debug_Intel|Win32
		{A67AEE55-E7E2-43DA-9BDB-548ACE4C595A}.Release_THM|x86.Build.0 = Debug_Intel|Win32
		{A67AEE55-E7E2-43DA-9BDB-548ACE4C595A}.Release_VTUNE|x64.ActiveCfg = Release_VTUNE|x64
		{A67AEE55-E7E2-43DA-9BDB-548ACE4C595A}.Release_VTUNE|x64.Build.0 = Release_VTUNE|x64
		{A67AEE55-E7E2-43DA-9BDB-548ACE4C595A}.Release_VTUNE|x86.ActiveCfg = Release_VTUNE|Win32
		{A67AEE55-E7E2-43DA-9BDB-548ACE4C595A}.Release_VTUNE|x86.Build.0 = Release_VTUNE|Win32
		{A67AEE55-E7E2-43DA-9BDB-548ACE4C595A}.Release|x64.ActiveCfg = Release|x64
		{A67AEE55-E7E2-43DA-9BDB-548ACE4C595A}.Release|x64.Build.0 = Release|x64
		{A67AEE55-E7E2-43DA-9BDB-548ACE4C595A}.Release|x86.ActiveCfg = Release|Win32
		{A67AEE55-E7E2-43DA-9BDB-548ACE4C595A}.Release|x86.Build.0 = Release|Win32
		{6EBB14F6-DCA0-485A-89F7-FE803B75D0B9}.Debug_HSW_Emu|x64.ActiveCfg = Debug_Intel|x64
		{6EBB14F6-DCA0-485A-89F7-FE803B75D0B9}.Debug_HSW_Emu|x64.Build.0 = Debug_Intel|x64
		{6EBB14F6-DCA0-485A-89F7-FE803B75D0B9}.Debug_HSW_Emu|x86.ActiveCfg = Debug_Intel|Win32
		{6EBB14F6-DCA0-485A-89F7-FE803B75D0B9}.Debug_HSW_Emu|x86.Build.0 = Debug_Intel|Win32
		{6EBB14F6-DCA0-485A-89F7-FE803B75D0B9}.Debug_Intel|x64.ActiveCfg = Debug_Intel|x64
		{6EBB14F6-DCA0-485A-89F7-FE803B75D0B9}.Debug_Intel|x64.Build.0 = Debug_Intel|x64
		{6EBB14F6-DCA0-485A-89F7-FE803B75D0B9}.Debug_Intel|x86.ActiveCfg = Debug_Intel|Win32
		{6EBB14F6-DCA0-485A-89F7-FE803B75D0B9}.Debug_Intel|x86.Build.0 = Debug_Intel|Win32
		{6EBB14F6-DCA0-485A-89F7-FE803B75D0B9}.Debug_THM|x64.ActiveCfg = Debug_Intel|x64
		{6EBB14F6-DCA0-485A-89F7-FE803B75D0B9}.Debug_THM|x64.Build.0 = Debug_Intel|x64
		{6EBB14F6-DCA0-485A-89F7-FE803B75D0B9}.Debug_THM|x86.ActiveCfg = Debug_Intel|Win32
		{6EBB14F6-DCA0-485A-89F7-FE803B75D0B9}.Debug_THM|x86.Build.0 = Debug_Intel|Win32
		{6EBB14F6-DCA0-485A-89F7-FE803B75D0B9}.Debug|x64.ActiveCfg = Debug|x64
		{6EBB14F6-DCA0-485A-89F7-FE803B75D0B9}.Debug|x64.Build.0 = Debug|x64
		{6EBB14F6-DCA0-485A-89F7-FE803B75D0B9}.Debug|x86.ActiveCfg = Debug|Win32
		{6EBB14F6-DCA0-485A-89F7-FE803B75D0B9}.Debug|x86.Build.0 = Debug|Win32
		{6EBB14F6-DCA0-485A-89F7-FE803B75D0B9}.Release_Intel|x64.ActiveCfg = Release_Intel|x64
		{6EBB14F6-DCA0-485A-89F7-FE803B75D0B9}.Release_Intel|x64.Build.0 = Release_Intel|x64
		{6EBB14F6-DCA0-485A-89F7-FE803B75D0B9}.Release_Intel|x86.ActiveCfg = Release_Intel|Win32
		{6EBB14F6-DCA0-485A-89F7-FE803B75D0B9}.Release_Intel|x86.Build.0 = Release_Intel|Win32
		{6EBB14F6-DCA0-485A-89F7-FE803B75D0B9}.Release_THM|x64.ActiveCfg = Release_Intel|x64
		{6EBB14F6-DCA0-485A-89F7-FE803B75D0B9}.Release_THM|x64.Build.0 = Release_Intel|x64
		{6EBB14F6-DCA0-485A-89F7-FE803B75D0B9}.Release_THM|x86.ActiveCfg = Debug_Intel|Win32
		{6EBB14F6-DCA0-485A-89F7-FE803B75D0B9}.Release_THM|x86.Build.0 = Debug_Intel|Win32
		{6EBB14F6-DCA0-485A-89F7-FE803B75D0B9}.Release_VTUNE|x64.ActiveCfg = Release_VTUNE|x64
		{6EBB14F6-DCA0-485A-89F7-FE803B75D0B9}.Release_VTUNE|x64.Build.0 = Release_VTUNE|x64
		{6EBB14F6-DCA0-485A-89F7-FE803B75D0B9}.Release_VTUNE|x86.ActiveCfg = Release_VTUNE|Win32
		{6EBB14F6-DCA0-485A-89F7-FE803B75D0B9}.Release_VTUNE|x86.Build.0 = Release_VTUNE|Win32
		{6EBB14F6-DCA0-485A-89F7-FE803B75D0B9}.Release|x64.ActiveCfg = Release|x64
		{6EBB14F6-DCA0-485A-89F7-FE803B75D0B9}.Release|x64.Build.0 = Release|x64
		{6EBB14F6-DCA0-485A-89F7-FE803B75D0B9}.Release|x86.ActiveCfg = Release|Win32
		{6EBB14F6-DCA0-485A-89F7-FE803B75D0B9}.Release|x86.Build.0 = Release|Win32
		{34ADEC07-FF4A-4CD0-B526-12BE7E40D321}.Debug_HSW_Emu|x64.ActiveCfg = Debug_HSW_Emu|x64
		{34ADEC07-FF4A-4CD0-B526-12BE7E40D321}.Debug_HSW_Emu|x64.Build.0 = Debug_HSW_Emu|x64
		{34ADEC07-FF4A-4CD0-B526-12BE7E40D321}.Debug_HSW_Emu|x86.ActiveCfg = Debug_HSW_Emu|Win32
		{34ADEC07-FF4A-4CD0-B526-12BE7E40D321}.Debug_HSW_Emu|x86.Build.0 = Debug_HSW_Emu|Win32
		{34ADEC07-FF4A-4CD0-B526-12BE7E40D321}.Debug_Intel|x64.ActiveCfg = Debug_Intel|x64
		{34ADEC07-FF4A-4CD0-B526-12BE7E40D321}.Debug_Intel|x64.Build.0 = Debug_Intel|x64
		{34ADEC07-FF4A-4CD0-B526-12BE7E40D321}.Debug_Intel|x86.ActiveCfg = Debug_Intel|Win32
		{34ADEC07-FF4A-4CD0-B526-12BE7E40D321}.Debug_Intel|x86.Build.0 = Debug_Intel|Win32
		{34ADEC07-FF4A-4CD0-B526-12BE7E40D321}.Debug_THM|x64.ActiveCfg = Debug_THM|x64
		{34ADEC07-FF4A-4CD0-B526-12BE7E40D321}.Debug_THM|x64.Build.0 = Debug_THM|x64
		{34ADEC07-FF4A-4CD0-B526-12BE7E40D321}.Debug_THM|x86.ActiveCfg = Debug_THM|Win32
		{34ADEC07-FF4A-4CD0-B526-12BE7E40D321}.Debug_THM|x86.Build.0 = Debug_THM|Win32
		{34ADEC07-FF4A-4CD0-B526-12BE7E40D321}.Debug|x64.ActiveCfg = Debug|x64
		{34ADEC07-FF4A-4CD0-B526-12BE7E40D321}.Debug|x64.Build.0 = Debug|x64
		{34ADEC07-FF4A-4CD0-B526-12BE7E40D321}.Debug|x86.ActiveCfg = Debug|Win32
		{34ADEC07-FF4A-4CD0-B526-12BE7E40D321}.Debug|x86.Build.0 = Debug|Win32
		{34ADEC07-FF4A-4CD0-B526-12BE7E40D321}.Release_Intel|x64.ActiveCfg = Release_Intel|x64
		{34ADEC07-FF4A-4CD0-B526-12BE7E40D321}.Release_Intel|x64.Build.0 = Release_Intel|x64
		{34ADEC07-FF4A-4CD0-B526-12BE7E40D321}.Release_Intel|x86.ActiveCfg = Release_Intel|Win32
		{34ADEC07-FF4A-4CD0-B526-12BE7E40D321}.Release_Intel|x86.Build.0 = Release_Intel|Win32
		{34ADEC07-FF4A-4CD0-B526-12BE7E40D321}.Release_THM|x64.ActiveCfg = Release_THM|x64
		{34ADEC07-FF4A-4CD0-B526-12BE7E40D321}.Release_THM|x64.Build.0 = Release_THM|x64
		{34ADEC07-FF4A-4CD0-B526-12BE7E40D321}.Release_THM|x86.ActiveCfg = Release_THM|Win32
		{34ADEC07-FF4A-4CD0-B526-12BE7E40D321}.Release_THM|x86.Build.0 = Release_THM|Win32
		{34ADEC07-FF4A-4CD0-B526-12BE7E40D321}.Release_VTUNE|x64.ActiveCfg = Release_VTUNE|x64
		{34ADEC07-FF4A-4CD0-B526-12BE7E40D321}.Release_VTUNE|x64.Build.0 = Release_VTUNE|x64
		{34ADEC07-FF4A-4CD0-B526-12BE7E40D321}.Release_VTUNE|x86.ActiveCfg = Release_VTUNE|Win32
		{34ADEC07-FF4A-4CD0-B526-12BE7E40D321}.Release_VTUNE|x86.Build.0 = Release_VTUNE|Win32
		{34ADEC07-FF4A-4CD0-B526-12BE7E40D321}.Release|x64.ActiveCfg = Release|x64
		{34ADEC07-FF4A-4CD0-B526-12BE7E40D321}.Release|x64.Build.0 = Release|x64
		{34ADEC07-FF4A-4CD0-B526-12BE7E40D321}.Release|x86.ActiveCfg = Release|Win32
		{34ADEC07-FF4A-4CD0-B526-12BE7E40D321}.Release|x86.Build.0 = Release|Win32
		{821C734C-1927-4C6F-80F7-37088A80D9E4}.Debug_HSW_Emu|x64.ActiveCfg = Debug_HSW_Emu|x64
		{821C734C-1927-4C6F-80F7-37088A80D9E4}.Debug_HSW_Emu|x64.Build.0 = Debug_HSW_Emu|x64
		{821C734C-1927-4C6F-80F7-37088A80D9E4}.Debug_HSW_Emu|x86.ActiveCfg = Debug_HSW_Emu|Win32
		{821C734C-1927-4C6F-80F7-37088A80D9E4}.Debug_HSW_Emu|x86.Build.0 = Debug_HSW_Emu|Win32
		{821C734C-1927-4C6F-80F7-37088A80D9E4}.Debug_Intel|x64.ActiveCfg = Debug_Intel|x64
		{821C734C-1927-4C6F-80F7-37088A80D9E4}.Debug_Intel|x64.Build.0 = Debug_Intel|x64
		{821C734C-1927-4C6F-80F7-37088A80D9E4}.Debug_Intel|x86.ActiveCfg = Debug_Intel|Win32
		{821C734C-1927-4C6F-80F7-37088A80D9E4}.Debug_Intel|x86.Build.0 = Debug_Intel|Win32
		{821C734C-1927-4C6F-80F7-37088A80D9E4}.Debug_THM|x64.ActiveCfg = Debug_THM|x64
		{821C734C-1927-4C6F-80F7-37088A80D9E4}.Debug_THM|x64.Build.0 = Debug_THM|x64
		{821C734C-1927-4C6F-80F7-37088A80D9E4}.Debug_THM|x86.ActiveCfg = Debug_THM|Win32
		{821C734C-1927-4C6F-80F7-37088A80D9E4}.Debug_THM|x86.Build.0 = Debug_THM|Win32
		{821C734C-1927-4C6F-80F7-37088A80D9E4}.Debug|x64.ActiveCfg = Debug|x64
		{821C734C-1927-4C6F-80F7-37088A80D9E4}.Debug|x64.Build.0 = Debug|x64
		{821C734C-1927-4C6F-80F7-37088A80D9E4}.Debug|x86.ActiveCfg = Debug|Win32
		{821C734C-1927-4C6F-80F7-37088A80D9E4}.Debug|x86.Build.0 = Debug|Win32
		{821C734C-1927-4C6F-80F7-37088A80D9E4}.Release_Intel|x64.ActiveCfg = Release_Intel|x64
		{821C734C-1927-4C6F-80F7-37088A80D9E4}.Release_Intel|x64.Build.0 = Release_Intel|x64
		{821C734C-1927-4C6F-80F7-37088A80D9E4}.Release_Intel|x86.ActiveCfg = Release_Intel|Win32
		{821C734C-1927-4C6F-80F7-37088A80D9E4}.Release_Intel|x86.Build.0 = Release_Intel|Win32
		{821C734C-1927-4C6F-80F7-37088A80D9E4}.Release_THM|x64.ActiveCfg = Release_THM|x64
		{821C734C-1927-4C6F-80F7-37088A80D9E4}.Release_THM|x64.Build.0 = Release_THM|x64
		{821C734C-1927-4C6F-80F7-37088A80D9E4}.Release_THM|x86.ActiveCfg = Release_THM|Win32
		{821C734C-1927-4C6F-80F7-37088A80D9E4}.Release_THM|x86.Build.0 = Release_THM|Win32
		{821C734C-1927-4C6F-80F7-37088A80D9E4}.Release_VTUNE|x64.ActiveCfg = Release_VTUNE|x64
		{821C734C-1927-4C6F-80F7-37088A80D9E4}.Release_VTUNE|x64.Build.0 = Release_VTUNE|x64
		{821C734C-1927-4C6F-80F7-37088A80D9E4}.Release_VTUNE|x86.ActiveCfg = Release_VTUNE|Win32
		{821C734C-1927-4C6F-80F7-37088A80D9E4}.Release_VTUNE|x86.Build.0 = Release_VTUNE|Win32
		{821C734C-1927-4C6F-80F7-37088A80D9E4}.Release|x64.ActiveCfg = Release|x64
		{821C734C-1927-4C6F-80F7-37088A80D9E4}.Release|x64.Build.0 = Release|x64
		{821C734C-1927-4C6F-80F7-37088A80D9E4}.Release|x86.ActiveCfg = Release|Win32
		{821C734C-1927-4C6F-80F7-37088A80D9E4}.Release|x86.Build.0 = Release|Win32
	EndGlobalSection
	GlobalSection(SolutionProperties) = preSolution
		HideSolutionNode = FALSE
	EndGlobalSection
	GlobalSection(NestedProjects) = preSolution
		{22484E13-ABE0-4594-BACF-C787613FDA26} = {0EAF09EF-9FDA-466F-9080-DF2DB4B51FFE}
		{A67AEE55-E7E2-43DA-9BDB-548ACE4C595A} = {0EAF09EF-9FDA-466F-9080-DF2DB4B51FFE}
		{6EBB14F6-DCA0-485A-89F7-FE803B75D0B9} = {0EAF09EF-9FDA-466F-9080-DF2DB4B51FFE}
	EndGlobalSection
	GlobalSection(ExtensibilityGlobals) = postSolution
		        SolutionGuid = {8F114757-961B-41E6-9343-B2EA49CA0954}
		SolutionGuid = {E1ED11EC-6FFB-4C47-A599-5C5B8018C633}
	EndGlobalSection
EndGlobal
