
Microsoft Visual Studio Solution File, Format Version 12.00
# Visual Studio 14
VisualStudioVersion = 14.0.25420.1
MinimumVisualStudioVersion = 10.0.40219.1
Project("{8BC9CEB8-8B4A-11D0-8D11-00A0C91BC942}") = "vm_plus", "..\..\..\..\_studio\shared\umc\core\vm_plus\vm_plus.vcxproj", "{04854E7F-2A17-4B40-A14F-4E1D9B1D4785}"
EndProject
Project("{8BC9CEB8-8B4A-11D0-8D11-00A0C91BC942}") = "vm", "..\..\..\..\_studio\shared\umc\core\vm\vm.vcxproj", "{D41D3178-5C65-4868-BDB1-42C44643274E}"
EndProject
Project("{8BC9CEB8-8B4A-11D0-8D11-00A0C91BC942}") = "gmock_main_vs2015", "..\..\..\..\..\mdp_msdk-contrib\gmock\msvc\2015\gmock_main.vcxproj", "{E4EF614B-30DF-4954-8C53-580A0BF6B589}"
EndProject
Project("{8BC9CEB8-8B4A-11D0-8D11-00A0C91BC942}") = "gmock_vs2015", "..\..\..\..\..\mdp_msdk-contrib\gmock\msvc\2015\gmock.vcxproj", "{34681F0D-CE45-415D-B5F2-5C662DFE3BD5}"
EndProject
Project("{8BC9CEB8-8B4A-11D0-8D11-00A0C91BC942}") = "mfx_common", "..\..\..\..\_studio\mfx_lib\shared\mfx_common.vcxproj", "{7929E69F-B47F-4A1E-A038-6BE3343CE855}"
EndProject
Project("{8BC9CEB8-8B4A-11D0-8D11-00A0C91BC942}") = "mfx_trace", "..\..\..\..\_studio\shared\mfx_trace\mfx_trace.vcxproj", "{FF93E15E-6A4A-4CC5-8D13-892FBBA5CC5F}"
EndProject
Project("{8BC9CEB8-8B4A-11D0-8D11-00A0C91BC942}") = "compare_struct", "compare_struct\compare_struct.vcxproj", "{D99166CA-233D-4E72-9E32-5F51D93584AA}"
EndProject
Global
	GlobalSection(SolutionConfigurationPlatforms) = preSolution
		Debug_THM|x64 = Debug_THM|x64
		Debug_THM|x86 = Debug_THM|x86
		Debug|x64 = Debug|x64
		Debug|x86 = Debug|x86
		Release_THM|x64 = Release_THM|x64
		Release_THM|x86 = Release_THM|x86
		Release|x64 = Release|x64
		Release|x86 = Release|x86
	EndGlobalSection
	GlobalSection(ProjectConfigurationPlatforms) = postSolution
		{04854E7F-2A17-4B40-A14F-4E1D9B1D4785}.Debug_THM|x64.ActiveCfg = Debug_THM|x64
		{04854E7F-2A17-4B40-A14F-4E1D9B1D4785}.Debug_THM|x64.Build.0 = Debug_THM|x64
		{04854E7F-2A17-4B40-A14F-4E1D9B1D4785}.Debug_THM|x86.ActiveCfg = Debug_THM|Win32
		{04854E7F-2A17-4B40-A14F-4E1D9B1D4785}.Debug_THM|x86.Build.0 = Debug_THM|Win32
		{04854E7F-2A17-4B40-A14F-4E1D9B1D4785}.Debug|x64.ActiveCfg = Debug|x64
		{04854E7F-2A17-4B40-A14F-4E1D9B1D4785}.Debug|x64.Build.0 = Debug|x64
		{04854E7F-2A17-4B40-A14F-4E1D9B1D4785}.Debug|x86.ActiveCfg = Debug|Win32
		{04854E7F-2A17-4B40-A14F-4E1D9B1D4785}.Debug|x86.Build.0 = Debug|Win32
		{04854E7F-2A17-4B40-A14F-4E1D9B1D4785}.Release_THM|x64.ActiveCfg = Release_THM|x64
		{04854E7F-2A17-4B40-A14F-4E1D9B1D4785}.Release_THM|x64.Build.0 = Release_THM|x64
		{04854E7F-2A17-4B40-A14F-4E1D9B1D4785}.Release_THM|x86.ActiveCfg = Release_THM|Win32
		{04854E7F-2A17-4B40-A14F-4E1D9B1D4785}.Release_THM|x86.Build.0 = Release_THM|Win32
		{04854E7F-2A17-4B40-A14F-4E1D9B1D4785}.Release|x64.ActiveCfg = Release|x64
		{04854E7F-2A17-4B40-A14F-4E1D9B1D4785}.Release|x64.Build.0 = Release|x64
		{04854E7F-2A17-4B40-A14F-4E1D9B1D4785}.Release|x86.ActiveCfg = Release|Win32
		{04854E7F-2A17-4B40-A14F-4E1D9B1D4785}.Release|x86.Build.0 = Release|Win32
		{D41D3178-5C65-4868-BDB1-42C44643274E}.Debug_THM|x64.ActiveCfg = Debug_THM|x64
		{D41D3178-5C65-4868-BDB1-42C44643274E}.Debug_THM|x64.Build.0 = Debug_THM|x64
		{D41D3178-5C65-4868-BDB1-42C44643274E}.Debug_THM|x86.ActiveCfg = Debug_THM|Win32
		{D41D3178-5C65-4868-BDB1-42C44643274E}.Debug_THM|x86.Build.0 = Debug_THM|Win32
		{D41D3178-5C65-4868-BDB1-42C44643274E}.Debug|x64.ActiveCfg = Debug|x64
		{D41D3178-5C65-4868-BDB1-42C44643274E}.Debug|x64.Build.0 = Debug|x64
		{D41D3178-5C65-4868-BDB1-42C44643274E}.Debug|x86.ActiveCfg = Debug|Win32
		{D41D3178-5C65-4868-BDB1-42C44643274E}.Debug|x86.Build.0 = Debug|Win32
		{D41D3178-5C65-4868-BDB1-42C44643274E}.Release_THM|x64.ActiveCfg = Release_THM|x64
		{D41D3178-5C65-4868-BDB1-42C44643274E}.Release_THM|x64.Build.0 = Release_THM|x64
		{D41D3178-5C65-4868-BDB1-42C44643274E}.Release_THM|x86.ActiveCfg = Release_THM|Win32
		{D41D3178-5C65-4868-BDB1-42C44643274E}.Release_THM|x86.Build.0 = Release_THM|Win32
		{D41D3178-5C65-4868-BDB1-42C44643274E}.Release|x64.ActiveCfg = Release|x64
		{D41D3178-5C65-4868-BDB1-42C44643274E}.Release|x64.Build.0 = Release|x64
		{D41D3178-5C65-4868-BDB1-42C44643274E}.Release|x86.ActiveCfg = Release|Win32
		{D41D3178-5C65-4868-BDB1-42C44643274E}.Release|x86.Build.0 = Release|Win32
		{E4EF614B-30DF-4954-8C53-580A0BF6B589}.Debug_THM|x64.ActiveCfg = Debug|x64
		{E4EF614B-30DF-4954-8C53-580A0BF6B589}.Debug_THM|x64.Build.0 = Debug|x64
		{E4EF614B-30DF-4954-8C53-580A0BF6B589}.Debug_THM|x86.ActiveCfg = Debug|Win32
		{E4EF614B-30DF-4954-8C53-580A0BF6B589}.Debug_THM|x86.Build.0 = Debug|Win32
		{E4EF614B-30DF-4954-8C53-580A0BF6B589}.Debug|x64.ActiveCfg = Debug|x64
		{E4EF614B-30DF-4954-8C53-580A0BF6B589}.Debug|x64.Build.0 = Debug|x64
		{E4EF614B-30DF-4954-8C53-580A0BF6B589}.Debug|x86.ActiveCfg = Debug|Win32
		{E4EF614B-30DF-4954-8C53-580A0BF6B589}.Debug|x86.Build.0 = Debug|Win32
		{E4EF614B-30DF-4954-8C53-580A0BF6B589}.Release_THM|x64.ActiveCfg = Release|x64
		{E4EF614B-30DF-4954-8C53-580A0BF6B589}.Release_THM|x64.Build.0 = Release|x64
		{E4EF614B-30DF-4954-8C53-580A0BF6B589}.Release_THM|x86.ActiveCfg = Release|Win32
		{E4EF614B-30DF-4954-8C53-580A0BF6B589}.Release_THM|x86.Build.0 = Release|Win32
		{E4EF614B-30DF-4954-8C53-580A0BF6B589}.Release|x64.ActiveCfg = Release|x64
		{E4EF614B-30DF-4954-8C53-580A0BF6B589}.Release|x64.Build.0 = Release|x64
		{E4EF614B-30DF-4954-8C53-580A0BF6B589}.Release|x86.ActiveCfg = Release|Win32
		{E4EF614B-30DF-4954-8C53-580A0BF6B589}.Release|x86.Build.0 = Release|Win32
		{34681F0D-CE45-415D-B5F2-5C662DFE3BD5}.Debug_THM|x64.ActiveCfg = Debug|x64
		{34681F0D-CE45-415D-B5F2-5C662DFE3BD5}.Debug_THM|x64.Build.0 = Debug|x64
		{34681F0D-CE45-415D-B5F2-5C662DFE3BD5}.Debug_THM|x86.ActiveCfg = Debug|Win32
		{34681F0D-CE45-415D-B5F2-5C662DFE3BD5}.Debug_THM|x86.Build.0 = Debug|Win32
		{34681F0D-CE45-415D-B5F2-5C662DFE3BD5}.Debug|x64.ActiveCfg = Debug|x64
		{34681F0D-CE45-415D-B5F2-5C662DFE3BD5}.Debug|x64.Build.0 = Debug|x64
		{34681F0D-CE45-415D-B5F2-5C662DFE3BD5}.Debug|x86.ActiveCfg = Debug|Win32
		{34681F0D-CE45-415D-B5F2-5C662DFE3BD5}.Debug|x86.Build.0 = Debug|Win32
		{34681F0D-CE45-415D-B5F2-5C662DFE3BD5}.Release_THM|x64.ActiveCfg = Release|x64
		{34681F0D-CE45-415D-B5F2-5C662DFE3BD5}.Release_THM|x64.Build.0 = Release|x64
		{34681F0D-CE45-415D-B5F2-5C662DFE3BD5}.Release_THM|x86.ActiveCfg = Release|Win32
		{34681F0D-CE45-415D-B5F2-5C662DFE3BD5}.Release_THM|x86.Build.0 = Release|Win32
		{34681F0D-CE45-415D-B5F2-5C662DFE3BD5}.Release|x64.ActiveCfg = Release|x64
		{34681F0D-CE45-415D-B5F2-5C662DFE3BD5}.Release|x64.Build.0 = Release|x64
		{34681F0D-CE45-415D-B5F2-5C662DFE3BD5}.Release|x86.ActiveCfg = Release|Win32
		{34681F0D-CE45-415D-B5F2-5C662DFE3BD5}.Release|x86.Build.0 = Release|Win32
		{7929E69F-B47F-4A1E-A038-6BE3343CE855}.Debug_THM|x64.ActiveCfg = Debug_THM|x64
		{7929E69F-B47F-4A1E-A038-6BE3343CE855}.Debug_THM|x64.Build.0 = Debug_THM|x64
		{7929E69F-B47F-4A1E-A038-6BE3343CE855}.Debug_THM|x86.ActiveCfg = Debug_THM|Win32
		{7929E69F-B47F-4A1E-A038-6BE3343CE855}.Debug_THM|x86.Build.0 = Debug_THM|Win32
		{7929E69F-B47F-4A1E-A038-6BE3343CE855}.Debug|x64.ActiveCfg = Debug|x64
		{7929E69F-B47F-4A1E-A038-6BE3343CE855}.Debug|x64.Build.0 = Debug|x64
		{7929E69F-B47F-4A1E-A038-6BE3343CE855}.Debug|x86.ActiveCfg = Debug|Win32
		{7929E69F-B47F-4A1E-A038-6BE3343CE855}.Debug|x86.Build.0 = Debug|Win32
		{7929E69F-B47F-4A1E-A038-6BE3343CE855}.Release_THM|x64.ActiveCfg = Release_THM|x64
		{7929E69F-B47F-4A1E-A038-6BE3343CE855}.Release_THM|x64.Build.0 = Release_THM|x64
		{7929E69F-B47F-4A1E-A038-6BE3343CE855}.Release_THM|x86.ActiveCfg = Release_THM|Win32
		{7929E69F-B47F-4A1E-A038-6BE3343CE855}.Release_THM|x86.Build.0 = Release_THM|Win32
		{7929E69F-B47F-4A1E-A038-6BE3343CE855}.Release|x64.ActiveCfg = Release|x64
		{7929E69F-B47F-4A1E-A038-6BE3343CE855}.Release|x64.Build.0 = Release|x64
		{7929E69F-B47F-4A1E-A038-6BE3343CE855}.Release|x86.ActiveCfg = Release|Win32
		{7929E69F-B47F-4A1E-A038-6BE3343CE855}.Release|x86.Build.0 = Release|Win32
		{FF93E15E-6A4A-4CC5-8D13-892FBBA5CC5F}.Debug_THM|x64.ActiveCfg = Debug_THM|x64
		{FF93E15E-6A4A-4CC5-8D13-892FBBA5CC5F}.Debug_THM|x64.Build.0 = Debug_THM|x64
		{FF93E15E-6A4A-4CC5-8D13-892FBBA5CC5F}.Debug_THM|x86.ActiveCfg = Debug_THM|Win32
		{FF93E15E-6A4A-4CC5-8D13-892FBBA5CC5F}.Debug_THM|x86.Build.0 = Debug_THM|Win32
		{FF93E15E-6A4A-4CC5-8D13-892FBBA5CC5F}.Debug|x64.ActiveCfg = Debug|x64
		{FF93E15E-6A4A-4CC5-8D13-892FBBA5CC5F}.Debug|x64.Build.0 = Debug|x64
		{FF93E15E-6A4A-4CC5-8D13-892FBBA5CC5F}.Debug|x86.ActiveCfg = Debug|Win32
		{FF93E15E-6A4A-4CC5-8D13-892FBBA5CC5F}.Debug|x86.Build.0 = Debug|Win32
		{FF93E15E-6A4A-4CC5-8D13-892FBBA5CC5F}.Release_THM|x64.ActiveCfg = Release_THM|x64
		{FF93E15E-6A4A-4CC5-8D13-892FBBA5CC5F}.Release_THM|x64.Build.0 = Release_THM|x64
		{FF93E15E-6A4A-4CC5-8D13-892FBBA5CC5F}.Release_THM|x86.ActiveCfg = Release_THM|Win32
		{FF93E15E-6A4A-4CC5-8D13-892FBBA5CC5F}.Release_THM|x86.Build.0 = Release_THM|Win32
		{FF93E15E-6A4A-4CC5-8D13-892FBBA5CC5F}.Release|x64.ActiveCfg = Release|x64
		{FF93E15E-6A4A-4CC5-8D13-892FBBA5CC5F}.Release|x64.Build.0 = Release|x64
		{FF93E15E-6A4A-4CC5-8D13-892FBBA5CC5F}.Release|x86.ActiveCfg = Release|Win32
		{FF93E15E-6A4A-4CC5-8D13-892FBBA5CC5F}.Release|x86.Build.0 = Release|Win32
		{D99166CA-233D-4E72-9E32-5F51D93584AA}.Debug_THM|x64.ActiveCfg = Debug|x64
		{D99166CA-233D-4E72-9E32-5F51D93584AA}.Debug_THM|x64.Build.0 = Debug|x64
		{D99166CA-233D-4E72-9E32-5F51D93584AA}.Debug_THM|x86.ActiveCfg = Debug|Win32
		{D99166CA-233D-4E72-9E32-5F51D93584AA}.Debug_THM|x86.Build.0 = Debug|Win32
		{D99166CA-233D-4E72-9E32-5F51D93584AA}.Debug|x64.ActiveCfg = Debug|x64
		{D99166CA-233D-4E72-9E32-5F51D93584AA}.Debug|x64.Build.0 = Debug|x64
		{D99166CA-233D-4E72-9E32-5F51D93584AA}.Debug|x86.ActiveCfg = Debug|Win32
		{D99166CA-233D-4E72-9E32-5F51D93584AA}.Debug|x86.Build.0 = Debug|Win32
		{D99166CA-233D-4E72-9E32-5F51D93584AA}.Release_THM|x64.ActiveCfg = Release|x64
		{D99166CA-233D-4E72-9E32-5F51D93584AA}.Release_THM|x64.Build.0 = Release|x64
		{D99166CA-233D-4E72-9E32-5F51D93584AA}.Release_THM|x86.ActiveCfg = Release|Win32
		{D99166CA-233D-4E72-9E32-5F51D93584AA}.Release_THM|x86.Build.0 = Release|Win32
		{D99166CA-233D-4E72-9E32-5F51D93584AA}.Release|x64.ActiveCfg = Release|x64
		{D99166CA-233D-4E72-9E32-5F51D93584AA}.Release|x64.Build.0 = Release|x64
		{D99166CA-233D-4E72-9E32-5F51D93584AA}.Release|x86.ActiveCfg = Release|Win32
		{D99166CA-233D-4E72-9E32-5F51D93584AA}.Release|x86.Build.0 = Release|Win32
	EndGlobalSection
	GlobalSection(SolutionProperties) = preSolution
		HideSolutionNode = FALSE
	EndGlobalSection
EndGlobal
